// !$*UTF8*$!
{
	archiveVersion = 1;
	classes = {
	};
	objectVersion = 46;
	objects = {

/* Begin PBXBuildFile section */
		8901BAF61C111DBF004F7E81 /* AssetsLibrary.framework in Frameworks */ = {isa = PBXBuildFile; fileRef = 8901BAF51C111DBF004F7E81 /* AssetsLibrary.framework */; };
		8901BAF81C111EDA004F7E81 /* Photos.framework in Frameworks */ = {isa = PBXBuildFile; fileRef = 8901BAF71C111EDA004F7E81 /* Photos.framework */; };
		893FC0811C25632100BA59BD /* CoreFMDB.m in Sources */ = {isa = PBXBuildFile; fileRef = 893FC06E1C25632100BA59BD /* CoreFMDB.m */; };
		893FC0821C25632100BA59BD /* NSString+CoreFMDB.m in Sources */ = {isa = PBXBuildFile; fileRef = 893FC0721C25632100BA59BD /* NSString+CoreFMDB.m */; };
		893FC0831C25632100BA59BD /* FMDatabase.m in Sources */ = {isa = PBXBuildFile; fileRef = 893FC0751C25632100BA59BD /* FMDatabase.m */; };
		893FC0841C25632100BA59BD /* FMDatabaseAdditions.m in Sources */ = {isa = PBXBuildFile; fileRef = 893FC0771C25632100BA59BD /* FMDatabaseAdditions.m */; };
		893FC0851C25632100BA59BD /* FMDatabasePool.m in Sources */ = {isa = PBXBuildFile; fileRef = 893FC0791C25632100BA59BD /* FMDatabasePool.m */; };
		893FC0861C25632100BA59BD /* FMDatabaseQueue.m in Sources */ = {isa = PBXBuildFile; fileRef = 893FC07B1C25632100BA59BD /* FMDatabaseQueue.m */; };
		893FC0871C25632100BA59BD /* FMResultSet.m in Sources */ = {isa = PBXBuildFile; fileRef = 893FC07E1C25632100BA59BD /* FMResultSet.m */; };
		89551FDE1CB0A8EB00305B24 /* CoreModel.m in Sources */ = {isa = PBXBuildFile; fileRef = 89551FB11CB0A8EB00305B24 /* CoreModel.m */; };
		89551FDF1CB0A8EB00305B24 /* NSArray+CoreModel.m in Sources */ = {isa = PBXBuildFile; fileRef = 89551FB61CB0A8EB00305B24 /* NSArray+CoreModel.m */; };
		89551FE01CB0A8EB00305B24 /* NSDictionary+Sqlite.m in Sources */ = {isa = PBXBuildFile; fileRef = 89551FB91CB0A8EB00305B24 /* NSDictionary+Sqlite.m */; };
		89551FE11CB0A8EB00305B24 /* CoreModel+Cache.m in Sources */ = {isa = PBXBuildFile; fileRef = 89551FBC1CB0A8EB00305B24 /* CoreModel+Cache.m */; };
		89551FE21CB0A8EB00305B24 /* NSObject+CoreModelCommon.m in Sources */ = {isa = PBXBuildFile; fileRef = 89551FBE1CB0A8EB00305B24 /* NSObject+CoreModelCommon.m */; };
		89551FE31CB0A8EB00305B24 /* NSObject+Create.m in Sources */ = {isa = PBXBuildFile; fileRef = 89551FC01CB0A8EB00305B24 /* NSObject+Create.m */; };
		89551FE41CB0A8EB00305B24 /* NSObject+Delete.m in Sources */ = {isa = PBXBuildFile; fileRef = 89551FC21CB0A8EB00305B24 /* NSObject+Delete.m */; };
		89551FE51CB0A8EB00305B24 /* NSObject+Insert.m in Sources */ = {isa = PBXBuildFile; fileRef = 89551FC41CB0A8EB00305B24 /* NSObject+Insert.m */; };
		89551FE61CB0A8EB00305B24 /* NSObject+Save.m in Sources */ = {isa = PBXBuildFile; fileRef = 89551FC61CB0A8EB00305B24 /* NSObject+Save.m */; };
		89551FE71CB0A8EB00305B24 /* NSObject+Select.m in Sources */ = {isa = PBXBuildFile; fileRef = 89551FC81CB0A8EB00305B24 /* NSObject+Select.m */; };
		89551FE81CB0A8EB00305B24 /* NSObject+Update.m in Sources */ = {isa = PBXBuildFile; fileRef = 89551FCA1CB0A8EB00305B24 /* NSObject+Update.m */; };
		89551FE91CB0A8EB00305B24 /* NSOperationQueue+Queue.m in Sources */ = {isa = PBXBuildFile; fileRef = 89551FCD1CB0A8EB00305B24 /* NSOperationQueue+Queue.m */; };
		89551FEA1CB0A8EB00305B24 /* NSString+Stackoverflow.m in Sources */ = {isa = PBXBuildFile; fileRef = 89551FD01CB0A8EB00305B24 /* NSString+Stackoverflow.m */; };
		89551FEB1CB0A8EB00305B24 /* CoreModelConst.m in Sources */ = {isa = PBXBuildFile; fileRef = 89551FD31CB0A8EB00305B24 /* CoreModelConst.m */; };
		89551FEC1CB0A8EB00305B24 /* CoreProperty.m in Sources */ = {isa = PBXBuildFile; fileRef = 89551FD91CB0A8EB00305B24 /* CoreProperty.m */; };
		89551FED1CB0A8EB00305B24 /* NSObject+Runtime.m in Sources */ = {isa = PBXBuildFile; fileRef = 89551FDB1CB0A8EB00305B24 /* NSObject+Runtime.m */; };
		89551FF01CB0A9D900305B24 /* CoreModel+CoreListCompare.m in Sources */ = {isa = PBXBuildFile; fileRef = 89551FEF1CB0A9D900305B24 /* CoreModel+CoreListCompare.m */; };
		89551FF61CB0AA4E00305B24 /* CoreModel+CoreListCache.m in Sources */ = {isa = PBXBuildFile; fileRef = 89551FF51CB0AA4E00305B24 /* CoreModel+CoreListCache.m */; };
		895520241CB0B2AF00305B24 /* MJRefreshAutoFooter.m in Sources */ = {isa = PBXBuildFile; fileRef = 89551FFA1CB0B2AF00305B24 /* MJRefreshAutoFooter.m */; };
		895520251CB0B2AF00305B24 /* MJRefreshBackFooter.m in Sources */ = {isa = PBXBuildFile; fileRef = 89551FFC1CB0B2AF00305B24 /* MJRefreshBackFooter.m */; };
		895520261CB0B2AF00305B24 /* MJRefreshComponent.m in Sources */ = {isa = PBXBuildFile; fileRef = 89551FFE1CB0B2AF00305B24 /* MJRefreshComponent.m */; };
		895520271CB0B2AF00305B24 /* MJRefreshFooter.m in Sources */ = {isa = PBXBuildFile; fileRef = 895520001CB0B2AF00305B24 /* MJRefreshFooter.m */; };
		895520281CB0B2AF00305B24 /* MJRefreshHeader.m in Sources */ = {isa = PBXBuildFile; fileRef = 895520021CB0B2AF00305B24 /* MJRefreshHeader.m */; };
		895520291CB0B2AF00305B24 /* MJRefreshAutoGifFooter.m in Sources */ = {isa = PBXBuildFile; fileRef = 895520071CB0B2AF00305B24 /* MJRefreshAutoGifFooter.m */; };
		8955202A1CB0B2AF00305B24 /* MJRefreshAutoNormalFooter.m in Sources */ = {isa = PBXBuildFile; fileRef = 895520091CB0B2AF00305B24 /* MJRefreshAutoNormalFooter.m */; };
		8955202B1CB0B2AF00305B24 /* MJRefreshAutoStateFooter.m in Sources */ = {isa = PBXBuildFile; fileRef = 8955200B1CB0B2AF00305B24 /* MJRefreshAutoStateFooter.m */; };
		8955202C1CB0B2AF00305B24 /* MJRefreshBackGifFooter.m in Sources */ = {isa = PBXBuildFile; fileRef = 8955200E1CB0B2AF00305B24 /* MJRefreshBackGifFooter.m */; };
		8955202D1CB0B2AF00305B24 /* MJRefreshBackNormalFooter.m in Sources */ = {isa = PBXBuildFile; fileRef = 895520101CB0B2AF00305B24 /* MJRefreshBackNormalFooter.m */; };
		8955202E1CB0B2AF00305B24 /* MJRefreshBackStateFooter.m in Sources */ = {isa = PBXBuildFile; fileRef = 895520121CB0B2AF00305B24 /* MJRefreshBackStateFooter.m */; };
		8955202F1CB0B2AF00305B24 /* MJRefreshGifHeader.m in Sources */ = {isa = PBXBuildFile; fileRef = 895520151CB0B2AF00305B24 /* MJRefreshGifHeader.m */; };
		895520301CB0B2AF00305B24 /* MJRefreshNormalHeader.m in Sources */ = {isa = PBXBuildFile; fileRef = 895520171CB0B2AF00305B24 /* MJRefreshNormalHeader.m */; };
		895520311CB0B2AF00305B24 /* MJRefreshStateHeader.m in Sources */ = {isa = PBXBuildFile; fileRef = 895520191CB0B2AF00305B24 /* MJRefreshStateHeader.m */; };
		895520321CB0B2AF00305B24 /* MJRefresh.bundle in Resources */ = {isa = PBXBuildFile; fileRef = 8955201A1CB0B2AF00305B24 /* MJRefresh.bundle */; };
		895520331CB0B2AF00305B24 /* MJRefreshConst.m in Sources */ = {isa = PBXBuildFile; fileRef = 8955201D1CB0B2AF00305B24 /* MJRefreshConst.m */; };
		895520341CB0B2AF00305B24 /* UIScrollView+MJExtension.m in Sources */ = {isa = PBXBuildFile; fileRef = 8955201F1CB0B2AF00305B24 /* UIScrollView+MJExtension.m */; };
		895520351CB0B2AF00305B24 /* UIScrollView+MJRefresh.m in Sources */ = {isa = PBXBuildFile; fileRef = 895520211CB0B2AF00305B24 /* UIScrollView+MJRefresh.m */; };
		895520361CB0B2AF00305B24 /* UIView+MJExtension.m in Sources */ = {isa = PBXBuildFile; fileRef = 895520231CB0B2AF00305B24 /* UIView+MJExtension.m */; };
		897883DB1B21983C00033B01 /* CoreStatus.m in Sources */ = {isa = PBXBuildFile; fileRef = 897883D71B21983C00033B01 /* CoreStatus.m */; };
		897883DC1B21983C00033B01 /* Reachability.m in Sources */ = {isa = PBXBuildFile; fileRef = 897883DA1B21983C00033B01 /* Reachability.m */; };
		897884821B219B3D00033B01 /* libsqlite3.dylib in Frameworks */ = {isa = PBXBuildFile; fileRef = 897884811B219B3D00033B01 /* libsqlite3.dylib */; };
		8983744A1C6E0D6000ABC0CA /* CoreHttp.m in Sources */ = {isa = PBXBuildFile; fileRef = 8983743B1C6E0D6000ABC0CA /* CoreHttp.m */; };
		8983744B1C6E0D6000ABC0CA /* NSString+CoreHttp.m in Sources */ = {isa = PBXBuildFile; fileRef = 8983743E1C6E0D6000ABC0CA /* NSString+CoreHttp.m */; };
		8983744C1C6E0D6000ABC0CA /* NSData+MimeType.m in Sources */ = {isa = PBXBuildFile; fileRef = 898374411C6E0D6000ABC0CA /* NSData+MimeType.m */; };
		8983744D1C6E0D6000ABC0CA /* NSData+Param.m in Sources */ = {isa = PBXBuildFile; fileRef = 898374431C6E0D6000ABC0CA /* NSData+Param.m */; };
		8983744E1C6E0D6000ABC0CA /* NSString+File.m in Sources */ = {isa = PBXBuildFile; fileRef = 898374451C6E0D6000ABC0CA /* NSString+File.m */; };
		8983744F1C6E0D6000ABC0CA /* NSURL+File.m in Sources */ = {isa = PBXBuildFile; fileRef = 898374471C6E0D6000ABC0CA /* NSURL+File.m */; };
		898374501C6E0D6000ABC0CA /* UploadFile.m in Sources */ = {isa = PBXBuildFile; fileRef = 898374491C6E0D6000ABC0CA /* UploadFile.m */; };
		898A62111BA27D760098A0AD /* NewsListModel.m in Sources */ = {isa = PBXBuildFile; fileRef = 898A62001BA27D760098A0AD /* NewsListModel.m */; };
		898A62131BA27D760098A0AD /* NewsListCell.xib in Resources */ = {isa = PBXBuildFile; fileRef = 898A62041BA27D760098A0AD /* NewsListCell.xib */; };
		898A62151BA27D760098A0AD /* TGModel.m in Sources */ = {isa = PBXBuildFile; fileRef = 898A620B1BA27D760098A0AD /* TGModel.m */; };
		898A62171BA27D760098A0AD /* TGCell.xib in Resources */ = {isa = PBXBuildFile; fileRef = 898A620F1BA27D760098A0AD /* TGCell.xib */; };
		899155291C5F6ED200D3566B /* CoreListVCNeedRefreshNotiModel.m in Sources */ = {isa = PBXBuildFile; fileRef = 899155281C5F6ED200D3566B /* CoreListVCNeedRefreshNotiModel.m */; };
		89A7E6A61C47C4B60057AEEF /* CoreListCollectionViewController.m in Sources */ = {isa = PBXBuildFile; fileRef = 89A7E6731C47C4B60057AEEF /* CoreListCollectionViewController.m */; };
		89A7E6A71C47C4B60057AEEF /* CoreListTableViewController.m in Sources */ = {isa = PBXBuildFile; fileRef = 89A7E6751C47C4B60057AEEF /* CoreListTableViewController.m */; };
		89A7E6A81C47C4B60057AEEF /* NSArray+CoreListExtend.m in Sources */ = {isa = PBXBuildFile; fileRef = 89A7E6791C47C4B60057AEEF /* NSArray+CoreListExtend.m */; };
		89A7E6A91C47C4B60057AEEF /* NSString+Equal.m in Sources */ = {isa = PBXBuildFile; fileRef = 89A7E67B1C47C4B60057AEEF /* NSString+Equal.m */; };
		89A7E6AA1C47C4B60057AEEF /* UIView+CoreListLayout.m in Sources */ = {isa = PBXBuildFile; fileRef = 89A7E67D1C47C4B60057AEEF /* UIView+CoreListLayout.m */; };
		89A7E6AB1C47C4B60057AEEF /* CoreListCommonVC+BackBtn.m in Sources */ = {isa = PBXBuildFile; fileRef = 89A7E6821C47C4B60057AEEF /* CoreListCommonVC+BackBtn.m */; };
		89A7E6AC1C47C4B60057AEEF /* CoreListCommonVC+Data.m in Sources */ = {isa = PBXBuildFile; fileRef = 89A7E6841C47C4B60057AEEF /* CoreListCommonVC+Data.m */; };
		89A7E6AD1C47C4B60057AEEF /* CoreListCommonVC+LifeFunc.m in Sources */ = {isa = PBXBuildFile; fileRef = 89A7E6861C47C4B60057AEEF /* CoreListCommonVC+LifeFunc.m */; };
		89A7E6AE1C47C4B60057AEEF /* CoreListCommonVC+Main.m in Sources */ = {isa = PBXBuildFile; fileRef = 89A7E6881C47C4B60057AEEF /* CoreListCommonVC+Main.m */; };
		89A7E6AF1C47C4B60057AEEF /* CoreListCommonVC+Reachability.m in Sources */ = {isa = PBXBuildFile; fileRef = 89A7E68A1C47C4B60057AEEF /* CoreListCommonVC+Reachability.m */; };
		89A7E6B01C47C4B60057AEEF /* CoreListCommonVC+Refresh.m in Sources */ = {isa = PBXBuildFile; fileRef = 89A7E68C1C47C4B60057AEEF /* CoreListCommonVC+Refresh.m */; };
		89A7E6B11C47C4B60057AEEF /* CoreListCommonVC+ScrollView.m in Sources */ = {isa = PBXBuildFile; fileRef = 89A7E68E1C47C4B60057AEEF /* CoreListCommonVC+ScrollView.m */; };
		89A7E6B21C47C4B60057AEEF /* CoreListCommonVC.m in Sources */ = {isa = PBXBuildFile; fileRef = 89A7E6901C47C4B60057AEEF /* CoreListCommonVC.m */; };
		89A7E6B31C47C4B60057AEEF /* CLWaterflowLayout.m in Sources */ = {isa = PBXBuildFile; fileRef = 89A7E6941C47C4B60057AEEF /* CLWaterflowLayout.m */; };
		89A7E6B41C47C4B60057AEEF /* CoreListModel.m in Sources */ = {isa = PBXBuildFile; fileRef = 89A7E6971C47C4B60057AEEF /* CoreListModel.m */; };
		89A7E6B51C47C4B60057AEEF /* CoreList.bundle in Resources */ = {isa = PBXBuildFile; fileRef = 89A7E69B1C47C4B60057AEEF /* CoreList.bundle */; };
		89A7E6B61C47C4B60057AEEF /* CoreListCollectionViewCell.m in Sources */ = {isa = PBXBuildFile; fileRef = 89A7E6A11C47C4B60057AEEF /* CoreListCollectionViewCell.m */; };
		89A7E6B71C47C4B60057AEEF /* CoreListTableViewCell.m in Sources */ = {isa = PBXBuildFile; fileRef = 89A7E6A51C47C4B60057AEEF /* CoreListTableViewCell.m */; };
		89DCDC0B1C3947F300CE7E8F /* NewsListCell.swift in Sources */ = {isa = PBXBuildFile; fileRef = 89DCDC0A1C3947F300CE7E8F /* NewsListCell.swift */; };
		89DCDC0E1C39497200CE7E8F /* NewsListVC.swift in Sources */ = {isa = PBXBuildFile; fileRef = 89DCDC0D1C39497200CE7E8F /* NewsListVC.swift */; };
		89F0ABDB1C39FBCB003BF291 /* TGListCVC.swift in Sources */ = {isa = PBXBuildFile; fileRef = 89F0ABDA1C39FBCB003BF291 /* TGListCVC.swift */; };
		89F0ABDD1C39FCAA003BF291 /* TGCell.swift in Sources */ = {isa = PBXBuildFile; fileRef = 89F0ABDC1C39FCAA003BF291 /* TGCell.swift */; };
		89F7F7051C6E1B63009716BE /* CoreListMessageView.m in Sources */ = {isa = PBXBuildFile; fileRef = 89F7F7031C6E1B63009716BE /* CoreListMessageView.m */; };
		89F7F7061C6E1B63009716BE /* CoreListMessageView.xib in Resources */ = {isa = PBXBuildFile; fileRef = 89F7F7041C6E1B63009716BE /* CoreListMessageView.xib */; };
		89F9990B1C12F7DE00DA2DC8 /* MJDictionaryCache.m in Sources */ = {isa = PBXBuildFile; fileRef = 89F998F51C12F7DE00DA2DC8 /* MJDictionaryCache.m */; };
		89F9990C1C12F7DE00DA2DC8 /* MJExtensionConst.m in Sources */ = {isa = PBXBuildFile; fileRef = 89F998F81C12F7DE00DA2DC8 /* MJExtensionConst.m */; };
		89F9990D1C12F7DE00DA2DC8 /* MJFoundation.m in Sources */ = {isa = PBXBuildFile; fileRef = 89F998FA1C12F7DE00DA2DC8 /* MJFoundation.m */; };
		89F9990E1C12F7DE00DA2DC8 /* MJProperty.m in Sources */ = {isa = PBXBuildFile; fileRef = 89F998FC1C12F7DE00DA2DC8 /* MJProperty.m */; };
		89F9990F1C12F7DE00DA2DC8 /* MJPropertyKey.m in Sources */ = {isa = PBXBuildFile; fileRef = 89F998FE1C12F7DE00DA2DC8 /* MJPropertyKey.m */; };
		89F999101C12F7DE00DA2DC8 /* MJPropertyType.m in Sources */ = {isa = PBXBuildFile; fileRef = 89F999001C12F7DE00DA2DC8 /* MJPropertyType.m */; };
		89F999111C12F7DE00DA2DC8 /* NSObject+MJClass.m in Sources */ = {isa = PBXBuildFile; fileRef = 89F999021C12F7DE00DA2DC8 /* NSObject+MJClass.m */; };
		89F999121C12F7DE00DA2DC8 /* NSObject+MJCoding.m in Sources */ = {isa = PBXBuildFile; fileRef = 89F999041C12F7DE00DA2DC8 /* NSObject+MJCoding.m */; };
		89F999131C12F7DE00DA2DC8 /* NSObject+MJKeyValue.m in Sources */ = {isa = PBXBuildFile; fileRef = 89F999061C12F7DE00DA2DC8 /* NSObject+MJKeyValue.m */; };
		89F999141C12F7DE00DA2DC8 /* NSObject+MJProperty.m in Sources */ = {isa = PBXBuildFile; fileRef = 89F999081C12F7DE00DA2DC8 /* NSObject+MJProperty.m */; };
		89F999151C12F7DE00DA2DC8 /* NSString+MJExtension.m in Sources */ = {isa = PBXBuildFile; fileRef = 89F9990A1C12F7DE00DA2DC8 /* NSString+MJExtension.m */; };
		EE5839B71AB9953A00516AC1 /* main.m in Sources */ = {isa = PBXBuildFile; fileRef = EE5839B61AB9953A00516AC1 /* main.m */; };
		EE5839BA1AB9953A00516AC1 /* AppDelegate.m in Sources */ = {isa = PBXBuildFile; fileRef = EE5839B91AB9953A00516AC1 /* AppDelegate.m */; };
		EE5839BD1AB9953A00516AC1 /* ViewController.m in Sources */ = {isa = PBXBuildFile; fileRef = EE5839BC1AB9953A00516AC1 /* ViewController.m */; };
		EE5839C01AB9953A00516AC1 /* Main.storyboard in Resources */ = {isa = PBXBuildFile; fileRef = EE5839BE1AB9953A00516AC1 /* Main.storyboard */; };
		EE5839C21AB9953A00516AC1 /* Images.xcassets in Resources */ = {isa = PBXBuildFile; fileRef = EE5839C11AB9953A00516AC1 /* Images.xcassets */; };
		EE5839C51AB9953A00516AC1 /* LaunchScreen.xib in Resources */ = {isa = PBXBuildFile; fileRef = EE5839C31AB9953A00516AC1 /* LaunchScreen.xib */; };
		EE5839D11AB9953A00516AC1 /* CoreListTests.m in Sources */ = {isa = PBXBuildFile; fileRef = EE5839D01AB9953A00516AC1 /* CoreListTests.m */; };
/* End PBXBuildFile section */

/* Begin PBXContainerItemProxy section */
		EE5839CB1AB9953A00516AC1 /* PBXContainerItemProxy */ = {
			isa = PBXContainerItemProxy;
			containerPortal = EE5839A91AB9953A00516AC1 /* Project object */;
			proxyType = 1;
			remoteGlobalIDString = EE5839B01AB9953A00516AC1;
			remoteInfo = CoreList;
		};
/* End PBXContainerItemProxy section */

/* Begin PBXFileReference section */
		8901BAF51C111DBF004F7E81 /* AssetsLibrary.framework */ = {isa = PBXFileReference; lastKnownFileType = wrapper.framework; name = AssetsLibrary.framework; path = System/Library/Frameworks/AssetsLibrary.framework; sourceTree = SDKROOT; };
		8901BAF71C111EDA004F7E81 /* Photos.framework */ = {isa = PBXFileReference; lastKnownFileType = wrapper.framework; name = Photos.framework; path = System/Library/Frameworks/Photos.framework; sourceTree = SDKROOT; };
		893FC06D1C25632100BA59BD /* CoreFMDB.h */ = {isa = PBXFileReference; fileEncoding = 4; lastKnownFileType = sourcecode.c.h; path = CoreFMDB.h; sourceTree = "<group>"; };
		893FC06E1C25632100BA59BD /* CoreFMDB.m */ = {isa = PBXFileReference; fileEncoding = 4; lastKnownFileType = sourcecode.c.objc; path = CoreFMDB.m; sourceTree = "<group>"; };
		893FC0711C25632100BA59BD /* NSString+CoreFMDB.h */ = {isa = PBXFileReference; fileEncoding = 4; lastKnownFileType = sourcecode.c.h; path = "NSString+CoreFMDB.h"; sourceTree = "<group>"; };
		893FC0721C25632100BA59BD /* NSString+CoreFMDB.m */ = {isa = PBXFileReference; fileEncoding = 4; lastKnownFileType = sourcecode.c.objc; path = "NSString+CoreFMDB.m"; sourceTree = "<group>"; };
		893FC0741C25632100BA59BD /* FMDatabase.h */ = {isa = PBXFileReference; fileEncoding = 4; lastKnownFileType = sourcecode.c.h; path = FMDatabase.h; sourceTree = "<group>"; };
		893FC0751C25632100BA59BD /* FMDatabase.m */ = {isa = PBXFileReference; fileEncoding = 4; lastKnownFileType = sourcecode.c.objc; path = FMDatabase.m; sourceTree = "<group>"; };
		893FC0761C25632100BA59BD /* FMDatabaseAdditions.h */ = {isa = PBXFileReference; fileEncoding = 4; lastKnownFileType = sourcecode.c.h; path = FMDatabaseAdditions.h; sourceTree = "<group>"; };
		893FC0771C25632100BA59BD /* FMDatabaseAdditions.m */ = {isa = PBXFileReference; fileEncoding = 4; lastKnownFileType = sourcecode.c.objc; path = FMDatabaseAdditions.m; sourceTree = "<group>"; };
		893FC0781C25632100BA59BD /* FMDatabasePool.h */ = {isa = PBXFileReference; fileEncoding = 4; lastKnownFileType = sourcecode.c.h; path = FMDatabasePool.h; sourceTree = "<group>"; };
		893FC0791C25632100BA59BD /* FMDatabasePool.m */ = {isa = PBXFileReference; fileEncoding = 4; lastKnownFileType = sourcecode.c.objc; path = FMDatabasePool.m; sourceTree = "<group>"; };
		893FC07A1C25632100BA59BD /* FMDatabaseQueue.h */ = {isa = PBXFileReference; fileEncoding = 4; lastKnownFileType = sourcecode.c.h; path = FMDatabaseQueue.h; sourceTree = "<group>"; };
		893FC07B1C25632100BA59BD /* FMDatabaseQueue.m */ = {isa = PBXFileReference; fileEncoding = 4; lastKnownFileType = sourcecode.c.objc; path = FMDatabaseQueue.m; sourceTree = "<group>"; };
		893FC07C1C25632100BA59BD /* FMDB.h */ = {isa = PBXFileReference; fileEncoding = 4; lastKnownFileType = sourcecode.c.h; path = FMDB.h; sourceTree = "<group>"; };
		893FC07D1C25632100BA59BD /* FMResultSet.h */ = {isa = PBXFileReference; fileEncoding = 4; lastKnownFileType = sourcecode.c.h; path = FMResultSet.h; sourceTree = "<group>"; };
		893FC07E1C25632100BA59BD /* FMResultSet.m */ = {isa = PBXFileReference; fileEncoding = 4; lastKnownFileType = sourcecode.c.objc; path = FMResultSet.m; sourceTree = "<group>"; };
		893FC0801C25632100BA59BD /* CoreFMDBSingleton.h */ = {isa = PBXFileReference; fileEncoding = 4; lastKnownFileType = sourcecode.c.h; path = CoreFMDBSingleton.h; sourceTree = "<group>"; };
		89551FB01CB0A8EB00305B24 /* CoreModel.h */ = {isa = PBXFileReference; fileEncoding = 4; lastKnownFileType = sourcecode.c.h; path = CoreModel.h; sourceTree = "<group>"; };
		89551FB11CB0A8EB00305B24 /* CoreModel.m */ = {isa = PBXFileReference; fileEncoding = 4; lastKnownFileType = sourcecode.c.objc; path = CoreModel.m; sourceTree = "<group>"; };
		89551FB51CB0A8EB00305B24 /* NSArray+CoreModel.h */ = {isa = PBXFileReference; fileEncoding = 4; lastKnownFileType = sourcecode.c.h; path = "NSArray+CoreModel.h"; sourceTree = "<group>"; };
		89551FB61CB0A8EB00305B24 /* NSArray+CoreModel.m */ = {isa = PBXFileReference; fileEncoding = 4; lastKnownFileType = sourcecode.c.objc; path = "NSArray+CoreModel.m"; sourceTree = "<group>"; };
		89551FB81CB0A8EB00305B24 /* NSDictionary+Sqlite.h */ = {isa = PBXFileReference; fileEncoding = 4; lastKnownFileType = sourcecode.c.h; path = "NSDictionary+Sqlite.h"; sourceTree = "<group>"; };
		89551FB91CB0A8EB00305B24 /* NSDictionary+Sqlite.m */ = {isa = PBXFileReference; fileEncoding = 4; lastKnownFileType = sourcecode.c.objc; path = "NSDictionary+Sqlite.m"; sourceTree = "<group>"; };
		89551FBB1CB0A8EB00305B24 /* CoreModel+Cache.h */ = {isa = PBXFileReference; fileEncoding = 4; lastKnownFileType = sourcecode.c.h; path = "CoreModel+Cache.h"; sourceTree = "<group>"; };
		89551FBC1CB0A8EB00305B24 /* CoreModel+Cache.m */ = {isa = PBXFileReference; fileEncoding = 4; lastKnownFileType = sourcecode.c.objc; path = "CoreModel+Cache.m"; sourceTree = "<group>"; };
		89551FBD1CB0A8EB00305B24 /* NSObject+CoreModelCommon.h */ = {isa = PBXFileReference; fileEncoding = 4; lastKnownFileType = sourcecode.c.h; path = "NSObject+CoreModelCommon.h"; sourceTree = "<group>"; };
		89551FBE1CB0A8EB00305B24 /* NSObject+CoreModelCommon.m */ = {isa = PBXFileReference; fileEncoding = 4; lastKnownFileType = sourcecode.c.objc; path = "NSObject+CoreModelCommon.m"; sourceTree = "<group>"; };
		89551FBF1CB0A8EB00305B24 /* NSObject+Create.h */ = {isa = PBXFileReference; fileEncoding = 4; lastKnownFileType = sourcecode.c.h; path = "NSObject+Create.h"; sourceTree = "<group>"; };
		89551FC01CB0A8EB00305B24 /* NSObject+Create.m */ = {isa = PBXFileReference; fileEncoding = 4; lastKnownFileType = sourcecode.c.objc; path = "NSObject+Create.m"; sourceTree = "<group>"; };
		89551FC11CB0A8EB00305B24 /* NSObject+Delete.h */ = {isa = PBXFileReference; fileEncoding = 4; lastKnownFileType = sourcecode.c.h; path = "NSObject+Delete.h"; sourceTree = "<group>"; };
		89551FC21CB0A8EB00305B24 /* NSObject+Delete.m */ = {isa = PBXFileReference; fileEncoding = 4; lastKnownFileType = sourcecode.c.objc; path = "NSObject+Delete.m"; sourceTree = "<group>"; };
		89551FC31CB0A8EB00305B24 /* NSObject+Insert.h */ = {isa = PBXFileReference; fileEncoding = 4; lastKnownFileType = sourcecode.c.h; path = "NSObject+Insert.h"; sourceTree = "<group>"; };
		89551FC41CB0A8EB00305B24 /* NSObject+Insert.m */ = {isa = PBXFileReference; fileEncoding = 4; lastKnownFileType = sourcecode.c.objc; path = "NSObject+Insert.m"; sourceTree = "<group>"; };
		89551FC51CB0A8EB00305B24 /* NSObject+Save.h */ = {isa = PBXFileReference; fileEncoding = 4; lastKnownFileType = sourcecode.c.h; path = "NSObject+Save.h"; sourceTree = "<group>"; };
		89551FC61CB0A8EB00305B24 /* NSObject+Save.m */ = {isa = PBXFileReference; fileEncoding = 4; lastKnownFileType = sourcecode.c.objc; path = "NSObject+Save.m"; sourceTree = "<group>"; };
		89551FC71CB0A8EB00305B24 /* NSObject+Select.h */ = {isa = PBXFileReference; fileEncoding = 4; lastKnownFileType = sourcecode.c.h; path = "NSObject+Select.h"; sourceTree = "<group>"; };
		89551FC81CB0A8EB00305B24 /* NSObject+Select.m */ = {isa = PBXFileReference; fileEncoding = 4; lastKnownFileType = sourcecode.c.objc; path = "NSObject+Select.m"; sourceTree = "<group>"; };
		89551FC91CB0A8EB00305B24 /* NSObject+Update.h */ = {isa = PBXFileReference; fileEncoding = 4; lastKnownFileType = sourcecode.c.h; path = "NSObject+Update.h"; sourceTree = "<group>"; };
		89551FCA1CB0A8EB00305B24 /* NSObject+Update.m */ = {isa = PBXFileReference; fileEncoding = 4; lastKnownFileType = sourcecode.c.objc; path = "NSObject+Update.m"; sourceTree = "<group>"; };
		89551FCC1CB0A8EB00305B24 /* NSOperationQueue+Queue.h */ = {isa = PBXFileReference; fileEncoding = 4; lastKnownFileType = sourcecode.c.h; path = "NSOperationQueue+Queue.h"; sourceTree = "<group>"; };
		89551FCD1CB0A8EB00305B24 /* NSOperationQueue+Queue.m */ = {isa = PBXFileReference; fileEncoding = 4; lastKnownFileType = sourcecode.c.objc; path = "NSOperationQueue+Queue.m"; sourceTree = "<group>"; };
		89551FCF1CB0A8EB00305B24 /* NSString+Stackoverflow.h */ = {isa = PBXFileReference; fileEncoding = 4; lastKnownFileType = sourcecode.c.h; path = "NSString+Stackoverflow.h"; sourceTree = "<group>"; };
		89551FD01CB0A8EB00305B24 /* NSString+Stackoverflow.m */ = {isa = PBXFileReference; fileEncoding = 4; lastKnownFileType = sourcecode.c.objc; path = "NSString+Stackoverflow.m"; sourceTree = "<group>"; };
		89551FD21CB0A8EB00305B24 /* CoreModelConst.h */ = {isa = PBXFileReference; fileEncoding = 4; lastKnownFileType = sourcecode.c.h; path = CoreModelConst.h; sourceTree = "<group>"; };
		89551FD31CB0A8EB00305B24 /* CoreModelConst.m */ = {isa = PBXFileReference; fileEncoding = 4; lastKnownFileType = sourcecode.c.objc; path = CoreModelConst.m; sourceTree = "<group>"; };
		89551FD51CB0A8EB00305B24 /* CoreModelProtocol.h */ = {isa = PBXFileReference; fileEncoding = 4; lastKnownFileType = sourcecode.c.h; path = CoreModelProtocol.h; sourceTree = "<group>"; };
		89551FD61CB0A8EB00305B24 /* CorePageModelProtocol.h */ = {isa = PBXFileReference; fileEncoding = 4; lastKnownFileType = sourcecode.c.h; path = CorePageModelProtocol.h; sourceTree = "<group>"; };
		89551FD81CB0A8EB00305B24 /* CoreProperty.h */ = {isa = PBXFileReference; fileEncoding = 4; lastKnownFileType = sourcecode.c.h; path = CoreProperty.h; sourceTree = "<group>"; };
		89551FD91CB0A8EB00305B24 /* CoreProperty.m */ = {isa = PBXFileReference; fileEncoding = 4; lastKnownFileType = sourcecode.c.objc; path = CoreProperty.m; sourceTree = "<group>"; };
		89551FDA1CB0A8EB00305B24 /* NSObject+Runtime.h */ = {isa = PBXFileReference; fileEncoding = 4; lastKnownFileType = sourcecode.c.h; path = "NSObject+Runtime.h"; sourceTree = "<group>"; };
		89551FDB1CB0A8EB00305B24 /* NSObject+Runtime.m */ = {isa = PBXFileReference; fileEncoding = 4; lastKnownFileType = sourcecode.c.objc; path = "NSObject+Runtime.m"; sourceTree = "<group>"; };
		89551FDD1CB0A8EB00305B24 /* CoreModelType.h */ = {isa = PBXFileReference; fileEncoding = 4; lastKnownFileType = sourcecode.c.h; path = CoreModelType.h; sourceTree = "<group>"; };
		89551FEE1CB0A9D900305B24 /* CoreModel+CoreListCompare.h */ = {isa = PBXFileReference; fileEncoding = 4; lastKnownFileType = sourcecode.c.h; path = "CoreModel+CoreListCompare.h"; sourceTree = "<group>"; };
		89551FEF1CB0A9D900305B24 /* CoreModel+CoreListCompare.m */ = {isa = PBXFileReference; fileEncoding = 4; lastKnownFileType = sourcecode.c.objc; path = "CoreModel+CoreListCompare.m"; sourceTree = "<group>"; };
		89551FF41CB0AA4E00305B24 /* CoreModel+CoreListCache.h */ = {isa = PBXFileReference; fileEncoding = 4; lastKnownFileType = sourcecode.c.h; path = "CoreModel+CoreListCache.h"; sourceTree = "<group>"; };
		89551FF51CB0AA4E00305B24 /* CoreModel+CoreListCache.m */ = {isa = PBXFileReference; fileEncoding = 4; lastKnownFileType = sourcecode.c.objc; path = "CoreModel+CoreListCache.m"; sourceTree = "<group>"; };
		89551FF91CB0B2AF00305B24 /* MJRefreshAutoFooter.h */ = {isa = PBXFileReference; fileEncoding = 4; lastKnownFileType = sourcecode.c.h; path = MJRefreshAutoFooter.h; sourceTree = "<group>"; };
		89551FFA1CB0B2AF00305B24 /* MJRefreshAutoFooter.m */ = {isa = PBXFileReference; fileEncoding = 4; lastKnownFileType = sourcecode.c.objc; path = MJRefreshAutoFooter.m; sourceTree = "<group>"; };
		89551FFB1CB0B2AF00305B24 /* MJRefreshBackFooter.h */ = {isa = PBXFileReference; fileEncoding = 4; lastKnownFileType = sourcecode.c.h; path = MJRefreshBackFooter.h; sourceTree = "<group>"; };
		89551FFC1CB0B2AF00305B24 /* MJRefreshBackFooter.m */ = {isa = PBXFileReference; fileEncoding = 4; lastKnownFileType = sourcecode.c.objc; path = MJRefreshBackFooter.m; sourceTree = "<group>"; };
		89551FFD1CB0B2AF00305B24 /* MJRefreshComponent.h */ = {isa = PBXFileReference; fileEncoding = 4; lastKnownFileType = sourcecode.c.h; path = MJRefreshComponent.h; sourceTree = "<group>"; };
		89551FFE1CB0B2AF00305B24 /* MJRefreshComponent.m */ = {isa = PBXFileReference; fileEncoding = 4; lastKnownFileType = sourcecode.c.objc; path = MJRefreshComponent.m; sourceTree = "<group>"; };
		89551FFF1CB0B2AF00305B24 /* MJRefreshFooter.h */ = {isa = PBXFileReference; fileEncoding = 4; lastKnownFileType = sourcecode.c.h; path = MJRefreshFooter.h; sourceTree = "<group>"; };
		895520001CB0B2AF00305B24 /* MJRefreshFooter.m */ = {isa = PBXFileReference; fileEncoding = 4; lastKnownFileType = sourcecode.c.objc; path = MJRefreshFooter.m; sourceTree = "<group>"; };
		895520011CB0B2AF00305B24 /* MJRefreshHeader.h */ = {isa = PBXFileReference; fileEncoding = 4; lastKnownFileType = sourcecode.c.h; path = MJRefreshHeader.h; sourceTree = "<group>"; };
		895520021CB0B2AF00305B24 /* MJRefreshHeader.m */ = {isa = PBXFileReference; fileEncoding = 4; lastKnownFileType = sourcecode.c.objc; path = MJRefreshHeader.m; sourceTree = "<group>"; };
		895520061CB0B2AF00305B24 /* MJRefreshAutoGifFooter.h */ = {isa = PBXFileReference; fileEncoding = 4; lastKnownFileType = sourcecode.c.h; path = MJRefreshAutoGifFooter.h; sourceTree = "<group>"; };
		895520071CB0B2AF00305B24 /* MJRefreshAutoGifFooter.m */ = {isa = PBXFileReference; fileEncoding = 4; lastKnownFileType = sourcecode.c.objc; path = MJRefreshAutoGifFooter.m; sourceTree = "<group>"; };
		895520081CB0B2AF00305B24 /* MJRefreshAutoNormalFooter.h */ = {isa = PBXFileReference; fileEncoding = 4; lastKnownFileType = sourcecode.c.h; path = MJRefreshAutoNormalFooter.h; sourceTree = "<group>"; };
		895520091CB0B2AF00305B24 /* MJRefreshAutoNormalFooter.m */ = {isa = PBXFileReference; fileEncoding = 4; lastKnownFileType = sourcecode.c.objc; path = MJRefreshAutoNormalFooter.m; sourceTree = "<group>"; };
		8955200A1CB0B2AF00305B24 /* MJRefreshAutoStateFooter.h */ = {isa = PBXFileReference; fileEncoding = 4; lastKnownFileType = sourcecode.c.h; path = MJRefreshAutoStateFooter.h; sourceTree = "<group>"; };
		8955200B1CB0B2AF00305B24 /* MJRefreshAutoStateFooter.m */ = {isa = PBXFileReference; fileEncoding = 4; lastKnownFileType = sourcecode.c.objc; path = MJRefreshAutoStateFooter.m; sourceTree = "<group>"; };
		8955200D1CB0B2AF00305B24 /* MJRefreshBackGifFooter.h */ = {isa = PBXFileReference; fileEncoding = 4; lastKnownFileType = sourcecode.c.h; path = MJRefreshBackGifFooter.h; sourceTree = "<group>"; };
		8955200E1CB0B2AF00305B24 /* MJRefreshBackGifFooter.m */ = {isa = PBXFileReference; fileEncoding = 4; lastKnownFileType = sourcecode.c.objc; path = MJRefreshBackGifFooter.m; sourceTree = "<group>"; };
		8955200F1CB0B2AF00305B24 /* MJRefreshBackNormalFooter.h */ = {isa = PBXFileReference; fileEncoding = 4; lastKnownFileType = sourcecode.c.h; path = MJRefreshBackNormalFooter.h; sourceTree = "<group>"; };
		895520101CB0B2AF00305B24 /* MJRefreshBackNormalFooter.m */ = {isa = PBXFileReference; fileEncoding = 4; lastKnownFileType = sourcecode.c.objc; path = MJRefreshBackNormalFooter.m; sourceTree = "<group>"; };
		895520111CB0B2AF00305B24 /* MJRefreshBackStateFooter.h */ = {isa = PBXFileReference; fileEncoding = 4; lastKnownFileType = sourcecode.c.h; path = MJRefreshBackStateFooter.h; sourceTree = "<group>"; };
		895520121CB0B2AF00305B24 /* MJRefreshBackStateFooter.m */ = {isa = PBXFileReference; fileEncoding = 4; lastKnownFileType = sourcecode.c.objc; path = MJRefreshBackStateFooter.m; sourceTree = "<group>"; };
		895520141CB0B2AF00305B24 /* MJRefreshGifHeader.h */ = {isa = PBXFileReference; fileEncoding = 4; lastKnownFileType = sourcecode.c.h; path = MJRefreshGifHeader.h; sourceTree = "<group>"; };
		895520151CB0B2AF00305B24 /* MJRefreshGifHeader.m */ = {isa = PBXFileReference; fileEncoding = 4; lastKnownFileType = sourcecode.c.objc; path = MJRefreshGifHeader.m; sourceTree = "<group>"; };
		895520161CB0B2AF00305B24 /* MJRefreshNormalHeader.h */ = {isa = PBXFileReference; fileEncoding = 4; lastKnownFileType = sourcecode.c.h; path = MJRefreshNormalHeader.h; sourceTree = "<group>"; };
		895520171CB0B2AF00305B24 /* MJRefreshNormalHeader.m */ = {isa = PBXFileReference; fileEncoding = 4; lastKnownFileType = sourcecode.c.objc; path = MJRefreshNormalHeader.m; sourceTree = "<group>"; };
		895520181CB0B2AF00305B24 /* MJRefreshStateHeader.h */ = {isa = PBXFileReference; fileEncoding = 4; lastKnownFileType = sourcecode.c.h; path = MJRefreshStateHeader.h; sourceTree = "<group>"; };
		895520191CB0B2AF00305B24 /* MJRefreshStateHeader.m */ = {isa = PBXFileReference; fileEncoding = 4; lastKnownFileType = sourcecode.c.objc; path = MJRefreshStateHeader.m; sourceTree = "<group>"; };
		8955201A1CB0B2AF00305B24 /* MJRefresh.bundle */ = {isa = PBXFileReference; lastKnownFileType = "wrapper.plug-in"; path = MJRefresh.bundle; sourceTree = "<group>"; };
		8955201B1CB0B2AF00305B24 /* MJRefresh.h */ = {isa = PBXFileReference; fileEncoding = 4; lastKnownFileType = sourcecode.c.h; path = MJRefresh.h; sourceTree = "<group>"; };
		8955201C1CB0B2AF00305B24 /* MJRefreshConst.h */ = {isa = PBXFileReference; fileEncoding = 4; lastKnownFileType = sourcecode.c.h; path = MJRefreshConst.h; sourceTree = "<group>"; };
		8955201D1CB0B2AF00305B24 /* MJRefreshConst.m */ = {isa = PBXFileReference; fileEncoding = 4; lastKnownFileType = sourcecode.c.objc; path = MJRefreshConst.m; sourceTree = "<group>"; };
		8955201E1CB0B2AF00305B24 /* UIScrollView+MJExtension.h */ = {isa = PBXFileReference; fileEncoding = 4; lastKnownFileType = sourcecode.c.h; path = "UIScrollView+MJExtension.h"; sourceTree = "<group>"; };
		8955201F1CB0B2AF00305B24 /* UIScrollView+MJExtension.m */ = {isa = PBXFileReference; fileEncoding = 4; lastKnownFileType = sourcecode.c.objc; path = "UIScrollView+MJExtension.m"; sourceTree = "<group>"; };
		895520201CB0B2AF00305B24 /* UIScrollView+MJRefresh.h */ = {isa = PBXFileReference; fileEncoding = 4; lastKnownFileType = sourcecode.c.h; path = "UIScrollView+MJRefresh.h"; sourceTree = "<group>"; };
		895520211CB0B2AF00305B24 /* UIScrollView+MJRefresh.m */ = {isa = PBXFileReference; fileEncoding = 4; lastKnownFileType = sourcecode.c.objc; path = "UIScrollView+MJRefresh.m"; sourceTree = "<group>"; };
		895520221CB0B2AF00305B24 /* UIView+MJExtension.h */ = {isa = PBXFileReference; fileEncoding = 4; lastKnownFileType = sourcecode.c.h; path = "UIView+MJExtension.h"; sourceTree = "<group>"; };
		895520231CB0B2AF00305B24 /* UIView+MJExtension.m */ = {isa = PBXFileReference; fileEncoding = 4; lastKnownFileType = sourcecode.c.objc; path = "UIView+MJExtension.m"; sourceTree = "<group>"; };
		897883D61B21983C00033B01 /* CoreStatus.h */ = {isa = PBXFileReference; fileEncoding = 4; lastKnownFileType = sourcecode.c.h; path = CoreStatus.h; sourceTree = "<group>"; };
		897883D71B21983C00033B01 /* CoreStatus.m */ = {isa = PBXFileReference; fileEncoding = 4; lastKnownFileType = sourcecode.c.objc; path = CoreStatus.m; sourceTree = "<group>"; };
		897883D91B21983C00033B01 /* Reachability.h */ = {isa = PBXFileReference; fileEncoding = 4; lastKnownFileType = sourcecode.c.h; path = Reachability.h; sourceTree = "<group>"; };
		897883DA1B21983C00033B01 /* Reachability.m */ = {isa = PBXFileReference; fileEncoding = 4; lastKnownFileType = sourcecode.c.objc; path = Reachability.m; sourceTree = "<group>"; };
		897884811B219B3D00033B01 /* libsqlite3.dylib */ = {isa = PBXFileReference; lastKnownFileType = "compiled.mach-o.dylib"; name = libsqlite3.dylib; path = usr/lib/libsqlite3.dylib; sourceTree = SDKROOT; };
		8983743A1C6E0D6000ABC0CA /* CoreHttp.h */ = {isa = PBXFileReference; fileEncoding = 4; lastKnownFileType = sourcecode.c.h; path = CoreHttp.h; sourceTree = "<group>"; };
		8983743B1C6E0D6000ABC0CA /* CoreHttp.m */ = {isa = PBXFileReference; fileEncoding = 4; lastKnownFileType = sourcecode.c.objc; path = CoreHttp.m; sourceTree = "<group>"; };
		8983743D1C6E0D6000ABC0CA /* NSString+CoreHttp.h */ = {isa = PBXFileReference; fileEncoding = 4; lastKnownFileType = sourcecode.c.h; path = "NSString+CoreHttp.h"; sourceTree = "<group>"; };
		8983743E1C6E0D6000ABC0CA /* NSString+CoreHttp.m */ = {isa = PBXFileReference; fileEncoding = 4; lastKnownFileType = sourcecode.c.objc; path = "NSString+CoreHttp.m"; sourceTree = "<group>"; };
		898374401C6E0D6000ABC0CA /* NSData+MimeType.h */ = {isa = PBXFileReference; fileEncoding = 4; lastKnownFileType = sourcecode.c.h; path = "NSData+MimeType.h"; sourceTree = "<group>"; };
		898374411C6E0D6000ABC0CA /* NSData+MimeType.m */ = {isa = PBXFileReference; fileEncoding = 4; lastKnownFileType = sourcecode.c.objc; path = "NSData+MimeType.m"; sourceTree = "<group>"; };
		898374421C6E0D6000ABC0CA /* NSData+Param.h */ = {isa = PBXFileReference; fileEncoding = 4; lastKnownFileType = sourcecode.c.h; path = "NSData+Param.h"; sourceTree = "<group>"; };
		898374431C6E0D6000ABC0CA /* NSData+Param.m */ = {isa = PBXFileReference; fileEncoding = 4; lastKnownFileType = sourcecode.c.objc; path = "NSData+Param.m"; sourceTree = "<group>"; };
		898374441C6E0D6000ABC0CA /* NSString+File.h */ = {isa = PBXFileReference; fileEncoding = 4; lastKnownFileType = sourcecode.c.h; path = "NSString+File.h"; sourceTree = "<group>"; };
		898374451C6E0D6000ABC0CA /* NSString+File.m */ = {isa = PBXFileReference; fileEncoding = 4; lastKnownFileType = sourcecode.c.objc; path = "NSString+File.m"; sourceTree = "<group>"; };
		898374461C6E0D6000ABC0CA /* NSURL+File.h */ = {isa = PBXFileReference; fileEncoding = 4; lastKnownFileType = sourcecode.c.h; path = "NSURL+File.h"; sourceTree = "<group>"; };
		898374471C6E0D6000ABC0CA /* NSURL+File.m */ = {isa = PBXFileReference; fileEncoding = 4; lastKnownFileType = sourcecode.c.objc; path = "NSURL+File.m"; sourceTree = "<group>"; };
		898374481C6E0D6000ABC0CA /* UploadFile.h */ = {isa = PBXFileReference; fileEncoding = 4; lastKnownFileType = sourcecode.c.h; path = UploadFile.h; sourceTree = "<group>"; };
		898374491C6E0D6000ABC0CA /* UploadFile.m */ = {isa = PBXFileReference; fileEncoding = 4; lastKnownFileType = sourcecode.c.objc; path = UploadFile.m; sourceTree = "<group>"; };
		898A61FF1BA27D760098A0AD /* NewsListModel.h */ = {isa = PBXFileReference; fileEncoding = 4; lastKnownFileType = sourcecode.c.h; path = NewsListModel.h; sourceTree = "<group>"; };
		898A62001BA27D760098A0AD /* NewsListModel.m */ = {isa = PBXFileReference; fileEncoding = 4; lastKnownFileType = sourcecode.c.objc; path = NewsListModel.m; sourceTree = "<group>"; };
		898A62041BA27D760098A0AD /* NewsListCell.xib */ = {isa = PBXFileReference; fileEncoding = 4; lastKnownFileType = file.xib; path = NewsListCell.xib; sourceTree = "<group>"; };
		898A620A1BA27D760098A0AD /* TGModel.h */ = {isa = PBXFileReference; fileEncoding = 4; lastKnownFileType = sourcecode.c.h; path = TGModel.h; sourceTree = "<group>"; };
		898A620B1BA27D760098A0AD /* TGModel.m */ = {isa = PBXFileReference; fileEncoding = 4; lastKnownFileType = sourcecode.c.objc; path = TGModel.m; sourceTree = "<group>"; };
		898A620F1BA27D760098A0AD /* TGCell.xib */ = {isa = PBXFileReference; fileEncoding = 4; lastKnownFileType = file.xib; path = TGCell.xib; sourceTree = "<group>"; };
		899155271C5F6ED200D3566B /* CoreListVCNeedRefreshNotiModel.h */ = {isa = PBXFileReference; fileEncoding = 4; lastKnownFileType = sourcecode.c.h; path = CoreListVCNeedRefreshNotiModel.h; sourceTree = "<group>"; };
		899155281C5F6ED200D3566B /* CoreListVCNeedRefreshNotiModel.m */ = {isa = PBXFileReference; fileEncoding = 4; lastKnownFileType = sourcecode.c.objc; path = CoreListVCNeedRefreshNotiModel.m; sourceTree = "<group>"; };
		89A7E6711C47C4B60057AEEF /* CoreList.h */ = {isa = PBXFileReference; fileEncoding = 4; lastKnownFileType = sourcecode.c.h; path = CoreList.h; sourceTree = "<group>"; };
		89A7E6721C47C4B60057AEEF /* CoreListCollectionViewController.h */ = {isa = PBXFileReference; fileEncoding = 4; lastKnownFileType = sourcecode.c.h; path = CoreListCollectionViewController.h; sourceTree = "<group>"; };
		89A7E6731C47C4B60057AEEF /* CoreListCollectionViewController.m */ = {isa = PBXFileReference; fileEncoding = 4; lastKnownFileType = sourcecode.c.objc; path = CoreListCollectionViewController.m; sourceTree = "<group>"; };
		89A7E6741C47C4B60057AEEF /* CoreListTableViewController.h */ = {isa = PBXFileReference; fileEncoding = 4; lastKnownFileType = sourcecode.c.h; path = CoreListTableViewController.h; sourceTree = "<group>"; };
		89A7E6751C47C4B60057AEEF /* CoreListTableViewController.m */ = {isa = PBXFileReference; fileEncoding = 4; lastKnownFileType = sourcecode.c.objc; path = CoreListTableViewController.m; sourceTree = "<group>"; };
		89A7E6781C47C4B60057AEEF /* NSArray+CoreListExtend.h */ = {isa = PBXFileReference; fileEncoding = 4; lastKnownFileType = sourcecode.c.h; path = "NSArray+CoreListExtend.h"; sourceTree = "<group>"; };
		89A7E6791C47C4B60057AEEF /* NSArray+CoreListExtend.m */ = {isa = PBXFileReference; fileEncoding = 4; lastKnownFileType = sourcecode.c.objc; path = "NSArray+CoreListExtend.m"; sourceTree = "<group>"; };
		89A7E67A1C47C4B60057AEEF /* NSString+Equal.h */ = {isa = PBXFileReference; fileEncoding = 4; lastKnownFileType = sourcecode.c.h; path = "NSString+Equal.h"; sourceTree = "<group>"; };
		89A7E67B1C47C4B60057AEEF /* NSString+Equal.m */ = {isa = PBXFileReference; fileEncoding = 4; lastKnownFileType = sourcecode.c.objc; path = "NSString+Equal.m"; sourceTree = "<group>"; };
		89A7E67C1C47C4B60057AEEF /* UIView+CoreListLayout.h */ = {isa = PBXFileReference; fileEncoding = 4; lastKnownFileType = sourcecode.c.h; path = "UIView+CoreListLayout.h"; sourceTree = "<group>"; };
		89A7E67D1C47C4B60057AEEF /* UIView+CoreListLayout.m */ = {isa = PBXFileReference; fileEncoding = 4; lastKnownFileType = sourcecode.c.objc; path = "UIView+CoreListLayout.m"; sourceTree = "<group>"; };
		89A7E67F1C47C4B60057AEEF /* CoreListConst.h */ = {isa = PBXFileReference; fileEncoding = 4; lastKnownFileType = sourcecode.c.h; path = CoreListConst.h; sourceTree = "<group>"; };
		89A7E6811C47C4B60057AEEF /* CoreListCommonVC+BackBtn.h */ = {isa = PBXFileReference; fileEncoding = 4; lastKnownFileType = sourcecode.c.h; path = "CoreListCommonVC+BackBtn.h"; sourceTree = "<group>"; };
		89A7E6821C47C4B60057AEEF /* CoreListCommonVC+BackBtn.m */ = {isa = PBXFileReference; fileEncoding = 4; lastKnownFileType = sourcecode.c.objc; path = "CoreListCommonVC+BackBtn.m"; sourceTree = "<group>"; };
		89A7E6831C47C4B60057AEEF /* CoreListCommonVC+Data.h */ = {isa = PBXFileReference; fileEncoding = 4; lastKnownFileType = sourcecode.c.h; path = "CoreListCommonVC+Data.h"; sourceTree = "<group>"; };
		89A7E6841C47C4B60057AEEF /* CoreListCommonVC+Data.m */ = {isa = PBXFileReference; fileEncoding = 4; lastKnownFileType = sourcecode.c.objc; path = "CoreListCommonVC+Data.m"; sourceTree = "<group>"; };
		89A7E6851C47C4B60057AEEF /* CoreListCommonVC+LifeFunc.h */ = {isa = PBXFileReference; fileEncoding = 4; lastKnownFileType = sourcecode.c.h; path = "CoreListCommonVC+LifeFunc.h"; sourceTree = "<group>"; };
		89A7E6861C47C4B60057AEEF /* CoreListCommonVC+LifeFunc.m */ = {isa = PBXFileReference; fileEncoding = 4; lastKnownFileType = sourcecode.c.objc; path = "CoreListCommonVC+LifeFunc.m"; sourceTree = "<group>"; };
		89A7E6871C47C4B60057AEEF /* CoreListCommonVC+Main.h */ = {isa = PBXFileReference; fileEncoding = 4; lastKnownFileType = sourcecode.c.h; path = "CoreListCommonVC+Main.h"; sourceTree = "<group>"; };
		89A7E6881C47C4B60057AEEF /* CoreListCommonVC+Main.m */ = {isa = PBXFileReference; fileEncoding = 4; lastKnownFileType = sourcecode.c.objc; path = "CoreListCommonVC+Main.m"; sourceTree = "<group>"; };
		89A7E6891C47C4B60057AEEF /* CoreListCommonVC+Reachability.h */ = {isa = PBXFileReference; fileEncoding = 4; lastKnownFileType = sourcecode.c.h; path = "CoreListCommonVC+Reachability.h"; sourceTree = "<group>"; };
		89A7E68A1C47C4B60057AEEF /* CoreListCommonVC+Reachability.m */ = {isa = PBXFileReference; fileEncoding = 4; lastKnownFileType = sourcecode.c.objc; path = "CoreListCommonVC+Reachability.m"; sourceTree = "<group>"; };
		89A7E68B1C47C4B60057AEEF /* CoreListCommonVC+Refresh.h */ = {isa = PBXFileReference; fileEncoding = 4; lastKnownFileType = sourcecode.c.h; path = "CoreListCommonVC+Refresh.h"; sourceTree = "<group>"; };
		89A7E68C1C47C4B60057AEEF /* CoreListCommonVC+Refresh.m */ = {isa = PBXFileReference; fileEncoding = 4; lastKnownFileType = sourcecode.c.objc; path = "CoreListCommonVC+Refresh.m"; sourceTree = "<group>"; };
		89A7E68D1C47C4B60057AEEF /* CoreListCommonVC+ScrollView.h */ = {isa = PBXFileReference; fileEncoding = 4; lastKnownFileType = sourcecode.c.h; path = "CoreListCommonVC+ScrollView.h"; sourceTree = "<group>"; };
		89A7E68E1C47C4B60057AEEF /* CoreListCommonVC+ScrollView.m */ = {isa = PBXFileReference; fileEncoding = 4; lastKnownFileType = sourcecode.c.objc; path = "CoreListCommonVC+ScrollView.m"; sourceTree = "<group>"; };
		89A7E68F1C47C4B60057AEEF /* CoreListCommonVC.h */ = {isa = PBXFileReference; fileEncoding = 4; lastKnownFileType = sourcecode.c.h; path = CoreListCommonVC.h; sourceTree = "<group>"; };
		89A7E6901C47C4B60057AEEF /* CoreListCommonVC.m */ = {isa = PBXFileReference; fileEncoding = 4; lastKnownFileType = sourcecode.c.objc; path = CoreListCommonVC.m; sourceTree = "<group>"; };
		89A7E6911C47C4B60057AEEF /* CoreListCommonVCProtocol.h */ = {isa = PBXFileReference; fileEncoding = 4; lastKnownFileType = sourcecode.c.h; path = CoreListCommonVCProtocol.h; sourceTree = "<group>"; };
		89A7E6931C47C4B60057AEEF /* CLWaterflowLayout.h */ = {isa = PBXFileReference; fileEncoding = 4; lastKnownFileType = sourcecode.c.h; path = CLWaterflowLayout.h; sourceTree = "<group>"; };
		89A7E6941C47C4B60057AEEF /* CLWaterflowLayout.m */ = {isa = PBXFileReference; fileEncoding = 4; lastKnownFileType = sourcecode.c.objc; path = CLWaterflowLayout.m; sourceTree = "<group>"; };
		89A7E6961C47C4B60057AEEF /* CoreListModel.h */ = {isa = PBXFileReference; fileEncoding = 4; lastKnownFileType = sourcecode.c.h; path = CoreListModel.h; sourceTree = "<group>"; };
		89A7E6971C47C4B60057AEEF /* CoreListModel.m */ = {isa = PBXFileReference; fileEncoding = 4; lastKnownFileType = sourcecode.c.objc; path = CoreListModel.m; sourceTree = "<group>"; };
		89A7E6991C47C4B60057AEEF /* ViewControllerListProtocol.h */ = {isa = PBXFileReference; fileEncoding = 4; lastKnownFileType = sourcecode.c.h; path = ViewControllerListProtocol.h; sourceTree = "<group>"; };
		89A7E69B1C47C4B60057AEEF /* CoreList.bundle */ = {isa = PBXFileReference; lastKnownFileType = "wrapper.plug-in"; path = CoreList.bundle; sourceTree = "<group>"; };
		89A7E69D1C47C4B60057AEEF /* CoreListType.h */ = {isa = PBXFileReference; fileEncoding = 4; lastKnownFileType = sourcecode.c.h; path = CoreListType.h; sourceTree = "<group>"; };
		89A7E6A01C47C4B60057AEEF /* CoreListCollectionViewCell.h */ = {isa = PBXFileReference; fileEncoding = 4; lastKnownFileType = sourcecode.c.h; path = CoreListCollectionViewCell.h; sourceTree = "<group>"; };
		89A7E6A11C47C4B60057AEEF /* CoreListCollectionViewCell.m */ = {isa = PBXFileReference; fileEncoding = 4; lastKnownFileType = sourcecode.c.objc; path = CoreListCollectionViewCell.m; sourceTree = "<group>"; };
		89A7E6A31C47C4B60057AEEF /* CoreListCellProtocol.h */ = {isa = PBXFileReference; fileEncoding = 4; lastKnownFileType = sourcecode.c.h; path = CoreListCellProtocol.h; sourceTree = "<group>"; };
		89A7E6A41C47C4B60057AEEF /* CoreListTableViewCell.h */ = {isa = PBXFileReference; fileEncoding = 4; lastKnownFileType = sourcecode.c.h; path = CoreListTableViewCell.h; sourceTree = "<group>"; };
		89A7E6A51C47C4B60057AEEF /* CoreListTableViewCell.m */ = {isa = PBXFileReference; fileEncoding = 4; lastKnownFileType = sourcecode.c.objc; path = CoreListTableViewCell.m; sourceTree = "<group>"; };
		89DCDC0A1C3947F300CE7E8F /* NewsListCell.swift */ = {isa = PBXFileReference; fileEncoding = 4; lastKnownFileType = sourcecode.swift; path = NewsListCell.swift; sourceTree = "<group>"; };
		89DCDC0C1C39480700CE7E8F /* oc.h */ = {isa = PBXFileReference; lastKnownFileType = sourcecode.c.h; path = oc.h; sourceTree = "<group>"; };
		89DCDC0D1C39497200CE7E8F /* NewsListVC.swift */ = {isa = PBXFileReference; fileEncoding = 4; lastKnownFileType = sourcecode.swift; path = NewsListVC.swift; sourceTree = "<group>"; };
		89F0ABDA1C39FBCB003BF291 /* TGListCVC.swift */ = {isa = PBXFileReference; fileEncoding = 4; lastKnownFileType = sourcecode.swift; path = TGListCVC.swift; sourceTree = "<group>"; };
		89F0ABDC1C39FCAA003BF291 /* TGCell.swift */ = {isa = PBXFileReference; fileEncoding = 4; lastKnownFileType = sourcecode.swift; path = TGCell.swift; sourceTree = "<group>"; };
		89F7F7021C6E1B63009716BE /* CoreListMessageView.h */ = {isa = PBXFileReference; fileEncoding = 4; lastKnownFileType = sourcecode.c.h; path = CoreListMessageView.h; sourceTree = "<group>"; };
		89F7F7031C6E1B63009716BE /* CoreListMessageView.m */ = {isa = PBXFileReference; fileEncoding = 4; lastKnownFileType = sourcecode.c.objc; path = CoreListMessageView.m; sourceTree = "<group>"; };
		89F7F7041C6E1B63009716BE /* CoreListMessageView.xib */ = {isa = PBXFileReference; fileEncoding = 4; lastKnownFileType = file.xib; path = CoreListMessageView.xib; sourceTree = "<group>"; };
		89F998F41C12F7DE00DA2DC8 /* MJDictionaryCache.h */ = {isa = PBXFileReference; fileEncoding = 4; lastKnownFileType = sourcecode.c.h; path = MJDictionaryCache.h; sourceTree = "<group>"; };
		89F998F51C12F7DE00DA2DC8 /* MJDictionaryCache.m */ = {isa = PBXFileReference; fileEncoding = 4; lastKnownFileType = sourcecode.c.objc; path = MJDictionaryCache.m; sourceTree = "<group>"; };
		89F998F61C12F7DE00DA2DC8 /* MJExtension.h */ = {isa = PBXFileReference; fileEncoding = 4; lastKnownFileType = sourcecode.c.h; path = MJExtension.h; sourceTree = "<group>"; };
		89F998F71C12F7DE00DA2DC8 /* MJExtensionConst.h */ = {isa = PBXFileReference; fileEncoding = 4; lastKnownFileType = sourcecode.c.h; path = MJExtensionConst.h; sourceTree = "<group>"; };
		89F998F81C12F7DE00DA2DC8 /* MJExtensionConst.m */ = {isa = PBXFileReference; fileEncoding = 4; lastKnownFileType = sourcecode.c.objc; path = MJExtensionConst.m; sourceTree = "<group>"; };
		89F998F91C12F7DE00DA2DC8 /* MJFoundation.h */ = {isa = PBXFileReference; fileEncoding = 4; lastKnownFileType = sourcecode.c.h; path = MJFoundation.h; sourceTree = "<group>"; };
		89F998FA1C12F7DE00DA2DC8 /* MJFoundation.m */ = {isa = PBXFileReference; fileEncoding = 4; lastKnownFileType = sourcecode.c.objc; path = MJFoundation.m; sourceTree = "<group>"; };
		89F998FB1C12F7DE00DA2DC8 /* MJProperty.h */ = {isa = PBXFileReference; fileEncoding = 4; lastKnownFileType = sourcecode.c.h; path = MJProperty.h; sourceTree = "<group>"; };
		89F998FC1C12F7DE00DA2DC8 /* MJProperty.m */ = {isa = PBXFileReference; fileEncoding = 4; lastKnownFileType = sourcecode.c.objc; path = MJProperty.m; sourceTree = "<group>"; };
		89F998FD1C12F7DE00DA2DC8 /* MJPropertyKey.h */ = {isa = PBXFileReference; fileEncoding = 4; lastKnownFileType = sourcecode.c.h; path = MJPropertyKey.h; sourceTree = "<group>"; };
		89F998FE1C12F7DE00DA2DC8 /* MJPropertyKey.m */ = {isa = PBXFileReference; fileEncoding = 4; lastKnownFileType = sourcecode.c.objc; path = MJPropertyKey.m; sourceTree = "<group>"; };
		89F998FF1C12F7DE00DA2DC8 /* MJPropertyType.h */ = {isa = PBXFileReference; fileEncoding = 4; lastKnownFileType = sourcecode.c.h; path = MJPropertyType.h; sourceTree = "<group>"; };
		89F999001C12F7DE00DA2DC8 /* MJPropertyType.m */ = {isa = PBXFileReference; fileEncoding = 4; lastKnownFileType = sourcecode.c.objc; path = MJPropertyType.m; sourceTree = "<group>"; };
		89F999011C12F7DE00DA2DC8 /* NSObject+MJClass.h */ = {isa = PBXFileReference; fileEncoding = 4; lastKnownFileType = sourcecode.c.h; path = "NSObject+MJClass.h"; sourceTree = "<group>"; };
		89F999021C12F7DE00DA2DC8 /* NSObject+MJClass.m */ = {isa = PBXFileReference; fileEncoding = 4; lastKnownFileType = sourcecode.c.objc; path = "NSObject+MJClass.m"; sourceTree = "<group>"; };
		89F999031C12F7DE00DA2DC8 /* NSObject+MJCoding.h */ = {isa = PBXFileReference; fileEncoding = 4; lastKnownFileType = sourcecode.c.h; path = "NSObject+MJCoding.h"; sourceTree = "<group>"; };
		89F999041C12F7DE00DA2DC8 /* NSObject+MJCoding.m */ = {isa = PBXFileReference; fileEncoding = 4; lastKnownFileType = sourcecode.c.objc; path = "NSObject+MJCoding.m"; sourceTree = "<group>"; };
		89F999051C12F7DE00DA2DC8 /* NSObject+MJKeyValue.h */ = {isa = PBXFileReference; fileEncoding = 4; lastKnownFileType = sourcecode.c.h; path = "NSObject+MJKeyValue.h"; sourceTree = "<group>"; };
		89F999061C12F7DE00DA2DC8 /* NSObject+MJKeyValue.m */ = {isa = PBXFileReference; fileEncoding = 4; lastKnownFileType = sourcecode.c.objc; path = "NSObject+MJKeyValue.m"; sourceTree = "<group>"; };
		89F999071C12F7DE00DA2DC8 /* NSObject+MJProperty.h */ = {isa = PBXFileReference; fileEncoding = 4; lastKnownFileType = sourcecode.c.h; path = "NSObject+MJProperty.h"; sourceTree = "<group>"; };
		89F999081C12F7DE00DA2DC8 /* NSObject+MJProperty.m */ = {isa = PBXFileReference; fileEncoding = 4; lastKnownFileType = sourcecode.c.objc; path = "NSObject+MJProperty.m"; sourceTree = "<group>"; };
		89F999091C12F7DE00DA2DC8 /* NSString+MJExtension.h */ = {isa = PBXFileReference; fileEncoding = 4; lastKnownFileType = sourcecode.c.h; path = "NSString+MJExtension.h"; sourceTree = "<group>"; };
		89F9990A1C12F7DE00DA2DC8 /* NSString+MJExtension.m */ = {isa = PBXFileReference; fileEncoding = 4; lastKnownFileType = sourcecode.c.objc; path = "NSString+MJExtension.m"; sourceTree = "<group>"; };
		EE5839B11AB9953A00516AC1 /* CoreList.app */ = {isa = PBXFileReference; explicitFileType = wrapper.application; includeInIndex = 0; path = CoreList.app; sourceTree = BUILT_PRODUCTS_DIR; };
		EE5839B51AB9953A00516AC1 /* Info.plist */ = {isa = PBXFileReference; lastKnownFileType = text.plist.xml; path = Info.plist; sourceTree = "<group>"; };
		EE5839B61AB9953A00516AC1 /* main.m */ = {isa = PBXFileReference; lastKnownFileType = sourcecode.c.objc; path = main.m; sourceTree = "<group>"; };
		EE5839B81AB9953A00516AC1 /* AppDelegate.h */ = {isa = PBXFileReference; lastKnownFileType = sourcecode.c.h; path = AppDelegate.h; sourceTree = "<group>"; };
		EE5839B91AB9953A00516AC1 /* AppDelegate.m */ = {isa = PBXFileReference; lastKnownFileType = sourcecode.c.objc; path = AppDelegate.m; sourceTree = "<group>"; };
		EE5839BB1AB9953A00516AC1 /* ViewController.h */ = {isa = PBXFileReference; lastKnownFileType = sourcecode.c.h; path = ViewController.h; sourceTree = "<group>"; };
		EE5839BC1AB9953A00516AC1 /* ViewController.m */ = {isa = PBXFileReference; lastKnownFileType = sourcecode.c.objc; path = ViewController.m; sourceTree = "<group>"; };
		EE5839BF1AB9953A00516AC1 /* Base */ = {isa = PBXFileReference; lastKnownFileType = file.storyboard; name = Base; path = Base.lproj/Main.storyboard; sourceTree = "<group>"; };
		EE5839C11AB9953A00516AC1 /* Images.xcassets */ = {isa = PBXFileReference; lastKnownFileType = folder.assetcatalog; path = Images.xcassets; sourceTree = "<group>"; };
		EE5839C41AB9953A00516AC1 /* Base */ = {isa = PBXFileReference; lastKnownFileType = file.xib; name = Base; path = Base.lproj/LaunchScreen.xib; sourceTree = "<group>"; };
		EE5839CA1AB9953A00516AC1 /* CoreListTests.xctest */ = {isa = PBXFileReference; explicitFileType = wrapper.cfbundle; includeInIndex = 0; path = CoreListTests.xctest; sourceTree = BUILT_PRODUCTS_DIR; };
		EE5839CF1AB9953A00516AC1 /* Info.plist */ = {isa = PBXFileReference; lastKnownFileType = text.plist.xml; path = Info.plist; sourceTree = "<group>"; };
		EE5839D01AB9953A00516AC1 /* CoreListTests.m */ = {isa = PBXFileReference; lastKnownFileType = sourcecode.c.objc; path = CoreListTests.m; sourceTree = "<group>"; };
/* End PBXFileReference section */

/* Begin PBXFrameworksBuildPhase section */
		EE5839AE1AB9953A00516AC1 /* Frameworks */ = {
			isa = PBXFrameworksBuildPhase;
			buildActionMask = 2147483647;
			files = (
				8901BAF81C111EDA004F7E81 /* Photos.framework in Frameworks */,
				8901BAF61C111DBF004F7E81 /* AssetsLibrary.framework in Frameworks */,
				897884821B219B3D00033B01 /* libsqlite3.dylib in Frameworks */,
			);
			runOnlyForDeploymentPostprocessing = 0;
		};
		EE5839C71AB9953A00516AC1 /* Frameworks */ = {
			isa = PBXFrameworksBuildPhase;
			buildActionMask = 2147483647;
			files = (
			);
			runOnlyForDeploymentPostprocessing = 0;
		};
/* End PBXFrameworksBuildPhase section */

/* Begin PBXGroup section */
		893FC06C1C25632100BA59BD /* CoreFMDB */ = {
			isa = PBXGroup;
			children = (
				893FC06D1C25632100BA59BD /* CoreFMDB.h */,
				893FC06E1C25632100BA59BD /* CoreFMDB.m */,
				893FC06F1C25632100BA59BD /* Lib */,
			);
			path = CoreFMDB;
			sourceTree = "<group>";
		};
		893FC06F1C25632100BA59BD /* Lib */ = {
			isa = PBXGroup;
			children = (
				893FC0701C25632100BA59BD /* Category */,
				893FC0731C25632100BA59BD /* fmdb */,
				893FC07F1C25632100BA59BD /* Singleton */,
			);
			path = Lib;
			sourceTree = "<group>";
		};
		893FC0701C25632100BA59BD /* Category */ = {
			isa = PBXGroup;
			children = (
				893FC0711C25632100BA59BD /* NSString+CoreFMDB.h */,
				893FC0721C25632100BA59BD /* NSString+CoreFMDB.m */,
			);
			path = Category;
			sourceTree = "<group>";
		};
		893FC0731C25632100BA59BD /* fmdb */ = {
			isa = PBXGroup;
			children = (
				893FC0741C25632100BA59BD /* FMDatabase.h */,
				893FC0751C25632100BA59BD /* FMDatabase.m */,
				893FC0761C25632100BA59BD /* FMDatabaseAdditions.h */,
				893FC0771C25632100BA59BD /* FMDatabaseAdditions.m */,
				893FC0781C25632100BA59BD /* FMDatabasePool.h */,
				893FC0791C25632100BA59BD /* FMDatabasePool.m */,
				893FC07A1C25632100BA59BD /* FMDatabaseQueue.h */,
				893FC07B1C25632100BA59BD /* FMDatabaseQueue.m */,
				893FC07C1C25632100BA59BD /* FMDB.h */,
				893FC07D1C25632100BA59BD /* FMResultSet.h */,
				893FC07E1C25632100BA59BD /* FMResultSet.m */,
			);
			path = fmdb;
			sourceTree = "<group>";
		};
		893FC07F1C25632100BA59BD /* Singleton */ = {
			isa = PBXGroup;
			children = (
				893FC0801C25632100BA59BD /* CoreFMDBSingleton.h */,
			);
			path = Singleton;
			sourceTree = "<group>";
		};
		89551FAF1CB0A8EB00305B24 /* CoreModel */ = {
			isa = PBXGroup;
			children = (
				89551FB01CB0A8EB00305B24 /* CoreModel.h */,
				89551FB11CB0A8EB00305B24 /* CoreModel.m */,
				89551FB21CB0A8EB00305B24 /* Lib */,
			);
			path = CoreModel;
			sourceTree = "<group>";
		};
		89551FB21CB0A8EB00305B24 /* Lib */ = {
			isa = PBXGroup;
			children = (
				89551FB31CB0A8EB00305B24 /* Category */,
				89551FD11CB0A8EB00305B24 /* CoreMoelConst */,
				89551FD41CB0A8EB00305B24 /* Protocol */,
				89551FD71CB0A8EB00305B24 /* Reflect */,
				89551FDC1CB0A8EB00305B24 /* Type */,
			);
			path = Lib;
			sourceTree = "<group>";
		};
		89551FB31CB0A8EB00305B24 /* Category */ = {
			isa = PBXGroup;
			children = (
				89551FB41CB0A8EB00305B24 /* NSArray */,
				89551FB71CB0A8EB00305B24 /* NSDictionary */,
				89551FBA1CB0A8EB00305B24 /* NSObject */,
				89551FCB1CB0A8EB00305B24 /* NSOperationQueue */,
				89551FCE1CB0A8EB00305B24 /* NSString */,
			);
			path = Category;
			sourceTree = "<group>";
		};
		89551FB41CB0A8EB00305B24 /* NSArray */ = {
			isa = PBXGroup;
			children = (
				89551FB51CB0A8EB00305B24 /* NSArray+CoreModel.h */,
				89551FB61CB0A8EB00305B24 /* NSArray+CoreModel.m */,
			);
			path = NSArray;
			sourceTree = "<group>";
		};
		89551FB71CB0A8EB00305B24 /* NSDictionary */ = {
			isa = PBXGroup;
			children = (
				89551FB81CB0A8EB00305B24 /* NSDictionary+Sqlite.h */,
				89551FB91CB0A8EB00305B24 /* NSDictionary+Sqlite.m */,
			);
			path = NSDictionary;
			sourceTree = "<group>";
		};
		89551FBA1CB0A8EB00305B24 /* NSObject */ = {
			isa = PBXGroup;
			children = (
				89551FBB1CB0A8EB00305B24 /* CoreModel+Cache.h */,
				89551FBC1CB0A8EB00305B24 /* CoreModel+Cache.m */,
				89551FBD1CB0A8EB00305B24 /* NSObject+CoreModelCommon.h */,
				89551FBE1CB0A8EB00305B24 /* NSObject+CoreModelCommon.m */,
				89551FBF1CB0A8EB00305B24 /* NSObject+Create.h */,
				89551FC01CB0A8EB00305B24 /* NSObject+Create.m */,
				89551FC11CB0A8EB00305B24 /* NSObject+Delete.h */,
				89551FC21CB0A8EB00305B24 /* NSObject+Delete.m */,
				89551FC31CB0A8EB00305B24 /* NSObject+Insert.h */,
				89551FC41CB0A8EB00305B24 /* NSObject+Insert.m */,
				89551FC51CB0A8EB00305B24 /* NSObject+Save.h */,
				89551FC61CB0A8EB00305B24 /* NSObject+Save.m */,
				89551FC71CB0A8EB00305B24 /* NSObject+Select.h */,
				89551FC81CB0A8EB00305B24 /* NSObject+Select.m */,
				89551FC91CB0A8EB00305B24 /* NSObject+Update.h */,
				89551FCA1CB0A8EB00305B24 /* NSObject+Update.m */,
			);
			path = NSObject;
			sourceTree = "<group>";
		};
		89551FCB1CB0A8EB00305B24 /* NSOperationQueue */ = {
			isa = PBXGroup;
			children = (
				89551FCC1CB0A8EB00305B24 /* NSOperationQueue+Queue.h */,
				89551FCD1CB0A8EB00305B24 /* NSOperationQueue+Queue.m */,
			);
			path = NSOperationQueue;
			sourceTree = "<group>";
		};
		89551FCE1CB0A8EB00305B24 /* NSString */ = {
			isa = PBXGroup;
			children = (
				89551FCF1CB0A8EB00305B24 /* NSString+Stackoverflow.h */,
				89551FD01CB0A8EB00305B24 /* NSString+Stackoverflow.m */,
			);
			path = NSString;
			sourceTree = "<group>";
		};
		89551FD11CB0A8EB00305B24 /* CoreMoelConst */ = {
			isa = PBXGroup;
			children = (
				89551FD21CB0A8EB00305B24 /* CoreModelConst.h */,
				89551FD31CB0A8EB00305B24 /* CoreModelConst.m */,
			);
			path = CoreMoelConst;
			sourceTree = "<group>";
		};
		89551FD41CB0A8EB00305B24 /* Protocol */ = {
			isa = PBXGroup;
			children = (
				89551FD51CB0A8EB00305B24 /* CoreModelProtocol.h */,
				89551FD61CB0A8EB00305B24 /* CorePageModelProtocol.h */,
			);
			path = Protocol;
			sourceTree = "<group>";
		};
		89551FD71CB0A8EB00305B24 /* Reflect */ = {
			isa = PBXGroup;
			children = (
				89551FD81CB0A8EB00305B24 /* CoreProperty.h */,
				89551FD91CB0A8EB00305B24 /* CoreProperty.m */,
				89551FDA1CB0A8EB00305B24 /* NSObject+Runtime.h */,
				89551FDB1CB0A8EB00305B24 /* NSObject+Runtime.m */,
			);
			path = Reflect;
			sourceTree = "<group>";
		};
		89551FDC1CB0A8EB00305B24 /* Type */ = {
			isa = PBXGroup;
			children = (
				89551FDD1CB0A8EB00305B24 /* CoreModelType.h */,
			);
			path = Type;
			sourceTree = "<group>";
		};
		89551FF71CB0B2AF00305B24 /* MJRefresh */ = {
			isa = PBXGroup;
			children = (
				89551FF81CB0B2AF00305B24 /* Base */,
				895520031CB0B2AF00305B24 /* Custom */,
				8955201A1CB0B2AF00305B24 /* MJRefresh.bundle */,
				8955201B1CB0B2AF00305B24 /* MJRefresh.h */,
				8955201C1CB0B2AF00305B24 /* MJRefreshConst.h */,
				8955201D1CB0B2AF00305B24 /* MJRefreshConst.m */,
				8955201E1CB0B2AF00305B24 /* UIScrollView+MJExtension.h */,
				8955201F1CB0B2AF00305B24 /* UIScrollView+MJExtension.m */,
				895520201CB0B2AF00305B24 /* UIScrollView+MJRefresh.h */,
				895520211CB0B2AF00305B24 /* UIScrollView+MJRefresh.m */,
				895520221CB0B2AF00305B24 /* UIView+MJExtension.h */,
				895520231CB0B2AF00305B24 /* UIView+MJExtension.m */,
			);
			path = MJRefresh;
			sourceTree = "<group>";
		};
		89551FF81CB0B2AF00305B24 /* Base */ = {
			isa = PBXGroup;
			children = (
				89551FF91CB0B2AF00305B24 /* MJRefreshAutoFooter.h */,
				89551FFA1CB0B2AF00305B24 /* MJRefreshAutoFooter.m */,
				89551FFB1CB0B2AF00305B24 /* MJRefreshBackFooter.h */,
				89551FFC1CB0B2AF00305B24 /* MJRefreshBackFooter.m */,
				89551FFD1CB0B2AF00305B24 /* MJRefreshComponent.h */,
				89551FFE1CB0B2AF00305B24 /* MJRefreshComponent.m */,
				89551FFF1CB0B2AF00305B24 /* MJRefreshFooter.h */,
				895520001CB0B2AF00305B24 /* MJRefreshFooter.m */,
				895520011CB0B2AF00305B24 /* MJRefreshHeader.h */,
				895520021CB0B2AF00305B24 /* MJRefreshHeader.m */,
			);
			path = Base;
			sourceTree = "<group>";
		};
		895520031CB0B2AF00305B24 /* Custom */ = {
			isa = PBXGroup;
			children = (
				895520041CB0B2AF00305B24 /* Footer */,
				895520131CB0B2AF00305B24 /* Header */,
			);
			path = Custom;
			sourceTree = "<group>";
		};
		895520041CB0B2AF00305B24 /* Footer */ = {
			isa = PBXGroup;
			children = (
				895520051CB0B2AF00305B24 /* Auto */,
				8955200C1CB0B2AF00305B24 /* Back */,
			);
			path = Footer;
			sourceTree = "<group>";
		};
		895520051CB0B2AF00305B24 /* Auto */ = {
			isa = PBXGroup;
			children = (
				895520061CB0B2AF00305B24 /* MJRefreshAutoGifFooter.h */,
				895520071CB0B2AF00305B24 /* MJRefreshAutoGifFooter.m */,
				895520081CB0B2AF00305B24 /* MJRefreshAutoNormalFooter.h */,
				895520091CB0B2AF00305B24 /* MJRefreshAutoNormalFooter.m */,
				8955200A1CB0B2AF00305B24 /* MJRefreshAutoStateFooter.h */,
				8955200B1CB0B2AF00305B24 /* MJRefreshAutoStateFooter.m */,
			);
			path = Auto;
			sourceTree = "<group>";
		};
		8955200C1CB0B2AF00305B24 /* Back */ = {
			isa = PBXGroup;
			children = (
				8955200D1CB0B2AF00305B24 /* MJRefreshBackGifFooter.h */,
				8955200E1CB0B2AF00305B24 /* MJRefreshBackGifFooter.m */,
				8955200F1CB0B2AF00305B24 /* MJRefreshBackNormalFooter.h */,
				895520101CB0B2AF00305B24 /* MJRefreshBackNormalFooter.m */,
				895520111CB0B2AF00305B24 /* MJRefreshBackStateFooter.h */,
				895520121CB0B2AF00305B24 /* MJRefreshBackStateFooter.m */,
			);
			path = Back;
			sourceTree = "<group>";
		};
		895520131CB0B2AF00305B24 /* Header */ = {
			isa = PBXGroup;
			children = (
				895520141CB0B2AF00305B24 /* MJRefreshGifHeader.h */,
				895520151CB0B2AF00305B24 /* MJRefreshGifHeader.m */,
				895520161CB0B2AF00305B24 /* MJRefreshNormalHeader.h */,
				895520171CB0B2AF00305B24 /* MJRefreshNormalHeader.m */,
				895520181CB0B2AF00305B24 /* MJRefreshStateHeader.h */,
				895520191CB0B2AF00305B24 /* MJRefreshStateHeader.m */,
			);
			path = Header;
			sourceTree = "<group>";
		};
		897883D51B21983C00033B01 /* CoreStatus */ = {
			isa = PBXGroup;
			children = (
				897883D61B21983C00033B01 /* CoreStatus.h */,
				897883D71B21983C00033B01 /* CoreStatus.m */,
				897883D81B21983C00033B01 /* Reachability */,
			);
			path = CoreStatus;
			sourceTree = "<group>";
		};
		897883D81B21983C00033B01 /* Reachability */ = {
			isa = PBXGroup;
			children = (
				897883D91B21983C00033B01 /* Reachability.h */,
				897883DA1B21983C00033B01 /* Reachability.m */,
			);
			path = Reachability;
			sourceTree = "<group>";
		};
		898374391C6E0D6000ABC0CA /* CoreHttp */ = {
			isa = PBXGroup;
			children = (
				8983743A1C6E0D6000ABC0CA /* CoreHttp.h */,
				8983743B1C6E0D6000ABC0CA /* CoreHttp.m */,
				8983743C1C6E0D6000ABC0CA /* NSString+CoreHttp */,
				8983743F1C6E0D6000ABC0CA /* Upload */,
			);
			path = CoreHttp;
			sourceTree = "<group>";
		};
		8983743C1C6E0D6000ABC0CA /* NSString+CoreHttp */ = {
			isa = PBXGroup;
			children = (
				8983743D1C6E0D6000ABC0CA /* NSString+CoreHttp.h */,
				8983743E1C6E0D6000ABC0CA /* NSString+CoreHttp.m */,
			);
			path = "NSString+CoreHttp";
			sourceTree = "<group>";
		};
		8983743F1C6E0D6000ABC0CA /* Upload */ = {
			isa = PBXGroup;
			children = (
				898374401C6E0D6000ABC0CA /* NSData+MimeType.h */,
				898374411C6E0D6000ABC0CA /* NSData+MimeType.m */,
				898374421C6E0D6000ABC0CA /* NSData+Param.h */,
				898374431C6E0D6000ABC0CA /* NSData+Param.m */,
				898374441C6E0D6000ABC0CA /* NSString+File.h */,
				898374451C6E0D6000ABC0CA /* NSString+File.m */,
				898374461C6E0D6000ABC0CA /* NSURL+File.h */,
				898374471C6E0D6000ABC0CA /* NSURL+File.m */,
				898374481C6E0D6000ABC0CA /* UploadFile.h */,
				898374491C6E0D6000ABC0CA /* UploadFile.m */,
			);
			path = Upload;
			sourceTree = "<group>";
		};
		898A61F81BA27D760098A0AD /* App */ = {
			isa = PBXGroup;
			children = (
				898A61FA1BA27D760098A0AD /* News */,
				898A62051BA27D760098A0AD /* TG */,
			);
			path = App;
			sourceTree = "<group>";
		};
		898A61FA1BA27D760098A0AD /* News */ = {
			isa = PBXGroup;
			children = (
				898A61FB1BA27D760098A0AD /* Controller */,
				898A61FE1BA27D760098A0AD /* Model */,
				898A62011BA27D760098A0AD /* View */,
			);
			path = News;
			sourceTree = "<group>";
		};
		898A61FB1BA27D760098A0AD /* Controller */ = {
			isa = PBXGroup;
			children = (
				89DCDC0D1C39497200CE7E8F /* NewsListVC.swift */,
			);
			path = Controller;
			sourceTree = "<group>";
		};
		898A61FE1BA27D760098A0AD /* Model */ = {
			isa = PBXGroup;
			children = (
				898A61FF1BA27D760098A0AD /* NewsListModel.h */,
				898A62001BA27D760098A0AD /* NewsListModel.m */,
			);
			path = Model;
			sourceTree = "<group>";
		};
		898A62011BA27D760098A0AD /* View */ = {
			isa = PBXGroup;
			children = (
				898A62041BA27D760098A0AD /* NewsListCell.xib */,
				89DCDC0A1C3947F300CE7E8F /* NewsListCell.swift */,
			);
			path = View;
			sourceTree = "<group>";
		};
		898A62051BA27D760098A0AD /* TG */ = {
			isa = PBXGroup;
			children = (
				898A62061BA27D760098A0AD /* Controller */,
				898A62091BA27D760098A0AD /* Model */,
				898A620C1BA27D760098A0AD /* View */,
			);
			path = TG;
			sourceTree = "<group>";
		};
		898A62061BA27D760098A0AD /* Controller */ = {
			isa = PBXGroup;
			children = (
				89F0ABDA1C39FBCB003BF291 /* TGListCVC.swift */,
			);
			path = Controller;
			sourceTree = "<group>";
		};
		898A62091BA27D760098A0AD /* Model */ = {
			isa = PBXGroup;
			children = (
				898A620A1BA27D760098A0AD /* TGModel.h */,
				898A620B1BA27D760098A0AD /* TGModel.m */,
			);
			path = Model;
			sourceTree = "<group>";
		};
		898A620C1BA27D760098A0AD /* View */ = {
			isa = PBXGroup;
			children = (
				898A620F1BA27D760098A0AD /* TGCell.xib */,
				89F0ABDC1C39FCAA003BF291 /* TGCell.swift */,
			);
			path = View;
			sourceTree = "<group>";
		};
		89A7E6701C47C4B60057AEEF /* CoreList */ = {
			isa = PBXGroup;
			children = (
				89A7E6711C47C4B60057AEEF /* CoreList.h */,
				89A7E6721C47C4B60057AEEF /* CoreListCollectionViewController.h */,
				89A7E6731C47C4B60057AEEF /* CoreListCollectionViewController.m */,
				89A7E6741C47C4B60057AEEF /* CoreListTableViewController.h */,
				89A7E6751C47C4B60057AEEF /* CoreListTableViewController.m */,
				89A7E6761C47C4B60057AEEF /* Lib */,
			);
			path = CoreList;
			sourceTree = "<group>";
		};
		89A7E6761C47C4B60057AEEF /* Lib */ = {
			isa = PBXGroup;
			children = (
				89A7E6771C47C4B60057AEEF /* Category */,
				89A7E67E1C47C4B60057AEEF /* Common */,
				89A7E6801C47C4B60057AEEF /* Controller */,
				89A7E6921C47C4B60057AEEF /* Layout */,
				89A7E6951C47C4B60057AEEF /* Model */,
				89A7E6981C47C4B60057AEEF /* Protocol */,
				89A7E69A1C47C4B60057AEEF /* Resouce */,
				89A7E69C1C47C4B60057AEEF /* Type */,
				89A7E69E1C47C4B60057AEEF /* View */,
			);
			path = Lib;
			sourceTree = "<group>";
		};
		89A7E6771C47C4B60057AEEF /* Category */ = {
			isa = PBXGroup;
			children = (
				89A7E6781C47C4B60057AEEF /* NSArray+CoreListExtend.h */,
				89A7E6791C47C4B60057AEEF /* NSArray+CoreListExtend.m */,
				89A7E67A1C47C4B60057AEEF /* NSString+Equal.h */,
				89A7E67B1C47C4B60057AEEF /* NSString+Equal.m */,
				89A7E67C1C47C4B60057AEEF /* UIView+CoreListLayout.h */,
				89A7E67D1C47C4B60057AEEF /* UIView+CoreListLayout.m */,
				89551FEE1CB0A9D900305B24 /* CoreModel+CoreListCompare.h */,
				89551FEF1CB0A9D900305B24 /* CoreModel+CoreListCompare.m */,
				89551FF41CB0AA4E00305B24 /* CoreModel+CoreListCache.h */,
				89551FF51CB0AA4E00305B24 /* CoreModel+CoreListCache.m */,
			);
			path = Category;
			sourceTree = "<group>";
		};
		89A7E67E1C47C4B60057AEEF /* Common */ = {
			isa = PBXGroup;
			children = (
				89A7E67F1C47C4B60057AEEF /* CoreListConst.h */,
			);
			path = Common;
			sourceTree = "<group>";
		};
		89A7E6801C47C4B60057AEEF /* Controller */ = {
			isa = PBXGroup;
			children = (
				89A7E6811C47C4B60057AEEF /* CoreListCommonVC+BackBtn.h */,
				89A7E6821C47C4B60057AEEF /* CoreListCommonVC+BackBtn.m */,
				89A7E6831C47C4B60057AEEF /* CoreListCommonVC+Data.h */,
				89A7E6841C47C4B60057AEEF /* CoreListCommonVC+Data.m */,
				89A7E6851C47C4B60057AEEF /* CoreListCommonVC+LifeFunc.h */,
				89A7E6861C47C4B60057AEEF /* CoreListCommonVC+LifeFunc.m */,
				89A7E6871C47C4B60057AEEF /* CoreListCommonVC+Main.h */,
				89A7E6881C47C4B60057AEEF /* CoreListCommonVC+Main.m */,
				89A7E6891C47C4B60057AEEF /* CoreListCommonVC+Reachability.h */,
				89A7E68A1C47C4B60057AEEF /* CoreListCommonVC+Reachability.m */,
				89A7E68B1C47C4B60057AEEF /* CoreListCommonVC+Refresh.h */,
				89A7E68C1C47C4B60057AEEF /* CoreListCommonVC+Refresh.m */,
				89A7E68D1C47C4B60057AEEF /* CoreListCommonVC+ScrollView.h */,
				89A7E68E1C47C4B60057AEEF /* CoreListCommonVC+ScrollView.m */,
				89A7E68F1C47C4B60057AEEF /* CoreListCommonVC.h */,
				89A7E6901C47C4B60057AEEF /* CoreListCommonVC.m */,
				89A7E6911C47C4B60057AEEF /* CoreListCommonVCProtocol.h */,
			);
			path = Controller;
			sourceTree = "<group>";
		};
		89A7E6921C47C4B60057AEEF /* Layout */ = {
			isa = PBXGroup;
			children = (
				89A7E6931C47C4B60057AEEF /* CLWaterflowLayout.h */,
				89A7E6941C47C4B60057AEEF /* CLWaterflowLayout.m */,
			);
			path = Layout;
			sourceTree = "<group>";
		};
		89A7E6951C47C4B60057AEEF /* Model */ = {
			isa = PBXGroup;
			children = (
				89A7E6961C47C4B60057AEEF /* CoreListModel.h */,
				89A7E6971C47C4B60057AEEF /* CoreListModel.m */,
				899155271C5F6ED200D3566B /* CoreListVCNeedRefreshNotiModel.h */,
				899155281C5F6ED200D3566B /* CoreListVCNeedRefreshNotiModel.m */,
			);
			path = Model;
			sourceTree = "<group>";
		};
		89A7E6981C47C4B60057AEEF /* Protocol */ = {
			isa = PBXGroup;
			children = (
				89A7E6991C47C4B60057AEEF /* ViewControllerListProtocol.h */,
			);
			path = Protocol;
			sourceTree = "<group>";
		};
		89A7E69A1C47C4B60057AEEF /* Resouce */ = {
			isa = PBXGroup;
			children = (
				89A7E69B1C47C4B60057AEEF /* CoreList.bundle */,
			);
			path = Resouce;
			sourceTree = "<group>";
		};
		89A7E69C1C47C4B60057AEEF /* Type */ = {
			isa = PBXGroup;
			children = (
				89A7E69D1C47C4B60057AEEF /* CoreListType.h */,
			);
			path = Type;
			sourceTree = "<group>";
		};
		89A7E69E1C47C4B60057AEEF /* View */ = {
			isa = PBXGroup;
			children = (
				89F7F7011C6E1B63009716BE /* MessageView */,
				89A7E69F1C47C4B60057AEEF /* CollectionViewCell */,
				89A7E6A21C47C4B60057AEEF /* TableViewCell */,
			);
			path = View;
			sourceTree = "<group>";
		};
		89A7E69F1C47C4B60057AEEF /* CollectionViewCell */ = {
			isa = PBXGroup;
			children = (
				89A7E6A01C47C4B60057AEEF /* CoreListCollectionViewCell.h */,
				89A7E6A11C47C4B60057AEEF /* CoreListCollectionViewCell.m */,
			);
			path = CollectionViewCell;
			sourceTree = "<group>";
		};
		89A7E6A21C47C4B60057AEEF /* TableViewCell */ = {
			isa = PBXGroup;
			children = (
				89A7E6A31C47C4B60057AEEF /* CoreListCellProtocol.h */,
				89A7E6A41C47C4B60057AEEF /* CoreListTableViewCell.h */,
				89A7E6A51C47C4B60057AEEF /* CoreListTableViewCell.m */,
			);
			path = TableViewCell;
			sourceTree = "<group>";
		};
		89F7F7011C6E1B63009716BE /* MessageView */ = {
			isa = PBXGroup;
			children = (
				89F7F7021C6E1B63009716BE /* CoreListMessageView.h */,
				89F7F7031C6E1B63009716BE /* CoreListMessageView.m */,
				89F7F7041C6E1B63009716BE /* CoreListMessageView.xib */,
			);
			path = MessageView;
			sourceTree = "<group>";
		};
		89F998F31C12F7DE00DA2DC8 /* MJExtension */ = {
			isa = PBXGroup;
			children = (
				89F998F41C12F7DE00DA2DC8 /* MJDictionaryCache.h */,
				89F998F51C12F7DE00DA2DC8 /* MJDictionaryCache.m */,
				89F998F61C12F7DE00DA2DC8 /* MJExtension.h */,
				89F998F71C12F7DE00DA2DC8 /* MJExtensionConst.h */,
				89F998F81C12F7DE00DA2DC8 /* MJExtensionConst.m */,
				89F998F91C12F7DE00DA2DC8 /* MJFoundation.h */,
				89F998FA1C12F7DE00DA2DC8 /* MJFoundation.m */,
				89F998FB1C12F7DE00DA2DC8 /* MJProperty.h */,
				89F998FC1C12F7DE00DA2DC8 /* MJProperty.m */,
				89F998FD1C12F7DE00DA2DC8 /* MJPropertyKey.h */,
				89F998FE1C12F7DE00DA2DC8 /* MJPropertyKey.m */,
				89F998FF1C12F7DE00DA2DC8 /* MJPropertyType.h */,
				89F999001C12F7DE00DA2DC8 /* MJPropertyType.m */,
				89F999011C12F7DE00DA2DC8 /* NSObject+MJClass.h */,
				89F999021C12F7DE00DA2DC8 /* NSObject+MJClass.m */,
				89F999031C12F7DE00DA2DC8 /* NSObject+MJCoding.h */,
				89F999041C12F7DE00DA2DC8 /* NSObject+MJCoding.m */,
				89F999051C12F7DE00DA2DC8 /* NSObject+MJKeyValue.h */,
				89F999061C12F7DE00DA2DC8 /* NSObject+MJKeyValue.m */,
				89F999071C12F7DE00DA2DC8 /* NSObject+MJProperty.h */,
				89F999081C12F7DE00DA2DC8 /* NSObject+MJProperty.m */,
				89F999091C12F7DE00DA2DC8 /* NSString+MJExtension.h */,
				89F9990A1C12F7DE00DA2DC8 /* NSString+MJExtension.m */,
			);
			path = MJExtension;
			sourceTree = "<group>";
		};
		EE5839A81AB9953A00516AC1 = {
			isa = PBXGroup;
			children = (
				EE5839B31AB9953A00516AC1 /* CoreList */,
				EE5839CD1AB9953A00516AC1 /* CoreListTests */,
				EE5839B21AB9953A00516AC1 /* Products */,
			);
			sourceTree = "<group>";
		};
		EE5839B21AB9953A00516AC1 /* Products */ = {
			isa = PBXGroup;
			children = (
				EE5839B11AB9953A00516AC1 /* CoreList.app */,
				EE5839CA1AB9953A00516AC1 /* CoreListTests.xctest */,
			);
			name = Products;
			sourceTree = "<group>";
		};
		EE5839B31AB9953A00516AC1 /* CoreList */ = {
			isa = PBXGroup;
			children = (
				898A61F81BA27D760098A0AD /* App */,
				89A7E6701C47C4B60057AEEF /* CoreList */,
				EE5839FB1AB9957800516AC1 /* FrameWorks */,
				EE5839B81AB9953A00516AC1 /* AppDelegate.h */,
				8901BAF71C111EDA004F7E81 /* Photos.framework */,
				8901BAF51C111DBF004F7E81 /* AssetsLibrary.framework */,
				EE5839B91AB9953A00516AC1 /* AppDelegate.m */,
				EE5839BB1AB9953A00516AC1 /* ViewController.h */,
				EE5839BC1AB9953A00516AC1 /* ViewController.m */,
				EE5839BE1AB9953A00516AC1 /* Main.storyboard */,
				EE5839C11AB9953A00516AC1 /* Images.xcassets */,
				EE5839C31AB9953A00516AC1 /* LaunchScreen.xib */,
				EE5839B41AB9953A00516AC1 /* Supporting Files */,
			);
			path = CoreList;
			sourceTree = "<group>";
		};
		EE5839B41AB9953A00516AC1 /* Supporting Files */ = {
			isa = PBXGroup;
			children = (
				EE5839B51AB9953A00516AC1 /* Info.plist */,
				EE5839B61AB9953A00516AC1 /* main.m */,
				89DCDC0C1C39480700CE7E8F /* oc.h */,
			);
			name = "Supporting Files";
			sourceTree = "<group>";
		};
		EE5839CD1AB9953A00516AC1 /* CoreListTests */ = {
			isa = PBXGroup;
			children = (
				EE5839D01AB9953A00516AC1 /* CoreListTests.m */,
				EE5839CE1AB9953A00516AC1 /* Supporting Files */,
			);
			path = CoreListTests;
			sourceTree = "<group>";
		};
		EE5839CE1AB9953A00516AC1 /* Supporting Files */ = {
			isa = PBXGroup;
			children = (
				897884811B219B3D00033B01 /* libsqlite3.dylib */,
				EE5839CF1AB9953A00516AC1 /* Info.plist */,
			);
			name = "Supporting Files";
			sourceTree = "<group>";
		};
		EE5839FB1AB9957800516AC1 /* FrameWorks */ = {
			isa = PBXGroup;
			children = (
				89551FF71CB0B2AF00305B24 /* MJRefresh */,
				89551FAF1CB0A8EB00305B24 /* CoreModel */,
				898374391C6E0D6000ABC0CA /* CoreHttp */,
				893FC06C1C25632100BA59BD /* CoreFMDB */,
				89F998F31C12F7DE00DA2DC8 /* MJExtension */,
				897883D51B21983C00033B01 /* CoreStatus */,
			);
			path = FrameWorks;
			sourceTree = "<group>";
		};
/* End PBXGroup section */

/* Begin PBXNativeTarget section */
		EE5839B01AB9953A00516AC1 /* CoreList */ = {
			isa = PBXNativeTarget;
			buildConfigurationList = EE5839D41AB9953A00516AC1 /* Build configuration list for PBXNativeTarget "CoreList" */;
			buildPhases = (
				EE5839AD1AB9953A00516AC1 /* Sources */,
				EE5839AE1AB9953A00516AC1 /* Frameworks */,
				EE5839AF1AB9953A00516AC1 /* Resources */,
			);
			buildRules = (
			);
			dependencies = (
			);
			name = CoreList;
			productName = CoreList;
			productReference = EE5839B11AB9953A00516AC1 /* CoreList.app */;
			productType = "com.apple.product-type.application";
		};
		EE5839C91AB9953A00516AC1 /* CoreListTests */ = {
			isa = PBXNativeTarget;
			buildConfigurationList = EE5839D71AB9953A00516AC1 /* Build configuration list for PBXNativeTarget "CoreListTests" */;
			buildPhases = (
				EE5839C61AB9953A00516AC1 /* Sources */,
				EE5839C71AB9953A00516AC1 /* Frameworks */,
				EE5839C81AB9953A00516AC1 /* Resources */,
			);
			buildRules = (
			);
			dependencies = (
				EE5839CC1AB9953A00516AC1 /* PBXTargetDependency */,
			);
			name = CoreListTests;
			productName = CoreListTests;
			productReference = EE5839CA1AB9953A00516AC1 /* CoreListTests.xctest */;
			productType = "com.apple.product-type.bundle.unit-test";
		};
/* End PBXNativeTarget section */

/* Begin PBXProject section */
		EE5839A91AB9953A00516AC1 /* Project object */ = {
			isa = PBXProject;
			attributes = {
				LastSwiftUpdateCheck = 0720;
				LastUpgradeCheck = 0610;
				ORGANIZATIONNAME = muxi;
				TargetAttributes = {
					EE5839B01AB9953A00516AC1 = {
						CreatedOnToolsVersion = 6.1.1;
					};
					EE5839C91AB9953A00516AC1 = {
						CreatedOnToolsVersion = 6.1.1;
						TestTargetID = EE5839B01AB9953A00516AC1;
					};
				};
			};
			buildConfigurationList = EE5839AC1AB9953A00516AC1 /* Build configuration list for PBXProject "CoreList" */;
			compatibilityVersion = "Xcode 3.2";
			developmentRegion = English;
			hasScannedForEncodings = 0;
			knownRegions = (
				en,
				Base,
			);
			mainGroup = EE5839A81AB9953A00516AC1;
			productRefGroup = EE5839B21AB9953A00516AC1 /* Products */;
			projectDirPath = "";
			projectRoot = "";
			targets = (
				EE5839B01AB9953A00516AC1 /* CoreList */,
				EE5839C91AB9953A00516AC1 /* CoreListTests */,
			);
		};
/* End PBXProject section */

/* Begin PBXResourcesBuildPhase section */
		EE5839AF1AB9953A00516AC1 /* Resources */ = {
			isa = PBXResourcesBuildPhase;
			buildActionMask = 2147483647;
			files = (
				EE5839C01AB9953A00516AC1 /* Main.storyboard in Resources */,
				898A62171BA27D760098A0AD /* TGCell.xib in Resources */,
				89F7F7061C6E1B63009716BE /* CoreListMessageView.xib in Resources */,
				89A7E6B51C47C4B60057AEEF /* CoreList.bundle in Resources */,
				898A62131BA27D760098A0AD /* NewsListCell.xib in Resources */,
				EE5839C51AB9953A00516AC1 /* LaunchScreen.xib in Resources */,
				895520321CB0B2AF00305B24 /* MJRefresh.bundle in Resources */,
				EE5839C21AB9953A00516AC1 /* Images.xcassets in Resources */,
			);
			runOnlyForDeploymentPostprocessing = 0;
		};
		EE5839C81AB9953A00516AC1 /* Resources */ = {
			isa = PBXResourcesBuildPhase;
			buildActionMask = 2147483647;
			files = (
			);
			runOnlyForDeploymentPostprocessing = 0;
		};
/* End PBXResourcesBuildPhase section */

/* Begin PBXSourcesBuildPhase section */
		EE5839AD1AB9953A00516AC1 /* Sources */ = {
			isa = PBXSourcesBuildPhase;
			buildActionMask = 2147483647;
			files = (
				89551FEA1CB0A8EB00305B24 /* NSString+Stackoverflow.m in Sources */,
				89551FF01CB0A9D900305B24 /* CoreModel+CoreListCompare.m in Sources */,
				898374501C6E0D6000ABC0CA /* UploadFile.m in Sources */,
				89551FDF1CB0A8EB00305B24 /* NSArray+CoreModel.m in Sources */,
				89551FF61CB0AA4E00305B24 /* CoreModel+CoreListCache.m in Sources */,
				89551FE81CB0A8EB00305B24 /* NSObject+Update.m in Sources */,
				89551FE91CB0A8EB00305B24 /* NSOperationQueue+Queue.m in Sources */,
				89F9990C1C12F7DE00DA2DC8 /* MJExtensionConst.m in Sources */,
				895520331CB0B2AF00305B24 /* MJRefreshConst.m in Sources */,
				89551FE01CB0A8EB00305B24 /* NSDictionary+Sqlite.m in Sources */,
				89F999141C12F7DE00DA2DC8 /* NSObject+MJProperty.m in Sources */,
				89A7E6B11C47C4B60057AEEF /* CoreListCommonVC+ScrollView.m in Sources */,
				893FC0861C25632100BA59BD /* FMDatabaseQueue.m in Sources */,
				8983744F1C6E0D6000ABC0CA /* NSURL+File.m in Sources */,
				898A62151BA27D760098A0AD /* TGModel.m in Sources */,
				89551FEB1CB0A8EB00305B24 /* CoreModelConst.m in Sources */,
				893FC0821C25632100BA59BD /* NSString+CoreFMDB.m in Sources */,
				89F9990D1C12F7DE00DA2DC8 /* MJFoundation.m in Sources */,
				EE5839BD1AB9953A00516AC1 /* ViewController.m in Sources */,
				895520251CB0B2AF00305B24 /* MJRefreshBackFooter.m in Sources */,
				897883DB1B21983C00033B01 /* CoreStatus.m in Sources */,
				8955202E1CB0B2AF00305B24 /* MJRefreshBackStateFooter.m in Sources */,
				89F9990F1C12F7DE00DA2DC8 /* MJPropertyKey.m in Sources */,
				89A7E6AF1C47C4B60057AEEF /* CoreListCommonVC+Reachability.m in Sources */,
				895520291CB0B2AF00305B24 /* MJRefreshAutoGifFooter.m in Sources */,
				89A7E6AA1C47C4B60057AEEF /* UIView+CoreListLayout.m in Sources */,
				8983744A1C6E0D6000ABC0CA /* CoreHttp.m in Sources */,
				895520261CB0B2AF00305B24 /* MJRefreshComponent.m in Sources */,
				89A7E6B21C47C4B60057AEEF /* CoreListCommonVC.m in Sources */,
				89A7E6A71C47C4B60057AEEF /* CoreListTableViewController.m in Sources */,
				89DCDC0E1C39497200CE7E8F /* NewsListVC.swift in Sources */,
				89A7E6A91C47C4B60057AEEF /* NSString+Equal.m in Sources */,
				895520311CB0B2AF00305B24 /* MJRefreshStateHeader.m in Sources */,
				8955202D1CB0B2AF00305B24 /* MJRefreshBackNormalFooter.m in Sources */,
				8983744C1C6E0D6000ABC0CA /* NSData+MimeType.m in Sources */,
				89DCDC0B1C3947F300CE7E8F /* NewsListCell.swift in Sources */,
				89A7E6B71C47C4B60057AEEF /* CoreListTableViewCell.m in Sources */,
				8983744D1C6E0D6000ABC0CA /* NSData+Param.m in Sources */,
				89551FE51CB0A8EB00305B24 /* NSObject+Insert.m in Sources */,
				895520271CB0B2AF00305B24 /* MJRefreshFooter.m in Sources */,
				89F0ABDB1C39FBCB003BF291 /* TGListCVC.swift in Sources */,
				89551FE41CB0A8EB00305B24 /* NSObject+Delete.m in Sources */,
				8983744E1C6E0D6000ABC0CA /* NSString+File.m in Sources */,
				89F9990B1C12F7DE00DA2DC8 /* MJDictionaryCache.m in Sources */,
				89F0ABDD1C39FCAA003BF291 /* TGCell.swift in Sources */,
				8955202C1CB0B2AF00305B24 /* MJRefreshBackGifFooter.m in Sources */,
				895520301CB0B2AF00305B24 /* MJRefreshNormalHeader.m in Sources */,
				EE5839BA1AB9953A00516AC1 /* AppDelegate.m in Sources */,
				89F999151C12F7DE00DA2DC8 /* NSString+MJExtension.m in Sources */,
				89F9990E1C12F7DE00DA2DC8 /* MJProperty.m in Sources */,
				89551FEC1CB0A8EB00305B24 /* CoreProperty.m in Sources */,
				898A62111BA27D760098A0AD /* NewsListModel.m in Sources */,
				89551FE31CB0A8EB00305B24 /* NSObject+Create.m in Sources */,
				89551FE71CB0A8EB00305B24 /* NSObject+Select.m in Sources */,
				89551FE21CB0A8EB00305B24 /* NSObject+CoreModelCommon.m in Sources */,
				897883DC1B21983C00033B01 /* Reachability.m in Sources */,
				89551FE11CB0A8EB00305B24 /* CoreModel+Cache.m in Sources */,
				89A7E6AE1C47C4B60057AEEF /* CoreListCommonVC+Main.m in Sources */,
				8983744B1C6E0D6000ABC0CA /* NSString+CoreHttp.m in Sources */,
				893FC0841C25632100BA59BD /* FMDatabaseAdditions.m in Sources */,
				895520241CB0B2AF00305B24 /* MJRefreshAutoFooter.m in Sources */,
				89551FE61CB0A8EB00305B24 /* NSObject+Save.m in Sources */,
				89A7E6AD1C47C4B60057AEEF /* CoreListCommonVC+LifeFunc.m in Sources */,
				89F999101C12F7DE00DA2DC8 /* MJPropertyType.m in Sources */,
				89A7E6AC1C47C4B60057AEEF /* CoreListCommonVC+Data.m in Sources */,
				89F7F7051C6E1B63009716BE /* CoreListMessageView.m in Sources */,
				89A7E6A61C47C4B60057AEEF /* CoreListCollectionViewController.m in Sources */,
				8955202A1CB0B2AF00305B24 /* MJRefreshAutoNormalFooter.m in Sources */,
				895520351CB0B2AF00305B24 /* UIScrollView+MJRefresh.m in Sources */,
				89551FED1CB0A8EB00305B24 /* NSObject+Runtime.m in Sources */,
				EE5839B71AB9953A00516AC1 /* main.m in Sources */,
				89A7E6B41C47C4B60057AEEF /* CoreListModel.m in Sources */,
				8955202F1CB0B2AF00305B24 /* MJRefreshGifHeader.m in Sources */,
				899155291C5F6ED200D3566B /* CoreListVCNeedRefreshNotiModel.m in Sources */,
				89F999111C12F7DE00DA2DC8 /* NSObject+MJClass.m in Sources */,
				893FC0871C25632100BA59BD /* FMResultSet.m in Sources */,
				89F999131C12F7DE00DA2DC8 /* NSObject+MJKeyValue.m in Sources */,
				89A7E6AB1C47C4B60057AEEF /* CoreListCommonVC+BackBtn.m in Sources */,
				895520341CB0B2AF00305B24 /* UIScrollView+MJExtension.m in Sources */,
				89A7E6B01C47C4B60057AEEF /* CoreListCommonVC+Refresh.m in Sources */,
				8955202B1CB0B2AF00305B24 /* MJRefreshAutoStateFooter.m in Sources */,
				89A7E6A81C47C4B60057AEEF /* NSArray+CoreListExtend.m in Sources */,
				893FC0831C25632100BA59BD /* FMDatabase.m in Sources */,
				89A7E6B61C47C4B60057AEEF /* CoreListCollectionViewCell.m in Sources */,
				89A7E6B31C47C4B60057AEEF /* CLWaterflowLayout.m in Sources */,
				895520281CB0B2AF00305B24 /* MJRefreshHeader.m in Sources */,
				89F999121C12F7DE00DA2DC8 /* NSObject+MJCoding.m in Sources */,
				895520361CB0B2AF00305B24 /* UIView+MJExtension.m in Sources */,
				893FC0851C25632100BA59BD /* FMDatabasePool.m in Sources */,
				89551FDE1CB0A8EB00305B24 /* CoreModel.m in Sources */,
				893FC0811C25632100BA59BD /* CoreFMDB.m in Sources */,
			);
			runOnlyForDeploymentPostprocessing = 0;
		};
		EE5839C61AB9953A00516AC1 /* Sources */ = {
			isa = PBXSourcesBuildPhase;
			buildActionMask = 2147483647;
			files = (
				EE5839D11AB9953A00516AC1 /* CoreListTests.m in Sources */,
			);
			runOnlyForDeploymentPostprocessing = 0;
		};
/* End PBXSourcesBuildPhase section */

/* Begin PBXTargetDependency section */
		EE5839CC1AB9953A00516AC1 /* PBXTargetDependency */ = {
			isa = PBXTargetDependency;
			target = EE5839B01AB9953A00516AC1 /* CoreList */;
			targetProxy = EE5839CB1AB9953A00516AC1 /* PBXContainerItemProxy */;
		};
/* End PBXTargetDependency section */

/* Begin PBXVariantGroup section */
		EE5839BE1AB9953A00516AC1 /* Main.storyboard */ = {
			isa = PBXVariantGroup;
			children = (
				EE5839BF1AB9953A00516AC1 /* Base */,
			);
			name = Main.storyboard;
			sourceTree = "<group>";
		};
		EE5839C31AB9953A00516AC1 /* LaunchScreen.xib */ = {
			isa = PBXVariantGroup;
			children = (
				EE5839C41AB9953A00516AC1 /* Base */,
			);
			name = LaunchScreen.xib;
			sourceTree = "<group>";
		};
/* End PBXVariantGroup section */

/* Begin XCBuildConfiguration section */
		EE5839D21AB9953A00516AC1 /* Debug */ = {
			isa = XCBuildConfiguration;
			buildSettings = {
				ALWAYS_SEARCH_USER_PATHS = NO;
				CLANG_CXX_LANGUAGE_STANDARD = "gnu++0x";
				CLANG_CXX_LIBRARY = "libc++";
				CLANG_ENABLE_MODULES = YES;
				CLANG_ENABLE_OBJC_ARC = YES;
				CLANG_WARN_BOOL_CONVERSION = YES;
				CLANG_WARN_CONSTANT_CONVERSION = YES;
				CLANG_WARN_DIRECT_OBJC_ISA_USAGE = YES_ERROR;
				CLANG_WARN_EMPTY_BODY = YES;
				CLANG_WARN_ENUM_CONVERSION = YES;
				CLANG_WARN_INT_CONVERSION = YES;
				CLANG_WARN_OBJC_ROOT_CLASS = YES_ERROR;
				CLANG_WARN_UNREACHABLE_CODE = YES;
				CLANG_WARN__DUPLICATE_METHOD_MATCH = YES;
				"CODE_SIGN_IDENTITY[sdk=iphoneos*]" = "iPhone Developer";
				COPY_PHASE_STRIP = NO;
				ENABLE_STRICT_OBJC_MSGSEND = YES;
				GCC_C_LANGUAGE_STANDARD = gnu99;
				GCC_DYNAMIC_NO_PIC = NO;
				GCC_OPTIMIZATION_LEVEL = 0;
				GCC_PREPROCESSOR_DEFINITIONS = (
					"DEBUG=1",
					"$(inherited)",
				);
				GCC_SYMBOLS_PRIVATE_EXTERN = NO;
				GCC_WARN_64_TO_32_BIT_CONVERSION = YES;
				GCC_WARN_ABOUT_RETURN_TYPE = YES_ERROR;
				GCC_WARN_UNDECLARED_SELECTOR = YES;
				GCC_WARN_UNINITIALIZED_AUTOS = YES_AGGRESSIVE;
				GCC_WARN_UNUSED_FUNCTION = YES;
				GCC_WARN_UNUSED_VARIABLE = YES;
				IPHONEOS_DEPLOYMENT_TARGET = 8.1;
				MTL_ENABLE_DEBUG_INFO = YES;
				ONLY_ACTIVE_ARCH = YES;
				SDKROOT = iphoneos;
			};
			name = Debug;
		};
		EE5839D31AB9953A00516AC1 /* Release */ = {
			isa = XCBuildConfiguration;
			buildSettings = {
				ALWAYS_SEARCH_USER_PATHS = NO;
				CLANG_CXX_LANGUAGE_STANDARD = "gnu++0x";
				CLANG_CXX_LIBRARY = "libc++";
				CLANG_ENABLE_MODULES = YES;
				CLANG_ENABLE_OBJC_ARC = YES;
				CLANG_WARN_BOOL_CONVERSION = YES;
				CLANG_WARN_CONSTANT_CONVERSION = YES;
				CLANG_WARN_DIRECT_OBJC_ISA_USAGE = YES_ERROR;
				CLANG_WARN_EMPTY_BODY = YES;
				CLANG_WARN_ENUM_CONVERSION = YES;
				CLANG_WARN_INT_CONVERSION = YES;
				CLANG_WARN_OBJC_ROOT_CLASS = YES_ERROR;
				CLANG_WARN_UNREACHABLE_CODE = YES;
				CLANG_WARN__DUPLICATE_METHOD_MATCH = YES;
				"CODE_SIGN_IDENTITY[sdk=iphoneos*]" = "iPhone Developer";
				COPY_PHASE_STRIP = YES;
				ENABLE_NS_ASSERTIONS = NO;
				ENABLE_STRICT_OBJC_MSGSEND = YES;
				GCC_C_LANGUAGE_STANDARD = gnu99;
				GCC_WARN_64_TO_32_BIT_CONVERSION = YES;
				GCC_WARN_ABOUT_RETURN_TYPE = YES_ERROR;
				GCC_WARN_UNDECLARED_SELECTOR = YES;
				GCC_WARN_UNINITIALIZED_AUTOS = YES_AGGRESSIVE;
				GCC_WARN_UNUSED_FUNCTION = YES;
				GCC_WARN_UNUSED_VARIABLE = YES;
				IPHONEOS_DEPLOYMENT_TARGET = 8.1;
				MTL_ENABLE_DEBUG_INFO = NO;
				SDKROOT = iphoneos;
				VALIDATE_PRODUCT = YES;
			};
			name = Release;
		};
		EE5839D51AB9953A00516AC1 /* Debug */ = {
			isa = XCBuildConfiguration;
			buildSettings = {
				ASSETCATALOG_COMPILER_APPICON_NAME = AppIcon;
				ASSETCATALOG_COMPILER_LAUNCHIMAGE_NAME = LaunchImage;
				CLANG_ENABLE_MODULES = YES;
				INFOPLIST_FILE = CoreList/Info.plist;
				IPHONEOS_DEPLOYMENT_TARGET = 7.0;
				LD_RUNPATH_SEARCH_PATHS = "$(inherited) @executable_path/Frameworks";
				OTHER_LDFLAGS = (
					"-lc++",
					"-ObjC",
				);
				PRODUCT_NAME = "$(TARGET_NAME)";
				SWIFT_OBJC_BRIDGING_HEADER = "$(SRCROOT)/$(TARGET_NAME)/oc.h";
				SWIFT_OPTIMIZATION_LEVEL = "-Onone";
			};
			name = Debug;
		};
		EE5839D61AB9953A00516AC1 /* Release */ = {
			isa = XCBuildConfiguration;
			buildSettings = {
				ASSETCATALOG_COMPILER_APPICON_NAME = AppIcon;
				ASSETCATALOG_COMPILER_LAUNCHIMAGE_NAME = LaunchImage;
				CLANG_ENABLE_MODULES = YES;
				INFOPLIST_FILE = CoreList/Info.plist;
				IPHONEOS_DEPLOYMENT_TARGET = 7.0;
				LD_RUNPATH_SEARCH_PATHS = "$(inherited) @executable_path/Frameworks";
				OTHER_LDFLAGS = (
					"-lc++",
					"-ObjC",
				);
				PRODUCT_NAME = "$(TARGET_NAME)";
				SWIFT_OBJC_BRIDGING_HEADER = "$(SRCROOT)/$(TARGET_NAME)/oc.h";
			};
			name = Release;
		};
		EE5839D81AB9953A00516AC1 /* Debug */ = {
			isa = XCBuildConfiguration;
			buildSettings = {
				BUNDLE_LOADER = "$(TEST_HOST)";
				FRAMEWORK_SEARCH_PATHS = (
					"$(SDKROOT)/Developer/Library/Frameworks",
					"$(inherited)",
				);
				GCC_PREPROCESSOR_DEFINITIONS = (
					"DEBUG=1",
					"$(inherited)",
				);
				INFOPLIST_FILE = CoreListTests/Info.plist;
				LD_RUNPATH_SEARCH_PATHS = "$(inherited) @executable_path/Frameworks @loader_path/Frameworks";
				PRODUCT_NAME = "$(TARGET_NAME)";
				TEST_HOST = "$(BUILT_PRODUCTS_DIR)/CoreList.app/CoreList";
			};
			name = Debug;
		};
		EE5839D91AB9953A00516AC1 /* Release */ = {
			isa = XCBuildConfiguration;
			buildSettings = {
				BUNDLE_LOADER = "$(TEST_HOST)";
				FRAMEWORK_SEARCH_PATHS = (
					"$(SDKROOT)/Developer/Library/Frameworks",
					"$(inherited)",
				);
				INFOPLIST_FILE = CoreListTests/Info.plist;
				LD_RUNPATH_SEARCH_PATHS = "$(inherited) @executable_path/Frameworks @loader_path/Frameworks";
				PRODUCT_NAME = "$(TARGET_NAME)";
				TEST_HOST = "$(BUILT_PRODUCTS_DIR)/CoreList.app/CoreList";
			};
			name = Release;
		};
/* End XCBuildConfiguration section */

/* Begin XCConfigurationList section */
		EE5839AC1AB9953A00516AC1 /* Build configuration list for PBXProject "CoreList" */ = {
			isa = XCConfigurationList;
			buildConfigurations = (
				EE5839D21AB9953A00516AC1 /* Debug */,
				EE5839D31AB9953A00516AC1 /* Release */,
			);
			defaultConfigurationIsVisible = 0;
			defaultConfigurationName = Release;
		};
		EE5839D41AB9953A00516AC1 /* Build configuration list for PBXNativeTarget "CoreList" */ = {
			isa = XCConfigurationList;
			buildConfigurations = (
				EE5839D51AB9953A00516AC1 /* Debug */,
				EE5839D61AB9953A00516AC1 /* Release */,
			);
			defaultConfigurationIsVisible = 0;
			defaultConfigurationName = Release;
		};
		EE5839D71AB9953A00516AC1 /* Build configuration list for PBXNativeTarget "CoreListTests" */ = {
			isa = XCConfigurationList;
			buildConfigurations = (
				EE5839D81AB9953A00516AC1 /* Debug */,
				EE5839D91AB9953A00516AC1 /* Release */,
			);
			defaultConfigurationIsVisible = 0;
			defaultConfigurationName = Release;
		};
/* End XCConfigurationList section */
	};
	rootObject = EE5839A91AB9953A00516AC1 /* Project object */;
}
