// !$*UTF8*$!
{
	archiveVersion = 1;
	classes = {
	};
	objectVersion = 46;
	objects = {

/* Begin PBXBuildFile section */
		891DC8171BA6B39E004EA688 /* CoreListCollectionViewCell.m in Sources */ = {isa = PBXBuildFile; fileRef = 891DC8121BA6B39E004EA688 /* CoreListCollectionViewCell.m */; };
		891DC8181BA6B39E004EA688 /* CoreListTableViewCell.m in Sources */ = {isa = PBXBuildFile; fileRef = 891DC8161BA6B39E004EA688 /* CoreListTableViewCell.m */; };
		893C7C741B21CF73003A6D1D /* CoreListCommonVC.m in Sources */ = {isa = PBXBuildFile; fileRef = 893C7C6E1B21CF73003A6D1D /* CoreListCommonVC.m */; };
		893C7C751B21CF73003A6D1D /* CoreList.bundle in Resources */ = {isa = PBXBuildFile; fileRef = 893C7C721B21CF73003A6D1D /* CoreList.bundle */; };
		893C7C781B21CF91003A6D1D /* CoreListTableViewController.m in Sources */ = {isa = PBXBuildFile; fileRef = 893C7C771B21CF91003A6D1D /* CoreListTableViewController.m */; };
		893C7C7B1B21D064003A6D1D /* CoreListCollectionViewController.m in Sources */ = {isa = PBXBuildFile; fileRef = 893C7C7A1B21D064003A6D1D /* CoreListCollectionViewController.m */; };
		893C7CE71B21E5D7003A6D1D /* NSArray+CoreListExtend.m in Sources */ = {isa = PBXBuildFile; fileRef = 893C7CE61B21E5D7003A6D1D /* NSArray+CoreListExtend.m */; };
		893C7D151B21F55F003A6D1D /* CoreViewNetWorkStausManager.m in Sources */ = {isa = PBXBuildFile; fileRef = 893C7D0F1B21F55F003A6D1D /* CoreViewNetWorkStausManager.m */; };
		893C7D161B21F55F003A6D1D /* CM.bundle in Resources */ = {isa = PBXBuildFile; fileRef = 893C7D111B21F55F003A6D1D /* CM.bundle */; };
		893C7D171B21F55F003A6D1D /* CMView.m in Sources */ = {isa = PBXBuildFile; fileRef = 893C7D131B21F55F003A6D1D /* CMView.m */; };
		893C7D181B21F55F003A6D1D /* CMView.xib in Resources */ = {isa = PBXBuildFile; fileRef = 893C7D141B21F55F003A6D1D /* CMView.xib */; };
		8955C1871B24280500135D55 /* Info.plist in Resources */ = {isa = PBXBuildFile; fileRef = 8955C16D1B24280500135D55 /* Info.plist */; };
		8955C1881B24280500135D55 /* MASCompositeConstraint.m in Sources */ = {isa = PBXBuildFile; fileRef = 8955C16F1B24280500135D55 /* MASCompositeConstraint.m */; };
		8955C1891B24280500135D55 /* MASConstraint.m in Sources */ = {isa = PBXBuildFile; fileRef = 8955C1721B24280500135D55 /* MASConstraint.m */; };
		8955C18A1B24280500135D55 /* MASConstraintMaker.m in Sources */ = {isa = PBXBuildFile; fileRef = 8955C1741B24280500135D55 /* MASConstraintMaker.m */; };
		8955C18B1B24280500135D55 /* MASLayoutConstraint.m in Sources */ = {isa = PBXBuildFile; fileRef = 8955C1761B24280500135D55 /* MASLayoutConstraint.m */; };
		8955C18C1B24280500135D55 /* MASViewAttribute.m in Sources */ = {isa = PBXBuildFile; fileRef = 8955C17A1B24280500135D55 /* MASViewAttribute.m */; };
		8955C18D1B24280500135D55 /* MASViewConstraint.m in Sources */ = {isa = PBXBuildFile; fileRef = 8955C17C1B24280500135D55 /* MASViewConstraint.m */; };
		8955C18E1B24280500135D55 /* NSArray+MASAdditions.m in Sources */ = {isa = PBXBuildFile; fileRef = 8955C17E1B24280500135D55 /* NSArray+MASAdditions.m */; };
		8955C18F1B24280500135D55 /* NSLayoutConstraint+MASDebugAdditions.m in Sources */ = {isa = PBXBuildFile; fileRef = 8955C1811B24280500135D55 /* NSLayoutConstraint+MASDebugAdditions.m */; };
		8955C1901B24280500135D55 /* View+MASAdditions.m in Sources */ = {isa = PBXBuildFile; fileRef = 8955C1831B24280500135D55 /* View+MASAdditions.m */; };
		8955C1911B24280500135D55 /* UIView+Masony.m in Sources */ = {isa = PBXBuildFile; fileRef = 8955C1861B24280500135D55 /* UIView+Masony.m */; };
		897883DB1B21983C00033B01 /* CoreStatus.m in Sources */ = {isa = PBXBuildFile; fileRef = 897883D71B21983C00033B01 /* CoreStatus.m */; };
		897883DC1B21983C00033B01 /* Reachability.m in Sources */ = {isa = PBXBuildFile; fileRef = 897883DA1B21983C00033B01 /* Reachability.m */; };
		897883EE1B21984800033B01 /* CoreHttp.m in Sources */ = {isa = PBXBuildFile; fileRef = 897883DF1B21984800033B01 /* CoreHttp.m */; };
		897883EF1B21984800033B01 /* NSString+CoreHttp.m in Sources */ = {isa = PBXBuildFile; fileRef = 897883E21B21984800033B01 /* NSString+CoreHttp.m */; };
		897883F01B21984800033B01 /* NSData+MimeType.m in Sources */ = {isa = PBXBuildFile; fileRef = 897883E51B21984800033B01 /* NSData+MimeType.m */; };
		897883F11B21984800033B01 /* NSData+Param.m in Sources */ = {isa = PBXBuildFile; fileRef = 897883E71B21984800033B01 /* NSData+Param.m */; };
		897883F21B21984800033B01 /* NSString+File.m in Sources */ = {isa = PBXBuildFile; fileRef = 897883E91B21984800033B01 /* NSString+File.m */; };
		897883F31B21984800033B01 /* NSURL+File.m in Sources */ = {isa = PBXBuildFile; fileRef = 897883EB1B21984800033B01 /* NSURL+File.m */; };
		897883F41B21984800033B01 /* UploadFile.m in Sources */ = {isa = PBXBuildFile; fileRef = 897883ED1B21984800033B01 /* UploadFile.m */; };
		897884821B219B3D00033B01 /* libsqlite3.dylib in Frameworks */ = {isa = PBXBuildFile; fileRef = 897884811B219B3D00033B01 /* libsqlite3.dylib */; };
		898A61E61BA27AC20098A0AD /* CoreFMDB.m in Sources */ = {isa = PBXBuildFile; fileRef = 898A61BB1BA27AC20098A0AD /* CoreFMDB.m */; };
		898A61E71BA27AC20098A0AD /* NSString+CoreFMDB.m in Sources */ = {isa = PBXBuildFile; fileRef = 898A61BF1BA27AC20098A0AD /* NSString+CoreFMDB.m */; };
		898A61E81BA27AC20098A0AD /* FMDatabase.m in Sources */ = {isa = PBXBuildFile; fileRef = 898A61C21BA27AC20098A0AD /* FMDatabase.m */; };
		898A61E91BA27AC20098A0AD /* FMDatabaseAdditions.m in Sources */ = {isa = PBXBuildFile; fileRef = 898A61C41BA27AC20098A0AD /* FMDatabaseAdditions.m */; };
		898A61EA1BA27AC20098A0AD /* FMDatabasePool.m in Sources */ = {isa = PBXBuildFile; fileRef = 898A61C61BA27AC20098A0AD /* FMDatabasePool.m */; };
		898A61EB1BA27AC20098A0AD /* FMDatabaseQueue.m in Sources */ = {isa = PBXBuildFile; fileRef = 898A61C81BA27AC20098A0AD /* FMDatabaseQueue.m */; };
		898A61EC1BA27AC20098A0AD /* FMResultSet.m in Sources */ = {isa = PBXBuildFile; fileRef = 898A61CB1BA27AC20098A0AD /* FMResultSet.m */; };
		898A61ED1BA27AC20098A0AD /* MJDictionaryCache.m in Sources */ = {isa = PBXBuildFile; fileRef = 898A61D01BA27AC20098A0AD /* MJDictionaryCache.m */; };
		898A61EE1BA27AC20098A0AD /* MJExtensionConst.m in Sources */ = {isa = PBXBuildFile; fileRef = 898A61D31BA27AC20098A0AD /* MJExtensionConst.m */; };
		898A61EF1BA27AC20098A0AD /* MJFoundation.m in Sources */ = {isa = PBXBuildFile; fileRef = 898A61D51BA27AC20098A0AD /* MJFoundation.m */; };
		898A61F01BA27AC20098A0AD /* MJProperty.m in Sources */ = {isa = PBXBuildFile; fileRef = 898A61D71BA27AC20098A0AD /* MJProperty.m */; };
		898A61F11BA27AC20098A0AD /* MJPropertyKey.m in Sources */ = {isa = PBXBuildFile; fileRef = 898A61D91BA27AC20098A0AD /* MJPropertyKey.m */; };
		898A61F21BA27AC20098A0AD /* MJPropertyType.m in Sources */ = {isa = PBXBuildFile; fileRef = 898A61DB1BA27AC20098A0AD /* MJPropertyType.m */; };
		898A61F31BA27AC20098A0AD /* NSObject+MJClass.m in Sources */ = {isa = PBXBuildFile; fileRef = 898A61DD1BA27AC20098A0AD /* NSObject+MJClass.m */; };
		898A61F41BA27AC20098A0AD /* NSObject+MJCoding.m in Sources */ = {isa = PBXBuildFile; fileRef = 898A61DF1BA27AC20098A0AD /* NSObject+MJCoding.m */; };
		898A61F51BA27AC20098A0AD /* NSObject+MJKeyValue.m in Sources */ = {isa = PBXBuildFile; fileRef = 898A61E11BA27AC20098A0AD /* NSObject+MJKeyValue.m */; };
		898A61F61BA27AC20098A0AD /* NSObject+MJProperty.m in Sources */ = {isa = PBXBuildFile; fileRef = 898A61E31BA27AC20098A0AD /* NSObject+MJProperty.m */; };
		898A61F71BA27AC20098A0AD /* NSString+MJExtension.m in Sources */ = {isa = PBXBuildFile; fileRef = 898A61E51BA27AC20098A0AD /* NSString+MJExtension.m */; };
		898A62101BA27D760098A0AD /* NewsListVC.m in Sources */ = {isa = PBXBuildFile; fileRef = 898A61FD1BA27D760098A0AD /* NewsListVC.m */; };
		898A62111BA27D760098A0AD /* NewsListModel.m in Sources */ = {isa = PBXBuildFile; fileRef = 898A62001BA27D760098A0AD /* NewsListModel.m */; };
		898A62121BA27D760098A0AD /* NewsListCell.m in Sources */ = {isa = PBXBuildFile; fileRef = 898A62031BA27D760098A0AD /* NewsListCell.m */; };
		898A62131BA27D760098A0AD /* NewsListCell.xib in Resources */ = {isa = PBXBuildFile; fileRef = 898A62041BA27D760098A0AD /* NewsListCell.xib */; };
		898A62141BA27D760098A0AD /* TGLIstCVC.m in Sources */ = {isa = PBXBuildFile; fileRef = 898A62081BA27D760098A0AD /* TGLIstCVC.m */; };
		898A62151BA27D760098A0AD /* TGModel.m in Sources */ = {isa = PBXBuildFile; fileRef = 898A620B1BA27D760098A0AD /* TGModel.m */; };
		898A62161BA27D760098A0AD /* TGCell.m in Sources */ = {isa = PBXBuildFile; fileRef = 898A620E1BA27D760098A0AD /* TGCell.m */; };
		898A62171BA27D760098A0AD /* TGCell.xib in Resources */ = {isa = PBXBuildFile; fileRef = 898A620F1BA27D760098A0AD /* TGCell.xib */; };
		89AA9FD81BABE2D700BB4093 /* CoreModel+Compare.m in Sources */ = {isa = PBXBuildFile; fileRef = 89AA9FD71BABE2D700BB4093 /* CoreModel+Compare.m */; };
		89CB25D81BA277DF0034BABA /* CAAnimation+CoreRefresh.m in Sources */ = {isa = PBXBuildFile; fileRef = 89CB25C21BA277DF0034BABA /* CAAnimation+CoreRefresh.m */; };
		89CB25D91BA277DF0034BABA /* CoreFooterView.m in Sources */ = {isa = PBXBuildFile; fileRef = 89CB25C41BA277DF0034BABA /* CoreFooterView.m */; };
		89CB25DA1BA277DF0034BABA /* CoreFooterView.xib in Resources */ = {isa = PBXBuildFile; fileRef = 89CB25C51BA277DF0034BABA /* CoreFooterView.xib */; };
		89CB25DB1BA277DF0034BABA /* CoreHeaderShowView.m in Sources */ = {isa = PBXBuildFile; fileRef = 89CB25C71BA277DF0034BABA /* CoreHeaderShowView.m */; };
		89CB25DC1BA277DF0034BABA /* CoreHeaderShowView.xib in Resources */ = {isa = PBXBuildFile; fileRef = 89CB25C81BA277DF0034BABA /* CoreHeaderShowView.xib */; };
		89CB25DD1BA277DF0034BABA /* CoreHeaderView.m in Sources */ = {isa = PBXBuildFile; fileRef = 89CB25CA1BA277DF0034BABA /* CoreHeaderView.m */; };
		89CB25DE1BA277DF0034BABA /* CoreHeaderView.xib in Resources */ = {isa = PBXBuildFile; fileRef = 89CB25CB1BA277DF0034BABA /* CoreHeaderView.xib */; };
		89CB25DF1BA277DF0034BABA /* CoreRefreshConst.m in Sources */ = {isa = PBXBuildFile; fileRef = 89CB25CD1BA277DF0034BABA /* CoreRefreshConst.m */; };
		89CB25E01BA277DF0034BABA /* CoreRefreshResource.bundle in Resources */ = {isa = PBXBuildFile; fileRef = 89CB25CF1BA277DF0034BABA /* CoreRefreshResource.bundle */; };
		89CB25E11BA277DF0034BABA /* CoreRefreshView.m in Sources */ = {isa = PBXBuildFile; fileRef = 89CB25D11BA277DF0034BABA /* CoreRefreshView.m */; };
		89CB25E21BA277DF0034BABA /* UIScrollView+MJExtension.m in Sources */ = {isa = PBXBuildFile; fileRef = 89CB25D31BA277DF0034BABA /* UIScrollView+MJExtension.m */; };
		89CB25E31BA277DF0034BABA /* UIScrollView+Refresh.m in Sources */ = {isa = PBXBuildFile; fileRef = 89CB25D51BA277DF0034BABA /* UIScrollView+Refresh.m */; };
		89CB25E41BA277DF0034BABA /* UIView+MJExtension.m in Sources */ = {isa = PBXBuildFile; fileRef = 89CB25D71BA277DF0034BABA /* UIView+MJExtension.m */; };
		89CB26161BA27A670034BABA /* CoreModel.m in Sources */ = {isa = PBXBuildFile; fileRef = 89CB25EC1BA27A670034BABA /* CoreModel.m */; };
		89CB26171BA27A670034BABA /* NSArray+CoreModel.m in Sources */ = {isa = PBXBuildFile; fileRef = 89CB25F11BA27A670034BABA /* NSArray+CoreModel.m */; };
		89CB26181BA27A670034BABA /* NSDictionary+Sqlite.m in Sources */ = {isa = PBXBuildFile; fileRef = 89CB25F41BA27A670034BABA /* NSDictionary+Sqlite.m */; };
		89CB26191BA27A670034BABA /* CoreModel+Cache.m in Sources */ = {isa = PBXBuildFile; fileRef = 89CB25F71BA27A670034BABA /* CoreModel+Cache.m */; };
		89CB261B1BA27A670034BABA /* NSObject+CoreModelCommon.m in Sources */ = {isa = PBXBuildFile; fileRef = 89CB25FB1BA27A670034BABA /* NSObject+CoreModelCommon.m */; };
		89CB261C1BA27A670034BABA /* NSObject+Create.m in Sources */ = {isa = PBXBuildFile; fileRef = 89CB25FD1BA27A670034BABA /* NSObject+Create.m */; };
		89CB261D1BA27A670034BABA /* NSObject+Delete.m in Sources */ = {isa = PBXBuildFile; fileRef = 89CB25FF1BA27A670034BABA /* NSObject+Delete.m */; };
		89CB261E1BA27A670034BABA /* NSObject+Insert.m in Sources */ = {isa = PBXBuildFile; fileRef = 89CB26011BA27A670034BABA /* NSObject+Insert.m */; };
		89CB261F1BA27A670034BABA /* NSObject+Save.m in Sources */ = {isa = PBXBuildFile; fileRef = 89CB26031BA27A670034BABA /* NSObject+Save.m */; };
		89CB26201BA27A670034BABA /* NSObject+Select.m in Sources */ = {isa = PBXBuildFile; fileRef = 89CB26051BA27A670034BABA /* NSObject+Select.m */; };
		89CB26211BA27A670034BABA /* NSObject+Update.m in Sources */ = {isa = PBXBuildFile; fileRef = 89CB26071BA27A670034BABA /* NSObject+Update.m */; };
		89CB26221BA27A670034BABA /* NSOperationQueue+Queue.m in Sources */ = {isa = PBXBuildFile; fileRef = 89CB260A1BA27A670034BABA /* NSOperationQueue+Queue.m */; };
		89CB26231BA27A670034BABA /* NSString+Stackoverflow.m in Sources */ = {isa = PBXBuildFile; fileRef = 89CB260D1BA27A670034BABA /* NSString+Stackoverflow.m */; };
		89CB26241BA27A670034BABA /* CoreModelConst.m in Sources */ = {isa = PBXBuildFile; fileRef = 89CB26101BA27A670034BABA /* CoreModelConst.m */; };
		89D8B2511BA29A3E0029837A /* NSString+Equal.m in Sources */ = {isa = PBXBuildFile; fileRef = 89D8B2501BA29A3E0029837A /* NSString+Equal.m */; };
		EE5839B71AB9953A00516AC1 /* main.m in Sources */ = {isa = PBXBuildFile; fileRef = EE5839B61AB9953A00516AC1 /* main.m */; };
		EE5839BA1AB9953A00516AC1 /* AppDelegate.m in Sources */ = {isa = PBXBuildFile; fileRef = EE5839B91AB9953A00516AC1 /* AppDelegate.m */; };
		EE5839BD1AB9953A00516AC1 /* ViewController.m in Sources */ = {isa = PBXBuildFile; fileRef = EE5839BC1AB9953A00516AC1 /* ViewController.m */; };
		EE5839C01AB9953A00516AC1 /* Main.storyboard in Resources */ = {isa = PBXBuildFile; fileRef = EE5839BE1AB9953A00516AC1 /* Main.storyboard */; };
		EE5839C21AB9953A00516AC1 /* Images.xcassets in Resources */ = {isa = PBXBuildFile; fileRef = EE5839C11AB9953A00516AC1 /* Images.xcassets */; };
		EE5839C51AB9953A00516AC1 /* LaunchScreen.xib in Resources */ = {isa = PBXBuildFile; fileRef = EE5839C31AB9953A00516AC1 /* LaunchScreen.xib */; };
		EE5839D11AB9953A00516AC1 /* CoreListTests.m in Sources */ = {isa = PBXBuildFile; fileRef = EE5839D01AB9953A00516AC1 /* CoreListTests.m */; };
/* End PBXBuildFile section */

/* Begin PBXContainerItemProxy section */
		EE5839CB1AB9953A00516AC1 /* PBXContainerItemProxy */ = {
			isa = PBXContainerItemProxy;
			containerPortal = EE5839A91AB9953A00516AC1 /* Project object */;
			proxyType = 1;
			remoteGlobalIDString = EE5839B01AB9953A00516AC1;
			remoteInfo = CoreList;
		};
/* End PBXContainerItemProxy section */

/* Begin PBXFileReference section */
		891DC8111BA6B39E004EA688 /* CoreListCollectionViewCell.h */ = {isa = PBXFileReference; fileEncoding = 4; lastKnownFileType = sourcecode.c.h; path = CoreListCollectionViewCell.h; sourceTree = "<group>"; };
		891DC8121BA6B39E004EA688 /* CoreListCollectionViewCell.m */ = {isa = PBXFileReference; fileEncoding = 4; lastKnownFileType = sourcecode.c.objc; path = CoreListCollectionViewCell.m; sourceTree = "<group>"; };
		891DC8141BA6B39E004EA688 /* CoreListCellProtocol.h */ = {isa = PBXFileReference; fileEncoding = 4; lastKnownFileType = sourcecode.c.h; path = CoreListCellProtocol.h; sourceTree = "<group>"; };
		891DC8151BA6B39E004EA688 /* CoreListTableViewCell.h */ = {isa = PBXFileReference; fileEncoding = 4; lastKnownFileType = sourcecode.c.h; path = CoreListTableViewCell.h; sourceTree = "<group>"; };
		891DC8161BA6B39E004EA688 /* CoreListTableViewCell.m */ = {isa = PBXFileReference; fileEncoding = 4; lastKnownFileType = sourcecode.c.objc; path = CoreListTableViewCell.m; sourceTree = "<group>"; };
		893C7C6D1B21CF73003A6D1D /* CoreListCommonVC.h */ = {isa = PBXFileReference; fileEncoding = 4; lastKnownFileType = sourcecode.c.h; path = CoreListCommonVC.h; sourceTree = "<group>"; };
		893C7C6E1B21CF73003A6D1D /* CoreListCommonVC.m */ = {isa = PBXFileReference; fileEncoding = 4; lastKnownFileType = sourcecode.c.objc; path = CoreListCommonVC.m; sourceTree = "<group>"; };
		893C7C701B21CF73003A6D1D /* ViewControllerListProtocol.h */ = {isa = PBXFileReference; fileEncoding = 4; lastKnownFileType = sourcecode.c.h; path = ViewControllerListProtocol.h; sourceTree = "<group>"; };
		893C7C721B21CF73003A6D1D /* CoreList.bundle */ = {isa = PBXFileReference; lastKnownFileType = "wrapper.plug-in"; path = CoreList.bundle; sourceTree = "<group>"; };
		893C7C761B21CF91003A6D1D /* CoreListTableViewController.h */ = {isa = PBXFileReference; fileEncoding = 4; lastKnownFileType = sourcecode.c.h; path = CoreListTableViewController.h; sourceTree = "<group>"; };
		893C7C771B21CF91003A6D1D /* CoreListTableViewController.m */ = {isa = PBXFileReference; fileEncoding = 4; lastKnownFileType = sourcecode.c.objc; path = CoreListTableViewController.m; sourceTree = "<group>"; };
		893C7C791B21D064003A6D1D /* CoreListCollectionViewController.h */ = {isa = PBXFileReference; fileEncoding = 4; lastKnownFileType = sourcecode.c.h; path = CoreListCollectionViewController.h; sourceTree = "<group>"; };
		893C7C7A1B21D064003A6D1D /* CoreListCollectionViewController.m */ = {isa = PBXFileReference; fileEncoding = 4; lastKnownFileType = sourcecode.c.objc; path = CoreListCollectionViewController.m; sourceTree = "<group>"; };
		893C7CE41B21E2F0003A6D1D /* CoreListType.h */ = {isa = PBXFileReference; fileEncoding = 4; lastKnownFileType = sourcecode.c.h; path = CoreListType.h; sourceTree = "<group>"; };
		893C7CE51B21E5D7003A6D1D /* NSArray+CoreListExtend.h */ = {isa = PBXFileReference; fileEncoding = 4; lastKnownFileType = sourcecode.c.h; path = "NSArray+CoreListExtend.h"; sourceTree = "<group>"; };
		893C7CE61B21E5D7003A6D1D /* NSArray+CoreListExtend.m */ = {isa = PBXFileReference; fileEncoding = 4; lastKnownFileType = sourcecode.c.objc; path = "NSArray+CoreListExtend.m"; sourceTree = "<group>"; };
		893C7D0E1B21F55F003A6D1D /* CoreViewNetWorkStausManager.h */ = {isa = PBXFileReference; fileEncoding = 4; lastKnownFileType = sourcecode.c.h; path = CoreViewNetWorkStausManager.h; sourceTree = "<group>"; };
		893C7D0F1B21F55F003A6D1D /* CoreViewNetWorkStausManager.m */ = {isa = PBXFileReference; fileEncoding = 4; lastKnownFileType = sourcecode.c.objc; path = CoreViewNetWorkStausManager.m; sourceTree = "<group>"; };
		893C7D111B21F55F003A6D1D /* CM.bundle */ = {isa = PBXFileReference; lastKnownFileType = "wrapper.plug-in"; path = CM.bundle; sourceTree = "<group>"; };
		893C7D121B21F55F003A6D1D /* CMView.h */ = {isa = PBXFileReference; fileEncoding = 4; lastKnownFileType = sourcecode.c.h; path = CMView.h; sourceTree = "<group>"; };
		893C7D131B21F55F003A6D1D /* CMView.m */ = {isa = PBXFileReference; fileEncoding = 4; lastKnownFileType = sourcecode.c.objc; path = CMView.m; sourceTree = "<group>"; };
		893C7D141B21F55F003A6D1D /* CMView.xib */ = {isa = PBXFileReference; fileEncoding = 4; lastKnownFileType = file.xib; path = CMView.xib; sourceTree = "<group>"; };
		8955C16D1B24280500135D55 /* Info.plist */ = {isa = PBXFileReference; fileEncoding = 4; lastKnownFileType = text.plist.xml; path = Info.plist; sourceTree = "<group>"; };
		8955C16E1B24280500135D55 /* MASCompositeConstraint.h */ = {isa = PBXFileReference; fileEncoding = 4; lastKnownFileType = sourcecode.c.h; path = MASCompositeConstraint.h; sourceTree = "<group>"; };
		8955C16F1B24280500135D55 /* MASCompositeConstraint.m */ = {isa = PBXFileReference; fileEncoding = 4; lastKnownFileType = sourcecode.c.objc; path = MASCompositeConstraint.m; sourceTree = "<group>"; };
		8955C1701B24280500135D55 /* MASConstraint+Private.h */ = {isa = PBXFileReference; fileEncoding = 4; lastKnownFileType = sourcecode.c.h; path = "MASConstraint+Private.h"; sourceTree = "<group>"; };
		8955C1711B24280500135D55 /* MASConstraint.h */ = {isa = PBXFileReference; fileEncoding = 4; lastKnownFileType = sourcecode.c.h; path = MASConstraint.h; sourceTree = "<group>"; };
		8955C1721B24280500135D55 /* MASConstraint.m */ = {isa = PBXFileReference; fileEncoding = 4; lastKnownFileType = sourcecode.c.objc; path = MASConstraint.m; sourceTree = "<group>"; };
		8955C1731B24280500135D55 /* MASConstraintMaker.h */ = {isa = PBXFileReference; fileEncoding = 4; lastKnownFileType = sourcecode.c.h; path = MASConstraintMaker.h; sourceTree = "<group>"; };
		8955C1741B24280500135D55 /* MASConstraintMaker.m */ = {isa = PBXFileReference; fileEncoding = 4; lastKnownFileType = sourcecode.c.objc; path = MASConstraintMaker.m; sourceTree = "<group>"; };
		8955C1751B24280500135D55 /* MASLayoutConstraint.h */ = {isa = PBXFileReference; fileEncoding = 4; lastKnownFileType = sourcecode.c.h; path = MASLayoutConstraint.h; sourceTree = "<group>"; };
		8955C1761B24280500135D55 /* MASLayoutConstraint.m */ = {isa = PBXFileReference; fileEncoding = 4; lastKnownFileType = sourcecode.c.objc; path = MASLayoutConstraint.m; sourceTree = "<group>"; };
		8955C1771B24280500135D55 /* Masonry.h */ = {isa = PBXFileReference; fileEncoding = 4; lastKnownFileType = sourcecode.c.h; path = Masonry.h; sourceTree = "<group>"; };
		8955C1781B24280500135D55 /* MASUtilities.h */ = {isa = PBXFileReference; fileEncoding = 4; lastKnownFileType = sourcecode.c.h; path = MASUtilities.h; sourceTree = "<group>"; };
		8955C1791B24280500135D55 /* MASViewAttribute.h */ = {isa = PBXFileReference; fileEncoding = 4; lastKnownFileType = sourcecode.c.h; path = MASViewAttribute.h; sourceTree = "<group>"; };
		8955C17A1B24280500135D55 /* MASViewAttribute.m */ = {isa = PBXFileReference; fileEncoding = 4; lastKnownFileType = sourcecode.c.objc; path = MASViewAttribute.m; sourceTree = "<group>"; };
		8955C17B1B24280500135D55 /* MASViewConstraint.h */ = {isa = PBXFileReference; fileEncoding = 4; lastKnownFileType = sourcecode.c.h; path = MASViewConstraint.h; sourceTree = "<group>"; };
		8955C17C1B24280500135D55 /* MASViewConstraint.m */ = {isa = PBXFileReference; fileEncoding = 4; lastKnownFileType = sourcecode.c.objc; path = MASViewConstraint.m; sourceTree = "<group>"; };
		8955C17D1B24280500135D55 /* NSArray+MASAdditions.h */ = {isa = PBXFileReference; fileEncoding = 4; lastKnownFileType = sourcecode.c.h; path = "NSArray+MASAdditions.h"; sourceTree = "<group>"; };
		8955C17E1B24280500135D55 /* NSArray+MASAdditions.m */ = {isa = PBXFileReference; fileEncoding = 4; lastKnownFileType = sourcecode.c.objc; path = "NSArray+MASAdditions.m"; sourceTree = "<group>"; };
		8955C17F1B24280500135D55 /* NSArray+MASShorthandAdditions.h */ = {isa = PBXFileReference; fileEncoding = 4; lastKnownFileType = sourcecode.c.h; path = "NSArray+MASShorthandAdditions.h"; sourceTree = "<group>"; };
		8955C1801B24280500135D55 /* NSLayoutConstraint+MASDebugAdditions.h */ = {isa = PBXFileReference; fileEncoding = 4; lastKnownFileType = sourcecode.c.h; path = "NSLayoutConstraint+MASDebugAdditions.h"; sourceTree = "<group>"; };
		8955C1811B24280500135D55 /* NSLayoutConstraint+MASDebugAdditions.m */ = {isa = PBXFileReference; fileEncoding = 4; lastKnownFileType = sourcecode.c.objc; path = "NSLayoutConstraint+MASDebugAdditions.m"; sourceTree = "<group>"; };
		8955C1821B24280500135D55 /* View+MASAdditions.h */ = {isa = PBXFileReference; fileEncoding = 4; lastKnownFileType = sourcecode.c.h; path = "View+MASAdditions.h"; sourceTree = "<group>"; };
		8955C1831B24280500135D55 /* View+MASAdditions.m */ = {isa = PBXFileReference; fileEncoding = 4; lastKnownFileType = sourcecode.c.objc; path = "View+MASAdditions.m"; sourceTree = "<group>"; };
		8955C1841B24280500135D55 /* View+MASShorthandAdditions.h */ = {isa = PBXFileReference; fileEncoding = 4; lastKnownFileType = sourcecode.c.h; path = "View+MASShorthandAdditions.h"; sourceTree = "<group>"; };
		8955C1851B24280500135D55 /* UIView+Masony.h */ = {isa = PBXFileReference; fileEncoding = 4; lastKnownFileType = sourcecode.c.h; path = "UIView+Masony.h"; sourceTree = "<group>"; };
		8955C1861B24280500135D55 /* UIView+Masony.m */ = {isa = PBXFileReference; fileEncoding = 4; lastKnownFileType = sourcecode.c.objc; path = "UIView+Masony.m"; sourceTree = "<group>"; };
		897883D61B21983C00033B01 /* CoreStatus.h */ = {isa = PBXFileReference; fileEncoding = 4; lastKnownFileType = sourcecode.c.h; path = CoreStatus.h; sourceTree = "<group>"; };
		897883D71B21983C00033B01 /* CoreStatus.m */ = {isa = PBXFileReference; fileEncoding = 4; lastKnownFileType = sourcecode.c.objc; path = CoreStatus.m; sourceTree = "<group>"; };
		897883D91B21983C00033B01 /* Reachability.h */ = {isa = PBXFileReference; fileEncoding = 4; lastKnownFileType = sourcecode.c.h; path = Reachability.h; sourceTree = "<group>"; };
		897883DA1B21983C00033B01 /* Reachability.m */ = {isa = PBXFileReference; fileEncoding = 4; lastKnownFileType = sourcecode.c.objc; path = Reachability.m; sourceTree = "<group>"; };
		897883DE1B21984800033B01 /* CoreHttp.h */ = {isa = PBXFileReference; fileEncoding = 4; lastKnownFileType = sourcecode.c.h; path = CoreHttp.h; sourceTree = "<group>"; };
		897883DF1B21984800033B01 /* CoreHttp.m */ = {isa = PBXFileReference; fileEncoding = 4; lastKnownFileType = sourcecode.c.objc; path = CoreHttp.m; sourceTree = "<group>"; };
		897883E11B21984800033B01 /* NSString+CoreHttp.h */ = {isa = PBXFileReference; fileEncoding = 4; lastKnownFileType = sourcecode.c.h; path = "NSString+CoreHttp.h"; sourceTree = "<group>"; };
		897883E21B21984800033B01 /* NSString+CoreHttp.m */ = {isa = PBXFileReference; fileEncoding = 4; lastKnownFileType = sourcecode.c.objc; path = "NSString+CoreHttp.m"; sourceTree = "<group>"; };
		897883E41B21984800033B01 /* NSData+MimeType.h */ = {isa = PBXFileReference; fileEncoding = 4; lastKnownFileType = sourcecode.c.h; path = "NSData+MimeType.h"; sourceTree = "<group>"; };
		897883E51B21984800033B01 /* NSData+MimeType.m */ = {isa = PBXFileReference; fileEncoding = 4; lastKnownFileType = sourcecode.c.objc; path = "NSData+MimeType.m"; sourceTree = "<group>"; };
		897883E61B21984800033B01 /* NSData+Param.h */ = {isa = PBXFileReference; fileEncoding = 4; lastKnownFileType = sourcecode.c.h; path = "NSData+Param.h"; sourceTree = "<group>"; };
		897883E71B21984800033B01 /* NSData+Param.m */ = {isa = PBXFileReference; fileEncoding = 4; lastKnownFileType = sourcecode.c.objc; path = "NSData+Param.m"; sourceTree = "<group>"; };
		897883E81B21984800033B01 /* NSString+File.h */ = {isa = PBXFileReference; fileEncoding = 4; lastKnownFileType = sourcecode.c.h; path = "NSString+File.h"; sourceTree = "<group>"; };
		897883E91B21984800033B01 /* NSString+File.m */ = {isa = PBXFileReference; fileEncoding = 4; lastKnownFileType = sourcecode.c.objc; path = "NSString+File.m"; sourceTree = "<group>"; };
		897883EA1B21984800033B01 /* NSURL+File.h */ = {isa = PBXFileReference; fileEncoding = 4; lastKnownFileType = sourcecode.c.h; path = "NSURL+File.h"; sourceTree = "<group>"; };
		897883EB1B21984800033B01 /* NSURL+File.m */ = {isa = PBXFileReference; fileEncoding = 4; lastKnownFileType = sourcecode.c.objc; path = "NSURL+File.m"; sourceTree = "<group>"; };
		897883EC1B21984800033B01 /* UploadFile.h */ = {isa = PBXFileReference; fileEncoding = 4; lastKnownFileType = sourcecode.c.h; path = UploadFile.h; sourceTree = "<group>"; };
		897883ED1B21984800033B01 /* UploadFile.m */ = {isa = PBXFileReference; fileEncoding = 4; lastKnownFileType = sourcecode.c.objc; path = UploadFile.m; sourceTree = "<group>"; };
		897884811B219B3D00033B01 /* libsqlite3.dylib */ = {isa = PBXFileReference; lastKnownFileType = "compiled.mach-o.dylib"; name = libsqlite3.dylib; path = usr/lib/libsqlite3.dylib; sourceTree = SDKROOT; };
		898A61BA1BA27AC20098A0AD /* CoreFMDB.h */ = {isa = PBXFileReference; fileEncoding = 4; lastKnownFileType = sourcecode.c.h; path = CoreFMDB.h; sourceTree = "<group>"; };
		898A61BB1BA27AC20098A0AD /* CoreFMDB.m */ = {isa = PBXFileReference; fileEncoding = 4; lastKnownFileType = sourcecode.c.objc; path = CoreFMDB.m; sourceTree = "<group>"; };
		898A61BE1BA27AC20098A0AD /* NSString+CoreFMDB.h */ = {isa = PBXFileReference; fileEncoding = 4; lastKnownFileType = sourcecode.c.h; path = "NSString+CoreFMDB.h"; sourceTree = "<group>"; };
		898A61BF1BA27AC20098A0AD /* NSString+CoreFMDB.m */ = {isa = PBXFileReference; fileEncoding = 4; lastKnownFileType = sourcecode.c.objc; path = "NSString+CoreFMDB.m"; sourceTree = "<group>"; };
		898A61C11BA27AC20098A0AD /* FMDatabase.h */ = {isa = PBXFileReference; fileEncoding = 4; lastKnownFileType = sourcecode.c.h; path = FMDatabase.h; sourceTree = "<group>"; };
		898A61C21BA27AC20098A0AD /* FMDatabase.m */ = {isa = PBXFileReference; fileEncoding = 4; lastKnownFileType = sourcecode.c.objc; path = FMDatabase.m; sourceTree = "<group>"; };
		898A61C31BA27AC20098A0AD /* FMDatabaseAdditions.h */ = {isa = PBXFileReference; fileEncoding = 4; lastKnownFileType = sourcecode.c.h; path = FMDatabaseAdditions.h; sourceTree = "<group>"; };
		898A61C41BA27AC20098A0AD /* FMDatabaseAdditions.m */ = {isa = PBXFileReference; fileEncoding = 4; lastKnownFileType = sourcecode.c.objc; path = FMDatabaseAdditions.m; sourceTree = "<group>"; };
		898A61C51BA27AC20098A0AD /* FMDatabasePool.h */ = {isa = PBXFileReference; fileEncoding = 4; lastKnownFileType = sourcecode.c.h; path = FMDatabasePool.h; sourceTree = "<group>"; };
		898A61C61BA27AC20098A0AD /* FMDatabasePool.m */ = {isa = PBXFileReference; fileEncoding = 4; lastKnownFileType = sourcecode.c.objc; path = FMDatabasePool.m; sourceTree = "<group>"; };
		898A61C71BA27AC20098A0AD /* FMDatabaseQueue.h */ = {isa = PBXFileReference; fileEncoding = 4; lastKnownFileType = sourcecode.c.h; path = FMDatabaseQueue.h; sourceTree = "<group>"; };
		898A61C81BA27AC20098A0AD /* FMDatabaseQueue.m */ = {isa = PBXFileReference; fileEncoding = 4; lastKnownFileType = sourcecode.c.objc; path = FMDatabaseQueue.m; sourceTree = "<group>"; };
		898A61C91BA27AC20098A0AD /* FMDB.h */ = {isa = PBXFileReference; fileEncoding = 4; lastKnownFileType = sourcecode.c.h; path = FMDB.h; sourceTree = "<group>"; };
		898A61CA1BA27AC20098A0AD /* FMResultSet.h */ = {isa = PBXFileReference; fileEncoding = 4; lastKnownFileType = sourcecode.c.h; path = FMResultSet.h; sourceTree = "<group>"; };
		898A61CB1BA27AC20098A0AD /* FMResultSet.m */ = {isa = PBXFileReference; fileEncoding = 4; lastKnownFileType = sourcecode.c.objc; path = FMResultSet.m; sourceTree = "<group>"; };
		898A61CD1BA27AC20098A0AD /* CoreFMDBSingleton.h */ = {isa = PBXFileReference; fileEncoding = 4; lastKnownFileType = sourcecode.c.h; path = CoreFMDBSingleton.h; sourceTree = "<group>"; };
		898A61CF1BA27AC20098A0AD /* MJDictionaryCache.h */ = {isa = PBXFileReference; fileEncoding = 4; lastKnownFileType = sourcecode.c.h; path = MJDictionaryCache.h; sourceTree = "<group>"; };
		898A61D01BA27AC20098A0AD /* MJDictionaryCache.m */ = {isa = PBXFileReference; fileEncoding = 4; lastKnownFileType = sourcecode.c.objc; path = MJDictionaryCache.m; sourceTree = "<group>"; };
		898A61D11BA27AC20098A0AD /* MJExtension.h */ = {isa = PBXFileReference; fileEncoding = 4; lastKnownFileType = sourcecode.c.h; path = MJExtension.h; sourceTree = "<group>"; };
		898A61D21BA27AC20098A0AD /* MJExtensionConst.h */ = {isa = PBXFileReference; fileEncoding = 4; lastKnownFileType = sourcecode.c.h; path = MJExtensionConst.h; sourceTree = "<group>"; };
		898A61D31BA27AC20098A0AD /* MJExtensionConst.m */ = {isa = PBXFileReference; fileEncoding = 4; lastKnownFileType = sourcecode.c.objc; path = MJExtensionConst.m; sourceTree = "<group>"; };
		898A61D41BA27AC20098A0AD /* MJFoundation.h */ = {isa = PBXFileReference; fileEncoding = 4; lastKnownFileType = sourcecode.c.h; path = MJFoundation.h; sourceTree = "<group>"; };
		898A61D51BA27AC20098A0AD /* MJFoundation.m */ = {isa = PBXFileReference; fileEncoding = 4; lastKnownFileType = sourcecode.c.objc; path = MJFoundation.m; sourceTree = "<group>"; };
		898A61D61BA27AC20098A0AD /* MJProperty.h */ = {isa = PBXFileReference; fileEncoding = 4; lastKnownFileType = sourcecode.c.h; path = MJProperty.h; sourceTree = "<group>"; };
		898A61D71BA27AC20098A0AD /* MJProperty.m */ = {isa = PBXFileReference; fileEncoding = 4; lastKnownFileType = sourcecode.c.objc; path = MJProperty.m; sourceTree = "<group>"; };
		898A61D81BA27AC20098A0AD /* MJPropertyKey.h */ = {isa = PBXFileReference; fileEncoding = 4; lastKnownFileType = sourcecode.c.h; path = MJPropertyKey.h; sourceTree = "<group>"; };
		898A61D91BA27AC20098A0AD /* MJPropertyKey.m */ = {isa = PBXFileReference; fileEncoding = 4; lastKnownFileType = sourcecode.c.objc; path = MJPropertyKey.m; sourceTree = "<group>"; };
		898A61DA1BA27AC20098A0AD /* MJPropertyType.h */ = {isa = PBXFileReference; fileEncoding = 4; lastKnownFileType = sourcecode.c.h; path = MJPropertyType.h; sourceTree = "<group>"; };
		898A61DB1BA27AC20098A0AD /* MJPropertyType.m */ = {isa = PBXFileReference; fileEncoding = 4; lastKnownFileType = sourcecode.c.objc; path = MJPropertyType.m; sourceTree = "<group>"; };
		898A61DC1BA27AC20098A0AD /* NSObject+MJClass.h */ = {isa = PBXFileReference; fileEncoding = 4; lastKnownFileType = sourcecode.c.h; path = "NSObject+MJClass.h"; sourceTree = "<group>"; };
		898A61DD1BA27AC20098A0AD /* NSObject+MJClass.m */ = {isa = PBXFileReference; fileEncoding = 4; lastKnownFileType = sourcecode.c.objc; path = "NSObject+MJClass.m"; sourceTree = "<group>"; };
		898A61DE1BA27AC20098A0AD /* NSObject+MJCoding.h */ = {isa = PBXFileReference; fileEncoding = 4; lastKnownFileType = sourcecode.c.h; path = "NSObject+MJCoding.h"; sourceTree = "<group>"; };
		898A61DF1BA27AC20098A0AD /* NSObject+MJCoding.m */ = {isa = PBXFileReference; fileEncoding = 4; lastKnownFileType = sourcecode.c.objc; path = "NSObject+MJCoding.m"; sourceTree = "<group>"; };
		898A61E01BA27AC20098A0AD /* NSObject+MJKeyValue.h */ = {isa = PBXFileReference; fileEncoding = 4; lastKnownFileType = sourcecode.c.h; path = "NSObject+MJKeyValue.h"; sourceTree = "<group>"; };
		898A61E11BA27AC20098A0AD /* NSObject+MJKeyValue.m */ = {isa = PBXFileReference; fileEncoding = 4; lastKnownFileType = sourcecode.c.objc; path = "NSObject+MJKeyValue.m"; sourceTree = "<group>"; };
		898A61E21BA27AC20098A0AD /* NSObject+MJProperty.h */ = {isa = PBXFileReference; fileEncoding = 4; lastKnownFileType = sourcecode.c.h; path = "NSObject+MJProperty.h"; sourceTree = "<group>"; };
		898A61E31BA27AC20098A0AD /* NSObject+MJProperty.m */ = {isa = PBXFileReference; fileEncoding = 4; lastKnownFileType = sourcecode.c.objc; path = "NSObject+MJProperty.m"; sourceTree = "<group>"; };
		898A61E41BA27AC20098A0AD /* NSString+MJExtension.h */ = {isa = PBXFileReference; fileEncoding = 4; lastKnownFileType = sourcecode.c.h; path = "NSString+MJExtension.h"; sourceTree = "<group>"; };
		898A61E51BA27AC20098A0AD /* NSString+MJExtension.m */ = {isa = PBXFileReference; fileEncoding = 4; lastKnownFileType = sourcecode.c.objc; path = "NSString+MJExtension.m"; sourceTree = "<group>"; };
		898A61FC1BA27D760098A0AD /* NewsListVC.h */ = {isa = PBXFileReference; fileEncoding = 4; lastKnownFileType = sourcecode.c.h; path = NewsListVC.h; sourceTree = "<group>"; };
		898A61FD1BA27D760098A0AD /* NewsListVC.m */ = {isa = PBXFileReference; fileEncoding = 4; lastKnownFileType = sourcecode.c.objc; path = NewsListVC.m; sourceTree = "<group>"; };
		898A61FF1BA27D760098A0AD /* NewsListModel.h */ = {isa = PBXFileReference; fileEncoding = 4; lastKnownFileType = sourcecode.c.h; path = NewsListModel.h; sourceTree = "<group>"; };
		898A62001BA27D760098A0AD /* NewsListModel.m */ = {isa = PBXFileReference; fileEncoding = 4; lastKnownFileType = sourcecode.c.objc; path = NewsListModel.m; sourceTree = "<group>"; };
		898A62021BA27D760098A0AD /* NewsListCell.h */ = {isa = PBXFileReference; fileEncoding = 4; lastKnownFileType = sourcecode.c.h; path = NewsListCell.h; sourceTree = "<group>"; };
		898A62031BA27D760098A0AD /* NewsListCell.m */ = {isa = PBXFileReference; fileEncoding = 4; lastKnownFileType = sourcecode.c.objc; path = NewsListCell.m; sourceTree = "<group>"; };
		898A62041BA27D760098A0AD /* NewsListCell.xib */ = {isa = PBXFileReference; fileEncoding = 4; lastKnownFileType = file.xib; path = NewsListCell.xib; sourceTree = "<group>"; };
		898A62071BA27D760098A0AD /* TGLIstCVC.h */ = {isa = PBXFileReference; fileEncoding = 4; lastKnownFileType = sourcecode.c.h; path = TGLIstCVC.h; sourceTree = "<group>"; };
		898A62081BA27D760098A0AD /* TGLIstCVC.m */ = {isa = PBXFileReference; fileEncoding = 4; lastKnownFileType = sourcecode.c.objc; path = TGLIstCVC.m; sourceTree = "<group>"; };
		898A620A1BA27D760098A0AD /* TGModel.h */ = {isa = PBXFileReference; fileEncoding = 4; lastKnownFileType = sourcecode.c.h; path = TGModel.h; sourceTree = "<group>"; };
		898A620B1BA27D760098A0AD /* TGModel.m */ = {isa = PBXFileReference; fileEncoding = 4; lastKnownFileType = sourcecode.c.objc; path = TGModel.m; sourceTree = "<group>"; };
		898A620D1BA27D760098A0AD /* TGCell.h */ = {isa = PBXFileReference; fileEncoding = 4; lastKnownFileType = sourcecode.c.h; path = TGCell.h; sourceTree = "<group>"; };
		898A620E1BA27D760098A0AD /* TGCell.m */ = {isa = PBXFileReference; fileEncoding = 4; lastKnownFileType = sourcecode.c.objc; path = TGCell.m; sourceTree = "<group>"; };
		898A620F1BA27D760098A0AD /* TGCell.xib */ = {isa = PBXFileReference; fileEncoding = 4; lastKnownFileType = file.xib; path = TGCell.xib; sourceTree = "<group>"; };
		89AA9FD61BABE2D700BB4093 /* CoreModel+Compare.h */ = {isa = PBXFileReference; fileEncoding = 4; lastKnownFileType = sourcecode.c.h; path = "CoreModel+Compare.h"; sourceTree = "<group>"; };
		89AA9FD71BABE2D700BB4093 /* CoreModel+Compare.m */ = {isa = PBXFileReference; fileEncoding = 4; lastKnownFileType = sourcecode.c.objc; path = "CoreModel+Compare.m"; sourceTree = "<group>"; };
		89CB25C11BA277DF0034BABA /* CAAnimation+CoreRefresh.h */ = {isa = PBXFileReference; fileEncoding = 4; lastKnownFileType = sourcecode.c.h; path = "CAAnimation+CoreRefresh.h"; sourceTree = "<group>"; };
		89CB25C21BA277DF0034BABA /* CAAnimation+CoreRefresh.m */ = {isa = PBXFileReference; fileEncoding = 4; lastKnownFileType = sourcecode.c.objc; path = "CAAnimation+CoreRefresh.m"; sourceTree = "<group>"; };
		89CB25C31BA277DF0034BABA /* CoreFooterView.h */ = {isa = PBXFileReference; fileEncoding = 4; lastKnownFileType = sourcecode.c.h; path = CoreFooterView.h; sourceTree = "<group>"; };
		89CB25C41BA277DF0034BABA /* CoreFooterView.m */ = {isa = PBXFileReference; fileEncoding = 4; lastKnownFileType = sourcecode.c.objc; path = CoreFooterView.m; sourceTree = "<group>"; };
		89CB25C51BA277DF0034BABA /* CoreFooterView.xib */ = {isa = PBXFileReference; fileEncoding = 4; lastKnownFileType = file.xib; path = CoreFooterView.xib; sourceTree = "<group>"; };
		89CB25C61BA277DF0034BABA /* CoreHeaderShowView.h */ = {isa = PBXFileReference; fileEncoding = 4; lastKnownFileType = sourcecode.c.h; path = CoreHeaderShowView.h; sourceTree = "<group>"; };
		89CB25C71BA277DF0034BABA /* CoreHeaderShowView.m */ = {isa = PBXFileReference; fileEncoding = 4; lastKnownFileType = sourcecode.c.objc; path = CoreHeaderShowView.m; sourceTree = "<group>"; };
		89CB25C81BA277DF0034BABA /* CoreHeaderShowView.xib */ = {isa = PBXFileReference; fileEncoding = 4; lastKnownFileType = file.xib; path = CoreHeaderShowView.xib; sourceTree = "<group>"; };
		89CB25C91BA277DF0034BABA /* CoreHeaderView.h */ = {isa = PBXFileReference; fileEncoding = 4; lastKnownFileType = sourcecode.c.h; path = CoreHeaderView.h; sourceTree = "<group>"; };
		89CB25CA1BA277DF0034BABA /* CoreHeaderView.m */ = {isa = PBXFileReference; fileEncoding = 4; lastKnownFileType = sourcecode.c.objc; path = CoreHeaderView.m; sourceTree = "<group>"; };
		89CB25CB1BA277DF0034BABA /* CoreHeaderView.xib */ = {isa = PBXFileReference; fileEncoding = 4; lastKnownFileType = file.xib; path = CoreHeaderView.xib; sourceTree = "<group>"; };
		89CB25CC1BA277DF0034BABA /* CoreRefreshConst.h */ = {isa = PBXFileReference; fileEncoding = 4; lastKnownFileType = sourcecode.c.h; path = CoreRefreshConst.h; sourceTree = "<group>"; };
		89CB25CD1BA277DF0034BABA /* CoreRefreshConst.m */ = {isa = PBXFileReference; fileEncoding = 4; lastKnownFileType = sourcecode.c.objc; path = CoreRefreshConst.m; sourceTree = "<group>"; };
		89CB25CE1BA277DF0034BABA /* CoreRefreshEntry.h */ = {isa = PBXFileReference; fileEncoding = 4; lastKnownFileType = sourcecode.c.h; path = CoreRefreshEntry.h; sourceTree = "<group>"; };
		89CB25CF1BA277DF0034BABA /* CoreRefreshResource.bundle */ = {isa = PBXFileReference; lastKnownFileType = "wrapper.plug-in"; path = CoreRefreshResource.bundle; sourceTree = "<group>"; };
		89CB25D01BA277DF0034BABA /* CoreRefreshView.h */ = {isa = PBXFileReference; fileEncoding = 4; lastKnownFileType = sourcecode.c.h; path = CoreRefreshView.h; sourceTree = "<group>"; };
		89CB25D11BA277DF0034BABA /* CoreRefreshView.m */ = {isa = PBXFileReference; fileEncoding = 4; lastKnownFileType = sourcecode.c.objc; path = CoreRefreshView.m; sourceTree = "<group>"; };
		89CB25D21BA277DF0034BABA /* UIScrollView+MJExtension.h */ = {isa = PBXFileReference; fileEncoding = 4; lastKnownFileType = sourcecode.c.h; path = "UIScrollView+MJExtension.h"; sourceTree = "<group>"; };
		89CB25D31BA277DF0034BABA /* UIScrollView+MJExtension.m */ = {isa = PBXFileReference; fileEncoding = 4; lastKnownFileType = sourcecode.c.objc; path = "UIScrollView+MJExtension.m"; sourceTree = "<group>"; };
		89CB25D41BA277DF0034BABA /* UIScrollView+Refresh.h */ = {isa = PBXFileReference; fileEncoding = 4; lastKnownFileType = sourcecode.c.h; path = "UIScrollView+Refresh.h"; sourceTree = "<group>"; };
		89CB25D51BA277DF0034BABA /* UIScrollView+Refresh.m */ = {isa = PBXFileReference; fileEncoding = 4; lastKnownFileType = sourcecode.c.objc; path = "UIScrollView+Refresh.m"; sourceTree = "<group>"; };
		89CB25D61BA277DF0034BABA /* UIView+MJExtension.h */ = {isa = PBXFileReference; fileEncoding = 4; lastKnownFileType = sourcecode.c.h; path = "UIView+MJExtension.h"; sourceTree = "<group>"; };
		89CB25D71BA277DF0034BABA /* UIView+MJExtension.m */ = {isa = PBXFileReference; fileEncoding = 4; lastKnownFileType = sourcecode.c.objc; path = "UIView+MJExtension.m"; sourceTree = "<group>"; };
		89CB25E91BA279EF0034BABA /* CoreListConst.h */ = {isa = PBXFileReference; lastKnownFileType = sourcecode.c.h; path = CoreListConst.h; sourceTree = "<group>"; };
		89CB25EB1BA27A670034BABA /* CoreModel.h */ = {isa = PBXFileReference; fileEncoding = 4; lastKnownFileType = sourcecode.c.h; path = CoreModel.h; sourceTree = "<group>"; };
		89CB25EC1BA27A670034BABA /* CoreModel.m */ = {isa = PBXFileReference; fileEncoding = 4; lastKnownFileType = sourcecode.c.objc; path = CoreModel.m; sourceTree = "<group>"; };
		89CB25F01BA27A670034BABA /* NSArray+CoreModel.h */ = {isa = PBXFileReference; fileEncoding = 4; lastKnownFileType = sourcecode.c.h; path = "NSArray+CoreModel.h"; sourceTree = "<group>"; };
		89CB25F11BA27A670034BABA /* NSArray+CoreModel.m */ = {isa = PBXFileReference; fileEncoding = 4; lastKnownFileType = sourcecode.c.objc; path = "NSArray+CoreModel.m"; sourceTree = "<group>"; };
		89CB25F31BA27A670034BABA /* NSDictionary+Sqlite.h */ = {isa = PBXFileReference; fileEncoding = 4; lastKnownFileType = sourcecode.c.h; path = "NSDictionary+Sqlite.h"; sourceTree = "<group>"; };
		89CB25F41BA27A670034BABA /* NSDictionary+Sqlite.m */ = {isa = PBXFileReference; fileEncoding = 4; lastKnownFileType = sourcecode.c.objc; path = "NSDictionary+Sqlite.m"; sourceTree = "<group>"; };
		89CB25F61BA27A670034BABA /* CoreModel+Cache.h */ = {isa = PBXFileReference; fileEncoding = 4; lastKnownFileType = sourcecode.c.h; path = "CoreModel+Cache.h"; sourceTree = "<group>"; };
		89CB25F71BA27A670034BABA /* CoreModel+Cache.m */ = {isa = PBXFileReference; fileEncoding = 4; lastKnownFileType = sourcecode.c.objc; path = "CoreModel+Cache.m"; sourceTree = "<group>"; };
		89CB25FA1BA27A670034BABA /* NSObject+CoreModelCommon.h */ = {isa = PBXFileReference; fileEncoding = 4; lastKnownFileType = sourcecode.c.h; path = "NSObject+CoreModelCommon.h"; sourceTree = "<group>"; };
		89CB25FB1BA27A670034BABA /* NSObject+CoreModelCommon.m */ = {isa = PBXFileReference; fileEncoding = 4; lastKnownFileType = sourcecode.c.objc; path = "NSObject+CoreModelCommon.m"; sourceTree = "<group>"; };
		89CB25FC1BA27A670034BABA /* NSObject+Create.h */ = {isa = PBXFileReference; fileEncoding = 4; lastKnownFileType = sourcecode.c.h; path = "NSObject+Create.h"; sourceTree = "<group>"; };
		89CB25FD1BA27A670034BABA /* NSObject+Create.m */ = {isa = PBXFileReference; fileEncoding = 4; lastKnownFileType = sourcecode.c.objc; path = "NSObject+Create.m"; sourceTree = "<group>"; };
		89CB25FE1BA27A670034BABA /* NSObject+Delete.h */ = {isa = PBXFileReference; fileEncoding = 4; lastKnownFileType = sourcecode.c.h; path = "NSObject+Delete.h"; sourceTree = "<group>"; };
		89CB25FF1BA27A670034BABA /* NSObject+Delete.m */ = {isa = PBXFileReference; fileEncoding = 4; lastKnownFileType = sourcecode.c.objc; path = "NSObject+Delete.m"; sourceTree = "<group>"; };
		89CB26001BA27A670034BABA /* NSObject+Insert.h */ = {isa = PBXFileReference; fileEncoding = 4; lastKnownFileType = sourcecode.c.h; path = "NSObject+Insert.h"; sourceTree = "<group>"; };
		89CB26011BA27A670034BABA /* NSObject+Insert.m */ = {isa = PBXFileReference; fileEncoding = 4; lastKnownFileType = sourcecode.c.objc; path = "NSObject+Insert.m"; sourceTree = "<group>"; };
		89CB26021BA27A670034BABA /* NSObject+Save.h */ = {isa = PBXFileReference; fileEncoding = 4; lastKnownFileType = sourcecode.c.h; path = "NSObject+Save.h"; sourceTree = "<group>"; };
		89CB26031BA27A670034BABA /* NSObject+Save.m */ = {isa = PBXFileReference; fileEncoding = 4; lastKnownFileType = sourcecode.c.objc; path = "NSObject+Save.m"; sourceTree = "<group>"; };
		89CB26041BA27A670034BABA /* NSObject+Select.h */ = {isa = PBXFileReference; fileEncoding = 4; lastKnownFileType = sourcecode.c.h; path = "NSObject+Select.h"; sourceTree = "<group>"; };
		89CB26051BA27A670034BABA /* NSObject+Select.m */ = {isa = PBXFileReference; fileEncoding = 4; lastKnownFileType = sourcecode.c.objc; path = "NSObject+Select.m"; sourceTree = "<group>"; };
		89CB26061BA27A670034BABA /* NSObject+Update.h */ = {isa = PBXFileReference; fileEncoding = 4; lastKnownFileType = sourcecode.c.h; path = "NSObject+Update.h"; sourceTree = "<group>"; };
		89CB26071BA27A670034BABA /* NSObject+Update.m */ = {isa = PBXFileReference; fileEncoding = 4; lastKnownFileType = sourcecode.c.objc; path = "NSObject+Update.m"; sourceTree = "<group>"; };
		89CB26091BA27A670034BABA /* NSOperationQueue+Queue.h */ = {isa = PBXFileReference; fileEncoding = 4; lastKnownFileType = sourcecode.c.h; path = "NSOperationQueue+Queue.h"; sourceTree = "<group>"; };
		89CB260A1BA27A670034BABA /* NSOperationQueue+Queue.m */ = {isa = PBXFileReference; fileEncoding = 4; lastKnownFileType = sourcecode.c.objc; path = "NSOperationQueue+Queue.m"; sourceTree = "<group>"; };
		89CB260C1BA27A670034BABA /* NSString+Stackoverflow.h */ = {isa = PBXFileReference; fileEncoding = 4; lastKnownFileType = sourcecode.c.h; path = "NSString+Stackoverflow.h"; sourceTree = "<group>"; };
		89CB260D1BA27A670034BABA /* NSString+Stackoverflow.m */ = {isa = PBXFileReference; fileEncoding = 4; lastKnownFileType = sourcecode.c.objc; path = "NSString+Stackoverflow.m"; sourceTree = "<group>"; };
		89CB260F1BA27A670034BABA /* CoreModelConst.h */ = {isa = PBXFileReference; fileEncoding = 4; lastKnownFileType = sourcecode.c.h; path = CoreModelConst.h; sourceTree = "<group>"; };
		89CB26101BA27A670034BABA /* CoreModelConst.m */ = {isa = PBXFileReference; fileEncoding = 4; lastKnownFileType = sourcecode.c.objc; path = CoreModelConst.m; sourceTree = "<group>"; };
		89CB26121BA27A670034BABA /* CoreModelProtocol.h */ = {isa = PBXFileReference; fileEncoding = 4; lastKnownFileType = sourcecode.c.h; path = CoreModelProtocol.h; sourceTree = "<group>"; };
		89CB26131BA27A670034BABA /* CorePageModelProtocol.h */ = {isa = PBXFileReference; fileEncoding = 4; lastKnownFileType = sourcecode.c.h; path = CorePageModelProtocol.h; sourceTree = "<group>"; };
		89CB26151BA27A670034BABA /* CoreModelType.h */ = {isa = PBXFileReference; fileEncoding = 4; lastKnownFileType = sourcecode.c.h; path = CoreModelType.h; sourceTree = "<group>"; };
		89D8B24F1BA29A3E0029837A /* NSString+Equal.h */ = {isa = PBXFileReference; fileEncoding = 4; lastKnownFileType = sourcecode.c.h; path = "NSString+Equal.h"; sourceTree = "<group>"; };
		89D8B2501BA29A3E0029837A /* NSString+Equal.m */ = {isa = PBXFileReference; fileEncoding = 4; lastKnownFileType = sourcecode.c.objc; path = "NSString+Equal.m"; sourceTree = "<group>"; };
		EE5839B11AB9953A00516AC1 /* CoreList.app */ = {isa = PBXFileReference; explicitFileType = wrapper.application; includeInIndex = 0; path = CoreList.app; sourceTree = BUILT_PRODUCTS_DIR; };
		EE5839B51AB9953A00516AC1 /* Info.plist */ = {isa = PBXFileReference; lastKnownFileType = text.plist.xml; path = Info.plist; sourceTree = "<group>"; };
		EE5839B61AB9953A00516AC1 /* main.m */ = {isa = PBXFileReference; lastKnownFileType = sourcecode.c.objc; path = main.m; sourceTree = "<group>"; };
		EE5839B81AB9953A00516AC1 /* AppDelegate.h */ = {isa = PBXFileReference; lastKnownFileType = sourcecode.c.h; path = AppDelegate.h; sourceTree = "<group>"; };
		EE5839B91AB9953A00516AC1 /* AppDelegate.m */ = {isa = PBXFileReference; lastKnownFileType = sourcecode.c.objc; path = AppDelegate.m; sourceTree = "<group>"; };
		EE5839BB1AB9953A00516AC1 /* ViewController.h */ = {isa = PBXFileReference; lastKnownFileType = sourcecode.c.h; path = ViewController.h; sourceTree = "<group>"; };
		EE5839BC1AB9953A00516AC1 /* ViewController.m */ = {isa = PBXFileReference; lastKnownFileType = sourcecode.c.objc; path = ViewController.m; sourceTree = "<group>"; };
		EE5839BF1AB9953A00516AC1 /* Base */ = {isa = PBXFileReference; lastKnownFileType = file.storyboard; name = Base; path = Base.lproj/Main.storyboard; sourceTree = "<group>"; };
		EE5839C11AB9953A00516AC1 /* Images.xcassets */ = {isa = PBXFileReference; lastKnownFileType = folder.assetcatalog; path = Images.xcassets; sourceTree = "<group>"; };
		EE5839C41AB9953A00516AC1 /* Base */ = {isa = PBXFileReference; lastKnownFileType = file.xib; name = Base; path = Base.lproj/LaunchScreen.xib; sourceTree = "<group>"; };
		EE5839CA1AB9953A00516AC1 /* CoreListTests.xctest */ = {isa = PBXFileReference; explicitFileType = wrapper.cfbundle; includeInIndex = 0; path = CoreListTests.xctest; sourceTree = BUILT_PRODUCTS_DIR; };
		EE5839CF1AB9953A00516AC1 /* Info.plist */ = {isa = PBXFileReference; lastKnownFileType = text.plist.xml; path = Info.plist; sourceTree = "<group>"; };
		EE5839D01AB9953A00516AC1 /* CoreListTests.m */ = {isa = PBXFileReference; lastKnownFileType = sourcecode.c.objc; path = CoreListTests.m; sourceTree = "<group>"; };
/* End PBXFileReference section */

/* Begin PBXFrameworksBuildPhase section */
		EE5839AE1AB9953A00516AC1 /* Frameworks */ = {
			isa = PBXFrameworksBuildPhase;
			buildActionMask = 2147483647;
			files = (
				897884821B219B3D00033B01 /* libsqlite3.dylib in Frameworks */,
			);
			runOnlyForDeploymentPostprocessing = 0;
		};
		EE5839C71AB9953A00516AC1 /* Frameworks */ = {
			isa = PBXFrameworksBuildPhase;
			buildActionMask = 2147483647;
			files = (
			);
			runOnlyForDeploymentPostprocessing = 0;
		};
/* End PBXFrameworksBuildPhase section */

/* Begin PBXGroup section */
		891DC8101BA6B39E004EA688 /* CollectionViewCell */ = {
			isa = PBXGroup;
			children = (
				891DC8111BA6B39E004EA688 /* CoreListCollectionViewCell.h */,
				891DC8121BA6B39E004EA688 /* CoreListCollectionViewCell.m */,
			);
			path = CollectionViewCell;
			sourceTree = "<group>";
		};
		891DC8131BA6B39E004EA688 /* TableViewCell */ = {
			isa = PBXGroup;
			children = (
				891DC8141BA6B39E004EA688 /* CoreListCellProtocol.h */,
				891DC8151BA6B39E004EA688 /* CoreListTableViewCell.h */,
				891DC8161BA6B39E004EA688 /* CoreListTableViewCell.m */,
			);
			path = TableViewCell;
			sourceTree = "<group>";
		};
		893C7C671B21CF73003A6D1D /* Lib */ = {
			isa = PBXGroup;
			children = (
				893C7C681B21CF73003A6D1D /* Common */,
			);
			path = Lib;
			sourceTree = "<group>";
		};
		893C7C681B21CF73003A6D1D /* Common */ = {
			isa = PBXGroup;
			children = (
				893C7CE31B21E2F0003A6D1D /* Type */,
				893C7C691B21CF73003A6D1D /* Category */,
				893C7C6C1B21CF73003A6D1D /* Controller */,
				893C7C6F1B21CF73003A6D1D /* Protocol */,
				893C7C711B21CF73003A6D1D /* Resource */,
				89CB25E81BA279E20034BABA /* Common */,
			);
			path = Common;
			sourceTree = "<group>";
		};
		893C7C691B21CF73003A6D1D /* Category */ = {
			isa = PBXGroup;
			children = (
				893C7CE51B21E5D7003A6D1D /* NSArray+CoreListExtend.h */,
				893C7CE61B21E5D7003A6D1D /* NSArray+CoreListExtend.m */,
				89D8B24F1BA29A3E0029837A /* NSString+Equal.h */,
				89D8B2501BA29A3E0029837A /* NSString+Equal.m */,
			);
			path = Category;
			sourceTree = "<group>";
		};
		893C7C6C1B21CF73003A6D1D /* Controller */ = {
			isa = PBXGroup;
			children = (
				893C7C6D1B21CF73003A6D1D /* CoreListCommonVC.h */,
				893C7C6E1B21CF73003A6D1D /* CoreListCommonVC.m */,
			);
			path = Controller;
			sourceTree = "<group>";
		};
		893C7C6F1B21CF73003A6D1D /* Protocol */ = {
			isa = PBXGroup;
			children = (
				893C7C701B21CF73003A6D1D /* ViewControllerListProtocol.h */,
			);
			path = Protocol;
			sourceTree = "<group>";
		};
		893C7C711B21CF73003A6D1D /* Resource */ = {
			isa = PBXGroup;
			children = (
				893C7C721B21CF73003A6D1D /* CoreList.bundle */,
			);
			path = Resource;
			sourceTree = "<group>";
		};
		893C7CE31B21E2F0003A6D1D /* Type */ = {
			isa = PBXGroup;
			children = (
				893C7CE41B21E2F0003A6D1D /* CoreListType.h */,
			);
			path = Type;
			sourceTree = "<group>";
		};
		893C7D0D1B21F55F003A6D1D /* CoreViewNetWorkStausManager */ = {
			isa = PBXGroup;
			children = (
				893C7D0E1B21F55F003A6D1D /* CoreViewNetWorkStausManager.h */,
				893C7D0F1B21F55F003A6D1D /* CoreViewNetWorkStausManager.m */,
				893C7D101B21F55F003A6D1D /* Lib */,
			);
			path = CoreViewNetWorkStausManager;
			sourceTree = "<group>";
		};
		893C7D101B21F55F003A6D1D /* Lib */ = {
			isa = PBXGroup;
			children = (
				893C7D111B21F55F003A6D1D /* CM.bundle */,
				893C7D121B21F55F003A6D1D /* CMView.h */,
				893C7D131B21F55F003A6D1D /* CMView.m */,
				893C7D141B21F55F003A6D1D /* CMView.xib */,
			);
			path = Lib;
			sourceTree = "<group>";
		};
		8955C16A1B24280500135D55 /* CoreMasonry */ = {
			isa = PBXGroup;
			children = (
				8955C16B1B24280500135D55 /* LIb */,
				8955C1851B24280500135D55 /* UIView+Masony.h */,
				8955C1861B24280500135D55 /* UIView+Masony.m */,
			);
			path = CoreMasonry;
			sourceTree = "<group>";
		};
		8955C16B1B24280500135D55 /* LIb */ = {
			isa = PBXGroup;
			children = (
				8955C16C1B24280500135D55 /* Masonry */,
			);
			path = LIb;
			sourceTree = "<group>";
		};
		8955C16C1B24280500135D55 /* Masonry */ = {
			isa = PBXGroup;
			children = (
				8955C16D1B24280500135D55 /* Info.plist */,
				8955C16E1B24280500135D55 /* MASCompositeConstraint.h */,
				8955C16F1B24280500135D55 /* MASCompositeConstraint.m */,
				8955C1701B24280500135D55 /* MASConstraint+Private.h */,
				8955C1711B24280500135D55 /* MASConstraint.h */,
				8955C1721B24280500135D55 /* MASConstraint.m */,
				8955C1731B24280500135D55 /* MASConstraintMaker.h */,
				8955C1741B24280500135D55 /* MASConstraintMaker.m */,
				8955C1751B24280500135D55 /* MASLayoutConstraint.h */,
				8955C1761B24280500135D55 /* MASLayoutConstraint.m */,
				8955C1771B24280500135D55 /* Masonry.h */,
				8955C1781B24280500135D55 /* MASUtilities.h */,
				8955C1791B24280500135D55 /* MASViewAttribute.h */,
				8955C17A1B24280500135D55 /* MASViewAttribute.m */,
				8955C17B1B24280500135D55 /* MASViewConstraint.h */,
				8955C17C1B24280500135D55 /* MASViewConstraint.m */,
				8955C17D1B24280500135D55 /* NSArray+MASAdditions.h */,
				8955C17E1B24280500135D55 /* NSArray+MASAdditions.m */,
				8955C17F1B24280500135D55 /* NSArray+MASShorthandAdditions.h */,
				8955C1801B24280500135D55 /* NSLayoutConstraint+MASDebugAdditions.h */,
				8955C1811B24280500135D55 /* NSLayoutConstraint+MASDebugAdditions.m */,
				8955C1821B24280500135D55 /* View+MASAdditions.h */,
				8955C1831B24280500135D55 /* View+MASAdditions.m */,
				8955C1841B24280500135D55 /* View+MASShorthandAdditions.h */,
			);
			path = Masonry;
			sourceTree = "<group>";
		};
		897883D51B21983C00033B01 /* CoreStatus */ = {
			isa = PBXGroup;
			children = (
				897883D61B21983C00033B01 /* CoreStatus.h */,
				897883D71B21983C00033B01 /* CoreStatus.m */,
				897883D81B21983C00033B01 /* Reachability */,
			);
			path = CoreStatus;
			sourceTree = "<group>";
		};
		897883D81B21983C00033B01 /* Reachability */ = {
			isa = PBXGroup;
			children = (
				897883D91B21983C00033B01 /* Reachability.h */,
				897883DA1B21983C00033B01 /* Reachability.m */,
			);
			path = Reachability;
			sourceTree = "<group>";
		};
		897883DD1B21984800033B01 /* CoreHttp */ = {
			isa = PBXGroup;
			children = (
				897883DE1B21984800033B01 /* CoreHttp.h */,
				897883DF1B21984800033B01 /* CoreHttp.m */,
				897883E01B21984800033B01 /* NSString+CoreHttp */,
				897883E31B21984800033B01 /* Upload */,
			);
			path = CoreHttp;
			sourceTree = "<group>";
		};
		897883E01B21984800033B01 /* NSString+CoreHttp */ = {
			isa = PBXGroup;
			children = (
				897883E11B21984800033B01 /* NSString+CoreHttp.h */,
				897883E21B21984800033B01 /* NSString+CoreHttp.m */,
			);
			path = "NSString+CoreHttp";
			sourceTree = "<group>";
		};
		897883E31B21984800033B01 /* Upload */ = {
			isa = PBXGroup;
			children = (
				897883E41B21984800033B01 /* NSData+MimeType.h */,
				897883E51B21984800033B01 /* NSData+MimeType.m */,
				897883E61B21984800033B01 /* NSData+Param.h */,
				897883E71B21984800033B01 /* NSData+Param.m */,
				897883E81B21984800033B01 /* NSString+File.h */,
				897883E91B21984800033B01 /* NSString+File.m */,
				897883EA1B21984800033B01 /* NSURL+File.h */,
				897883EB1B21984800033B01 /* NSURL+File.m */,
				897883EC1B21984800033B01 /* UploadFile.h */,
				897883ED1B21984800033B01 /* UploadFile.m */,
			);
			path = Upload;
			sourceTree = "<group>";
		};
		898A61B91BA27AC20098A0AD /* CoreFMDB */ = {
			isa = PBXGroup;
			children = (
				898A61BA1BA27AC20098A0AD /* CoreFMDB.h */,
				898A61BB1BA27AC20098A0AD /* CoreFMDB.m */,
				898A61BC1BA27AC20098A0AD /* Lib */,
			);
			path = CoreFMDB;
			sourceTree = "<group>";
		};
		898A61BC1BA27AC20098A0AD /* Lib */ = {
			isa = PBXGroup;
			children = (
				898A61BD1BA27AC20098A0AD /* Category */,
				898A61C01BA27AC20098A0AD /* fmdb */,
				898A61CC1BA27AC20098A0AD /* Singleton */,
			);
			path = Lib;
			sourceTree = "<group>";
		};
		898A61BD1BA27AC20098A0AD /* Category */ = {
			isa = PBXGroup;
			children = (
				898A61BE1BA27AC20098A0AD /* NSString+CoreFMDB.h */,
				898A61BF1BA27AC20098A0AD /* NSString+CoreFMDB.m */,
			);
			path = Category;
			sourceTree = "<group>";
		};
		898A61C01BA27AC20098A0AD /* fmdb */ = {
			isa = PBXGroup;
			children = (
				898A61C11BA27AC20098A0AD /* FMDatabase.h */,
				898A61C21BA27AC20098A0AD /* FMDatabase.m */,
				898A61C31BA27AC20098A0AD /* FMDatabaseAdditions.h */,
				898A61C41BA27AC20098A0AD /* FMDatabaseAdditions.m */,
				898A61C51BA27AC20098A0AD /* FMDatabasePool.h */,
				898A61C61BA27AC20098A0AD /* FMDatabasePool.m */,
				898A61C71BA27AC20098A0AD /* FMDatabaseQueue.h */,
				898A61C81BA27AC20098A0AD /* FMDatabaseQueue.m */,
				898A61C91BA27AC20098A0AD /* FMDB.h */,
				898A61CA1BA27AC20098A0AD /* FMResultSet.h */,
				898A61CB1BA27AC20098A0AD /* FMResultSet.m */,
			);
			path = fmdb;
			sourceTree = "<group>";
		};
		898A61CC1BA27AC20098A0AD /* Singleton */ = {
			isa = PBXGroup;
			children = (
				898A61CD1BA27AC20098A0AD /* CoreFMDBSingleton.h */,
			);
			path = Singleton;
			sourceTree = "<group>";
		};
		898A61CE1BA27AC20098A0AD /* MJExtension */ = {
			isa = PBXGroup;
			children = (
				898A61CF1BA27AC20098A0AD /* MJDictionaryCache.h */,
				898A61D01BA27AC20098A0AD /* MJDictionaryCache.m */,
				898A61D11BA27AC20098A0AD /* MJExtension.h */,
				898A61D21BA27AC20098A0AD /* MJExtensionConst.h */,
				898A61D31BA27AC20098A0AD /* MJExtensionConst.m */,
				898A61D41BA27AC20098A0AD /* MJFoundation.h */,
				898A61D51BA27AC20098A0AD /* MJFoundation.m */,
				898A61D61BA27AC20098A0AD /* MJProperty.h */,
				898A61D71BA27AC20098A0AD /* MJProperty.m */,
				898A61D81BA27AC20098A0AD /* MJPropertyKey.h */,
				898A61D91BA27AC20098A0AD /* MJPropertyKey.m */,
				898A61DA1BA27AC20098A0AD /* MJPropertyType.h */,
				898A61DB1BA27AC20098A0AD /* MJPropertyType.m */,
				898A61DC1BA27AC20098A0AD /* NSObject+MJClass.h */,
				898A61DD1BA27AC20098A0AD /* NSObject+MJClass.m */,
				898A61DE1BA27AC20098A0AD /* NSObject+MJCoding.h */,
				898A61DF1BA27AC20098A0AD /* NSObject+MJCoding.m */,
				898A61E01BA27AC20098A0AD /* NSObject+MJKeyValue.h */,
				898A61E11BA27AC20098A0AD /* NSObject+MJKeyValue.m */,
				898A61E21BA27AC20098A0AD /* NSObject+MJProperty.h */,
				898A61E31BA27AC20098A0AD /* NSObject+MJProperty.m */,
				898A61E41BA27AC20098A0AD /* NSString+MJExtension.h */,
				898A61E51BA27AC20098A0AD /* NSString+MJExtension.m */,
			);
			path = MJExtension;
			sourceTree = "<group>";
		};
		898A61F81BA27D760098A0AD /* App */ = {
			isa = PBXGroup;
			children = (
				898A61FA1BA27D760098A0AD /* News */,
				898A62051BA27D760098A0AD /* TG */,
			);
			path = App;
			sourceTree = "<group>";
		};
		898A61FA1BA27D760098A0AD /* News */ = {
			isa = PBXGroup;
			children = (
				898A61FB1BA27D760098A0AD /* Controller */,
				898A61FE1BA27D760098A0AD /* Model */,
				898A62011BA27D760098A0AD /* View */,
			);
			path = News;
			sourceTree = "<group>";
		};
		898A61FB1BA27D760098A0AD /* Controller */ = {
			isa = PBXGroup;
			children = (
				898A61FC1BA27D760098A0AD /* NewsListVC.h */,
				898A61FD1BA27D760098A0AD /* NewsListVC.m */,
			);
			path = Controller;
			sourceTree = "<group>";
		};
		898A61FE1BA27D760098A0AD /* Model */ = {
			isa = PBXGroup;
			children = (
				898A61FF1BA27D760098A0AD /* NewsListModel.h */,
				898A62001BA27D760098A0AD /* NewsListModel.m */,
			);
			path = Model;
			sourceTree = "<group>";
		};
		898A62011BA27D760098A0AD /* View */ = {
			isa = PBXGroup;
			children = (
				898A62021BA27D760098A0AD /* NewsListCell.h */,
				898A62031BA27D760098A0AD /* NewsListCell.m */,
				898A62041BA27D760098A0AD /* NewsListCell.xib */,
			);
			path = View;
			sourceTree = "<group>";
		};
		898A62051BA27D760098A0AD /* TG */ = {
			isa = PBXGroup;
			children = (
				898A62061BA27D760098A0AD /* Controller */,
				898A62091BA27D760098A0AD /* Model */,
				898A620C1BA27D760098A0AD /* View */,
			);
			path = TG;
			sourceTree = "<group>";
		};
		898A62061BA27D760098A0AD /* Controller */ = {
			isa = PBXGroup;
			children = (
				898A62071BA27D760098A0AD /* TGLIstCVC.h */,
				898A62081BA27D760098A0AD /* TGLIstCVC.m */,
			);
			path = Controller;
			sourceTree = "<group>";
		};
		898A62091BA27D760098A0AD /* Model */ = {
			isa = PBXGroup;
			children = (
				898A620A1BA27D760098A0AD /* TGModel.h */,
				898A620B1BA27D760098A0AD /* TGModel.m */,
			);
			path = Model;
			sourceTree = "<group>";
		};
		898A620C1BA27D760098A0AD /* View */ = {
			isa = PBXGroup;
			children = (
				898A620D1BA27D760098A0AD /* TGCell.h */,
				898A620E1BA27D760098A0AD /* TGCell.m */,
				898A620F1BA27D760098A0AD /* TGCell.xib */,
			);
			path = View;
			sourceTree = "<group>";
		};
		89CB25C01BA277DF0034BABA /* CoreRefresh */ = {
			isa = PBXGroup;
			children = (
				89CB25C11BA277DF0034BABA /* CAAnimation+CoreRefresh.h */,
				89CB25C21BA277DF0034BABA /* CAAnimation+CoreRefresh.m */,
				89CB25C31BA277DF0034BABA /* CoreFooterView.h */,
				89CB25C41BA277DF0034BABA /* CoreFooterView.m */,
				89CB25C51BA277DF0034BABA /* CoreFooterView.xib */,
				89CB25C61BA277DF0034BABA /* CoreHeaderShowView.h */,
				89CB25C71BA277DF0034BABA /* CoreHeaderShowView.m */,
				89CB25C81BA277DF0034BABA /* CoreHeaderShowView.xib */,
				89CB25C91BA277DF0034BABA /* CoreHeaderView.h */,
				89CB25CA1BA277DF0034BABA /* CoreHeaderView.m */,
				89CB25CB1BA277DF0034BABA /* CoreHeaderView.xib */,
				89CB25CC1BA277DF0034BABA /* CoreRefreshConst.h */,
				89CB25CD1BA277DF0034BABA /* CoreRefreshConst.m */,
				89CB25CE1BA277DF0034BABA /* CoreRefreshEntry.h */,
				89CB25CF1BA277DF0034BABA /* CoreRefreshResource.bundle */,
				89CB25D01BA277DF0034BABA /* CoreRefreshView.h */,
				89CB25D11BA277DF0034BABA /* CoreRefreshView.m */,
				89CB25D21BA277DF0034BABA /* UIScrollView+MJExtension.h */,
				89CB25D31BA277DF0034BABA /* UIScrollView+MJExtension.m */,
				89CB25D41BA277DF0034BABA /* UIScrollView+Refresh.h */,
				89CB25D51BA277DF0034BABA /* UIScrollView+Refresh.m */,
				89CB25D61BA277DF0034BABA /* UIView+MJExtension.h */,
				89CB25D71BA277DF0034BABA /* UIView+MJExtension.m */,
			);
			path = CoreRefresh;
			sourceTree = "<group>";
		};
		89CB25E81BA279E20034BABA /* Common */ = {
			isa = PBXGroup;
			children = (
				891DC8101BA6B39E004EA688 /* CollectionViewCell */,
				891DC8131BA6B39E004EA688 /* TableViewCell */,
				89CB25E91BA279EF0034BABA /* CoreListConst.h */,
			);
			path = Common;
			sourceTree = "<group>";
		};
		89CB25EA1BA27A670034BABA /* CoreModel */ = {
			isa = PBXGroup;
			children = (
				89CB25EB1BA27A670034BABA /* CoreModel.h */,
				89CB25EC1BA27A670034BABA /* CoreModel.m */,
				89CB25ED1BA27A670034BABA /* Lib */,
			);
			path = CoreModel;
			sourceTree = "<group>";
		};
		89CB25ED1BA27A670034BABA /* Lib */ = {
			isa = PBXGroup;
			children = (
				89CB25EE1BA27A670034BABA /* Category */,
				89CB260E1BA27A670034BABA /* CoreMoelConst */,
				89CB26111BA27A670034BABA /* Protocol */,
				89CB26141BA27A670034BABA /* Type */,
			);
			path = Lib;
			sourceTree = "<group>";
		};
		89CB25EE1BA27A670034BABA /* Category */ = {
			isa = PBXGroup;
			children = (
				89CB25EF1BA27A670034BABA /* NSArray */,
				89CB25F21BA27A670034BABA /* NSDictionary */,
				89CB25F51BA27A670034BABA /* NSObject */,
				89CB26081BA27A670034BABA /* NSOperationQueue */,
				89CB260B1BA27A670034BABA /* NSString */,
			);
			path = Category;
			sourceTree = "<group>";
		};
		89CB25EF1BA27A670034BABA /* NSArray */ = {
			isa = PBXGroup;
			children = (
				89CB25F01BA27A670034BABA /* NSArray+CoreModel.h */,
				89CB25F11BA27A670034BABA /* NSArray+CoreModel.m */,
			);
			path = NSArray;
			sourceTree = "<group>";
		};
		89CB25F21BA27A670034BABA /* NSDictionary */ = {
			isa = PBXGroup;
			children = (
				89CB25F31BA27A670034BABA /* NSDictionary+Sqlite.h */,
				89CB25F41BA27A670034BABA /* NSDictionary+Sqlite.m */,
			);
			path = NSDictionary;
			sourceTree = "<group>";
		};
		89CB25F51BA27A670034BABA /* NSObject */ = {
			isa = PBXGroup;
			children = (
				89CB25F61BA27A670034BABA /* CoreModel+Cache.h */,
				89CB25F71BA27A670034BABA /* CoreModel+Cache.m */,
				89CB25FA1BA27A670034BABA /* NSObject+CoreModelCommon.h */,
				89CB25FB1BA27A670034BABA /* NSObject+CoreModelCommon.m */,
				89CB25FC1BA27A670034BABA /* NSObject+Create.h */,
				89CB25FD1BA27A670034BABA /* NSObject+Create.m */,
				89CB25FE1BA27A670034BABA /* NSObject+Delete.h */,
				89CB25FF1BA27A670034BABA /* NSObject+Delete.m */,
				89CB26001BA27A670034BABA /* NSObject+Insert.h */,
				89CB26011BA27A670034BABA /* NSObject+Insert.m */,
				89CB26021BA27A670034BABA /* NSObject+Save.h */,
				89CB26031BA27A670034BABA /* NSObject+Save.m */,
				89CB26041BA27A670034BABA /* NSObject+Select.h */,
				89CB26051BA27A670034BABA /* NSObject+Select.m */,
				89CB26061BA27A670034BABA /* NSObject+Update.h */,
				89CB26071BA27A670034BABA /* NSObject+Update.m */,
				89AA9FD61BABE2D700BB4093 /* CoreModel+Compare.h */,
				89AA9FD71BABE2D700BB4093 /* CoreModel+Compare.m */,
			);
			path = NSObject;
			sourceTree = "<group>";
		};
		89CB26081BA27A670034BABA /* NSOperationQueue */ = {
			isa = PBXGroup;
			children = (
				89CB26091BA27A670034BABA /* NSOperationQueue+Queue.h */,
				89CB260A1BA27A670034BABA /* NSOperationQueue+Queue.m */,
			);
			path = NSOperationQueue;
			sourceTree = "<group>";
		};
		89CB260B1BA27A670034BABA /* NSString */ = {
			isa = PBXGroup;
			children = (
				89CB260C1BA27A670034BABA /* NSString+Stackoverflow.h */,
				89CB260D1BA27A670034BABA /* NSString+Stackoverflow.m */,
			);
			path = NSString;
			sourceTree = "<group>";
		};
		89CB260E1BA27A670034BABA /* CoreMoelConst */ = {
			isa = PBXGroup;
			children = (
				89CB260F1BA27A670034BABA /* CoreModelConst.h */,
				89CB26101BA27A670034BABA /* CoreModelConst.m */,
			);
			path = CoreMoelConst;
			sourceTree = "<group>";
		};
		89CB26111BA27A670034BABA /* Protocol */ = {
			isa = PBXGroup;
			children = (
				89CB26121BA27A670034BABA /* CoreModelProtocol.h */,
				89CB26131BA27A670034BABA /* CorePageModelProtocol.h */,
			);
			path = Protocol;
			sourceTree = "<group>";
		};
		89CB26141BA27A670034BABA /* Type */ = {
			isa = PBXGroup;
			children = (
				89CB26151BA27A670034BABA /* CoreModelType.h */,
			);
			path = Type;
			sourceTree = "<group>";
		};
		EE5839A81AB9953A00516AC1 = {
			isa = PBXGroup;
			children = (
				EE5839B31AB9953A00516AC1 /* CoreList */,
				EE5839CD1AB9953A00516AC1 /* CoreListTests */,
				EE5839B21AB9953A00516AC1 /* Products */,
			);
			sourceTree = "<group>";
		};
		EE5839B21AB9953A00516AC1 /* Products */ = {
			isa = PBXGroup;
			children = (
				EE5839B11AB9953A00516AC1 /* CoreList.app */,
				EE5839CA1AB9953A00516AC1 /* CoreListTests.xctest */,
			);
			name = Products;
			sourceTree = "<group>";
		};
		EE5839B31AB9953A00516AC1 /* CoreList */ = {
			isa = PBXGroup;
			children = (
				898A61F81BA27D760098A0AD /* App */,
				EE5839DA1AB9954D00516AC1 /* CoreList */,
				EE5839FB1AB9957800516AC1 /* FrameWorks */,
				EE5839B81AB9953A00516AC1 /* AppDelegate.h */,
				EE5839B91AB9953A00516AC1 /* AppDelegate.m */,
				EE5839BB1AB9953A00516AC1 /* ViewController.h */,
				EE5839BC1AB9953A00516AC1 /* ViewController.m */,
				EE5839BE1AB9953A00516AC1 /* Main.storyboard */,
				EE5839C11AB9953A00516AC1 /* Images.xcassets */,
				EE5839C31AB9953A00516AC1 /* LaunchScreen.xib */,
				EE5839B41AB9953A00516AC1 /* Supporting Files */,
			);
			path = CoreList;
			sourceTree = "<group>";
		};
		EE5839B41AB9953A00516AC1 /* Supporting Files */ = {
			isa = PBXGroup;
			children = (
				EE5839B51AB9953A00516AC1 /* Info.plist */,
				EE5839B61AB9953A00516AC1 /* main.m */,
			);
			name = "Supporting Files";
			sourceTree = "<group>";
		};
		EE5839CD1AB9953A00516AC1 /* CoreListTests */ = {
			isa = PBXGroup;
			children = (
				EE5839D01AB9953A00516AC1 /* CoreListTests.m */,
				EE5839CE1AB9953A00516AC1 /* Supporting Files */,
			);
			path = CoreListTests;
			sourceTree = "<group>";
		};
		EE5839CE1AB9953A00516AC1 /* Supporting Files */ = {
			isa = PBXGroup;
			children = (
				897884811B219B3D00033B01 /* libsqlite3.dylib */,
				EE5839CF1AB9953A00516AC1 /* Info.plist */,
			);
			name = "Supporting Files";
			sourceTree = "<group>";
		};
		EE5839DA1AB9954D00516AC1 /* CoreList */ = {
			isa = PBXGroup;
			children = (
				893C7C671B21CF73003A6D1D /* Lib */,
				893C7C761B21CF91003A6D1D /* CoreListTableViewController.h */,
				893C7C771B21CF91003A6D1D /* CoreListTableViewController.m */,
				893C7C791B21D064003A6D1D /* CoreListCollectionViewController.h */,
				893C7C7A1B21D064003A6D1D /* CoreListCollectionViewController.m */,
			);
			path = CoreList;
			sourceTree = "<group>";
		};
		EE5839FB1AB9957800516AC1 /* FrameWorks */ = {
			isa = PBXGroup;
			children = (
				898A61B91BA27AC20098A0AD /* CoreFMDB */,
				898A61CE1BA27AC20098A0AD /* MJExtension */,
				89CB25EA1BA27A670034BABA /* CoreModel */,
				89CB25C01BA277DF0034BABA /* CoreRefresh */,
				8955C16A1B24280500135D55 /* CoreMasonry */,
				893C7D0D1B21F55F003A6D1D /* CoreViewNetWorkStausManager */,
				897883DD1B21984800033B01 /* CoreHttp */,
				897883D51B21983C00033B01 /* CoreStatus */,
			);
			path = FrameWorks;
			sourceTree = "<group>";
		};
/* End PBXGroup section */

/* Begin PBXNativeTarget section */
		EE5839B01AB9953A00516AC1 /* CoreList */ = {
			isa = PBXNativeTarget;
			buildConfigurationList = EE5839D41AB9953A00516AC1 /* Build configuration list for PBXNativeTarget "CoreList" */;
			buildPhases = (
				EE5839AD1AB9953A00516AC1 /* Sources */,
				EE5839AE1AB9953A00516AC1 /* Frameworks */,
				EE5839AF1AB9953A00516AC1 /* Resources */,
			);
			buildRules = (
			);
			dependencies = (
			);
			name = CoreList;
			productName = CoreList;
			productReference = EE5839B11AB9953A00516AC1 /* CoreList.app */;
			productType = "com.apple.product-type.application";
		};
		EE5839C91AB9953A00516AC1 /* CoreListTests */ = {
			isa = PBXNativeTarget;
			buildConfigurationList = EE5839D71AB9953A00516AC1 /* Build configuration list for PBXNativeTarget "CoreListTests" */;
			buildPhases = (
				EE5839C61AB9953A00516AC1 /* Sources */,
				EE5839C71AB9953A00516AC1 /* Frameworks */,
				EE5839C81AB9953A00516AC1 /* Resources */,
			);
			buildRules = (
			);
			dependencies = (
				EE5839CC1AB9953A00516AC1 /* PBXTargetDependency */,
			);
			name = CoreListTests;
			productName = CoreListTests;
			productReference = EE5839CA1AB9953A00516AC1 /* CoreListTests.xctest */;
			productType = "com.apple.product-type.bundle.unit-test";
		};
/* End PBXNativeTarget section */

/* Begin PBXProject section */
		EE5839A91AB9953A00516AC1 /* Project object */ = {
			isa = PBXProject;
			attributes = {
				LastUpgradeCheck = 0610;
				ORGANIZATIONNAME = muxi;
				TargetAttributes = {
					EE5839B01AB9953A00516AC1 = {
						CreatedOnToolsVersion = 6.1.1;
					};
					EE5839C91AB9953A00516AC1 = {
						CreatedOnToolsVersion = 6.1.1;
						TestTargetID = EE5839B01AB9953A00516AC1;
					};
				};
			};
			buildConfigurationList = EE5839AC1AB9953A00516AC1 /* Build configuration list for PBXProject "CoreList" */;
			compatibilityVersion = "Xcode 3.2";
			developmentRegion = English;
			hasScannedForEncodings = 0;
			knownRegions = (
				en,
				Base,
			);
			mainGroup = EE5839A81AB9953A00516AC1;
			productRefGroup = EE5839B21AB9953A00516AC1 /* Products */;
			projectDirPath = "";
			projectRoot = "";
			targets = (
				EE5839B01AB9953A00516AC1 /* CoreList */,
				EE5839C91AB9953A00516AC1 /* CoreListTests */,
			);
		};
/* End PBXProject section */

/* Begin PBXResourcesBuildPhase section */
		EE5839AF1AB9953A00516AC1 /* Resources */ = {
			isa = PBXResourcesBuildPhase;
			buildActionMask = 2147483647;
			files = (
				8955C1871B24280500135D55 /* Info.plist in Resources */,
				EE5839C01AB9953A00516AC1 /* Main.storyboard in Resources */,
				89CB25E01BA277DF0034BABA /* CoreRefreshResource.bundle in Resources */,
				89CB25DE1BA277DF0034BABA /* CoreHeaderView.xib in Resources */,
				898A62171BA27D760098A0AD /* TGCell.xib in Resources */,
				893C7D161B21F55F003A6D1D /* CM.bundle in Resources */,
				89CB25DC1BA277DF0034BABA /* CoreHeaderShowView.xib in Resources */,
				898A62131BA27D760098A0AD /* NewsListCell.xib in Resources */,
				EE5839C51AB9953A00516AC1 /* LaunchScreen.xib in Resources */,
				893C7D181B21F55F003A6D1D /* CMView.xib in Resources */,
				89CB25DA1BA277DF0034BABA /* CoreFooterView.xib in Resources */,
				893C7C751B21CF73003A6D1D /* CoreList.bundle in Resources */,
				EE5839C21AB9953A00516AC1 /* Images.xcassets in Resources */,
			);
			runOnlyForDeploymentPostprocessing = 0;
		};
		EE5839C81AB9953A00516AC1 /* Resources */ = {
			isa = PBXResourcesBuildPhase;
			buildActionMask = 2147483647;
			files = (
			);
			runOnlyForDeploymentPostprocessing = 0;
		};
/* End PBXResourcesBuildPhase section */

/* Begin PBXSourcesBuildPhase section */
		EE5839AD1AB9953A00516AC1 /* Sources */ = {
			isa = PBXSourcesBuildPhase;
			buildActionMask = 2147483647;
			files = (
				89CB25DD1BA277DF0034BABA /* CoreHeaderView.m in Sources */,
				8955C1881B24280500135D55 /* MASCompositeConstraint.m in Sources */,
				897883F41B21984800033B01 /* UploadFile.m in Sources */,
				898A61EA1BA27AC20098A0AD /* FMDatabasePool.m in Sources */,
				8955C1911B24280500135D55 /* UIView+Masony.m in Sources */,
				898A61E91BA27AC20098A0AD /* FMDatabaseAdditions.m in Sources */,
				89CB261C1BA27A670034BABA /* NSObject+Create.m in Sources */,
				8955C1891B24280500135D55 /* MASConstraint.m in Sources */,
				893C7D171B21F55F003A6D1D /* CMView.m in Sources */,
				898A61EE1BA27AC20098A0AD /* MJExtensionConst.m in Sources */,
				89AA9FD81BABE2D700BB4093 /* CoreModel+Compare.m in Sources */,
				898A62151BA27D760098A0AD /* TGModel.m in Sources */,
				89CB261D1BA27A670034BABA /* NSObject+Delete.m in Sources */,
				89D8B2511BA29A3E0029837A /* NSString+Equal.m in Sources */,
				898A61ED1BA27AC20098A0AD /* MJDictionaryCache.m in Sources */,
				893C7CE71B21E5D7003A6D1D /* NSArray+CoreListExtend.m in Sources */,
				89CB26231BA27A670034BABA /* NSString+Stackoverflow.m in Sources */,
				89CB25E21BA277DF0034BABA /* UIScrollView+MJExtension.m in Sources */,
				898A62141BA27D760098A0AD /* TGLIstCVC.m in Sources */,
				EE5839BD1AB9953A00516AC1 /* ViewController.m in Sources */,
				89CB26161BA27A670034BABA /* CoreModel.m in Sources */,
				89CB26241BA27A670034BABA /* CoreModelConst.m in Sources */,
				898A61EC1BA27AC20098A0AD /* FMResultSet.m in Sources */,
				898A62121BA27D760098A0AD /* NewsListCell.m in Sources */,
				89CB26201BA27A670034BABA /* NSObject+Select.m in Sources */,
				897883DB1B21983C00033B01 /* CoreStatus.m in Sources */,
				898A61F71BA27AC20098A0AD /* NSString+MJExtension.m in Sources */,
				893C7C781B21CF91003A6D1D /* CoreListTableViewController.m in Sources */,
				89CB26191BA27A670034BABA /* CoreModel+Cache.m in Sources */,
				898A61E81BA27AC20098A0AD /* FMDatabase.m in Sources */,
				89CB25E41BA277DF0034BABA /* UIView+MJExtension.m in Sources */,
				898A61EB1BA27AC20098A0AD /* FMDatabaseQueue.m in Sources */,
				89CB26181BA27A670034BABA /* NSDictionary+Sqlite.m in Sources */,
				89CB25E11BA277DF0034BABA /* CoreRefreshView.m in Sources */,
				8955C18A1B24280500135D55 /* MASConstraintMaker.m in Sources */,
				8955C18F1B24280500135D55 /* NSLayoutConstraint+MASDebugAdditions.m in Sources */,
				898A61E71BA27AC20098A0AD /* NSString+CoreFMDB.m in Sources */,
				897883F11B21984800033B01 /* NSData+Param.m in Sources */,
				891DC8171BA6B39E004EA688 /* CoreListCollectionViewCell.m in Sources */,
				EE5839BA1AB9953A00516AC1 /* AppDelegate.m in Sources */,
				898A62101BA27D760098A0AD /* NewsListVC.m in Sources */,
				898A61F61BA27AC20098A0AD /* NSObject+MJProperty.m in Sources */,
				898A61F21BA27AC20098A0AD /* MJPropertyType.m in Sources */,
				89CB25DF1BA277DF0034BABA /* CoreRefreshConst.m in Sources */,
				89CB261B1BA27A670034BABA /* NSObject+CoreModelCommon.m in Sources */,
				898A61F01BA27AC20098A0AD /* MJProperty.m in Sources */,
				893C7D151B21F55F003A6D1D /* CoreViewNetWorkStausManager.m in Sources */,
				89CB25D91BA277DF0034BABA /* CoreFooterView.m in Sources */,
				898A61E61BA27AC20098A0AD /* CoreFMDB.m in Sources */,
				898A61F31BA27AC20098A0AD /* NSObject+MJClass.m in Sources */,
				898A62111BA27D760098A0AD /* NewsListModel.m in Sources */,
				897883F01B21984800033B01 /* NSData+MimeType.m in Sources */,
				897883DC1B21983C00033B01 /* Reachability.m in Sources */,
				89CB26221BA27A670034BABA /* NSOperationQueue+Queue.m in Sources */,
				89CB26211BA27A670034BABA /* NSObject+Update.m in Sources */,
				8955C18B1B24280500135D55 /* MASLayoutConstraint.m in Sources */,
				893C7C7B1B21D064003A6D1D /* CoreListCollectionViewController.m in Sources */,
				8955C18C1B24280500135D55 /* MASViewAttribute.m in Sources */,
				89CB26171BA27A670034BABA /* NSArray+CoreModel.m in Sources */,
				EE5839B71AB9953A00516AC1 /* main.m in Sources */,
				893C7C741B21CF73003A6D1D /* CoreListCommonVC.m in Sources */,
				891DC8181BA6B39E004EA688 /* CoreListTableViewCell.m in Sources */,
				89CB261F1BA27A670034BABA /* NSObject+Save.m in Sources */,
				898A61F11BA27AC20098A0AD /* MJPropertyKey.m in Sources */,
				898A61F51BA27AC20098A0AD /* NSObject+MJKeyValue.m in Sources */,
				89CB25D81BA277DF0034BABA /* CAAnimation+CoreRefresh.m in Sources */,
				89CB25E31BA277DF0034BABA /* UIScrollView+Refresh.m in Sources */,
				8955C18D1B24280500135D55 /* MASViewConstraint.m in Sources */,
				89CB261E1BA27A670034BABA /* NSObject+Insert.m in Sources */,
				8955C1901B24280500135D55 /* View+MASAdditions.m in Sources */,
				897883F31B21984800033B01 /* NSURL+File.m in Sources */,
				897883EE1B21984800033B01 /* CoreHttp.m in Sources */,
				898A61F41BA27AC20098A0AD /* NSObject+MJCoding.m in Sources */,
				897883EF1B21984800033B01 /* NSString+CoreHttp.m in Sources */,
				89CB25DB1BA277DF0034BABA /* CoreHeaderShowView.m in Sources */,
				897883F21B21984800033B01 /* NSString+File.m in Sources */,
				8955C18E1B24280500135D55 /* NSArray+MASAdditions.m in Sources */,
				898A62161BA27D760098A0AD /* TGCell.m in Sources */,
				898A61EF1BA27AC20098A0AD /* MJFoundation.m in Sources */,
			);
			runOnlyForDeploymentPostprocessing = 0;
		};
		EE5839C61AB9953A00516AC1 /* Sources */ = {
			isa = PBXSourcesBuildPhase;
			buildActionMask = 2147483647;
			files = (
				EE5839D11AB9953A00516AC1 /* CoreListTests.m in Sources */,
			);
			runOnlyForDeploymentPostprocessing = 0;
		};
/* End PBXSourcesBuildPhase section */

/* Begin PBXTargetDependency section */
		EE5839CC1AB9953A00516AC1 /* PBXTargetDependency */ = {
			isa = PBXTargetDependency;
			target = EE5839B01AB9953A00516AC1 /* CoreList */;
			targetProxy = EE5839CB1AB9953A00516AC1 /* PBXContainerItemProxy */;
		};
/* End PBXTargetDependency section */

/* Begin PBXVariantGroup section */
		EE5839BE1AB9953A00516AC1 /* Main.storyboard */ = {
			isa = PBXVariantGroup;
			children = (
				EE5839BF1AB9953A00516AC1 /* Base */,
			);
			name = Main.storyboard;
			sourceTree = "<group>";
		};
		EE5839C31AB9953A00516AC1 /* LaunchScreen.xib */ = {
			isa = PBXVariantGroup;
			children = (
				EE5839C41AB9953A00516AC1 /* Base */,
			);
			name = LaunchScreen.xib;
			sourceTree = "<group>";
		};
/* End PBXVariantGroup section */

/* Begin XCBuildConfiguration section */
		EE5839D21AB9953A00516AC1 /* Debug */ = {
			isa = XCBuildConfiguration;
			buildSettings = {
				ALWAYS_SEARCH_USER_PATHS = NO;
				CLANG_CXX_LANGUAGE_STANDARD = "gnu++0x";
				CLANG_CXX_LIBRARY = "libc++";
				CLANG_ENABLE_MODULES = YES;
				CLANG_ENABLE_OBJC_ARC = YES;
				CLANG_WARN_BOOL_CONVERSION = YES;
				CLANG_WARN_CONSTANT_CONVERSION = YES;
				CLANG_WARN_DIRECT_OBJC_ISA_USAGE = YES_ERROR;
				CLANG_WARN_EMPTY_BODY = YES;
				CLANG_WARN_ENUM_CONVERSION = YES;
				CLANG_WARN_INT_CONVERSION = YES;
				CLANG_WARN_OBJC_ROOT_CLASS = YES_ERROR;
				CLANG_WARN_UNREACHABLE_CODE = YES;
				CLANG_WARN__DUPLICATE_METHOD_MATCH = YES;
				"CODE_SIGN_IDENTITY[sdk=iphoneos*]" = "iPhone Developer";
				COPY_PHASE_STRIP = NO;
				ENABLE_STRICT_OBJC_MSGSEND = YES;
				GCC_C_LANGUAGE_STANDARD = gnu99;
				GCC_DYNAMIC_NO_PIC = NO;
				GCC_OPTIMIZATION_LEVEL = 0;
				GCC_PREPROCESSOR_DEFINITIONS = (
					"DEBUG=1",
					"$(inherited)",
				);
				GCC_SYMBOLS_PRIVATE_EXTERN = NO;
				GCC_WARN_64_TO_32_BIT_CONVERSION = YES;
				GCC_WARN_ABOUT_RETURN_TYPE = YES_ERROR;
				GCC_WARN_UNDECLARED_SELECTOR = YES;
				GCC_WARN_UNINITIALIZED_AUTOS = YES_AGGRESSIVE;
				GCC_WARN_UNUSED_FUNCTION = YES;
				GCC_WARN_UNUSED_VARIABLE = YES;
				IPHONEOS_DEPLOYMENT_TARGET = 8.1;
				MTL_ENABLE_DEBUG_INFO = YES;
				ONLY_ACTIVE_ARCH = YES;
				SDKROOT = iphoneos;
			};
			name = Debug;
		};
		EE5839D31AB9953A00516AC1 /* Release */ = {
			isa = XCBuildConfiguration;
			buildSettings = {
				ALWAYS_SEARCH_USER_PATHS = NO;
				CLANG_CXX_LANGUAGE_STANDARD = "gnu++0x";
				CLANG_CXX_LIBRARY = "libc++";
				CLANG_ENABLE_MODULES = YES;
				CLANG_ENABLE_OBJC_ARC = YES;
				CLANG_WARN_BOOL_CONVERSION = YES;
				CLANG_WARN_CONSTANT_CONVERSION = YES;
				CLANG_WARN_DIRECT_OBJC_ISA_USAGE = YES_ERROR;
				CLANG_WARN_EMPTY_BODY = YES;
				CLANG_WARN_ENUM_CONVERSION = YES;
				CLANG_WARN_INT_CONVERSION = YES;
				CLANG_WARN_OBJC_ROOT_CLASS = YES_ERROR;
				CLANG_WARN_UNREACHABLE_CODE = YES;
				CLANG_WARN__DUPLICATE_METHOD_MATCH = YES;
				"CODE_SIGN_IDENTITY[sdk=iphoneos*]" = "iPhone Developer";
				COPY_PHASE_STRIP = YES;
				ENABLE_NS_ASSERTIONS = NO;
				ENABLE_STRICT_OBJC_MSGSEND = YES;
				GCC_C_LANGUAGE_STANDARD = gnu99;
				GCC_WARN_64_TO_32_BIT_CONVERSION = YES;
				GCC_WARN_ABOUT_RETURN_TYPE = YES_ERROR;
				GCC_WARN_UNDECLARED_SELECTOR = YES;
				GCC_WARN_UNINITIALIZED_AUTOS = YES_AGGRESSIVE;
				GCC_WARN_UNUSED_FUNCTION = YES;
				GCC_WARN_UNUSED_VARIABLE = YES;
				IPHONEOS_DEPLOYMENT_TARGET = 8.1;
				MTL_ENABLE_DEBUG_INFO = NO;
				SDKROOT = iphoneos;
				VALIDATE_PRODUCT = YES;
			};
			name = Release;
		};
		EE5839D51AB9953A00516AC1 /* Debug */ = {
			isa = XCBuildConfiguration;
			buildSettings = {
				ASSETCATALOG_COMPILER_APPICON_NAME = AppIcon;
				ASSETCATALOG_COMPILER_LAUNCHIMAGE_NAME = LaunchImage;
				INFOPLIST_FILE = CoreList/Info.plist;
				IPHONEOS_DEPLOYMENT_TARGET = 7.0;
				LD_RUNPATH_SEARCH_PATHS = "$(inherited) @executable_path/Frameworks";
				PRODUCT_NAME = "$(TARGET_NAME)";
			};
			name = Debug;
		};
		EE5839D61AB9953A00516AC1 /* Release */ = {
			isa = XCBuildConfiguration;
			buildSettings = {
				ASSETCATALOG_COMPILER_APPICON_NAME = AppIcon;
				ASSETCATALOG_COMPILER_LAUNCHIMAGE_NAME = LaunchImage;
				INFOPLIST_FILE = CoreList/Info.plist;
				IPHONEOS_DEPLOYMENT_TARGET = 7.0;
				LD_RUNPATH_SEARCH_PATHS = "$(inherited) @executable_path/Frameworks";
				PRODUCT_NAME = "$(TARGET_NAME)";
			};
			name = Release;
		};
		EE5839D81AB9953A00516AC1 /* Debug */ = {
			isa = XCBuildConfiguration;
			buildSettings = {
				BUNDLE_LOADER = "$(TEST_HOST)";
				FRAMEWORK_SEARCH_PATHS = (
					"$(SDKROOT)/Developer/Library/Frameworks",
					"$(inherited)",
				);
				GCC_PREPROCESSOR_DEFINITIONS = (
					"DEBUG=1",
					"$(inherited)",
				);
				INFOPLIST_FILE = CoreListTests/Info.plist;
				LD_RUNPATH_SEARCH_PATHS = "$(inherited) @executable_path/Frameworks @loader_path/Frameworks";
				PRODUCT_NAME = "$(TARGET_NAME)";
				TEST_HOST = "$(BUILT_PRODUCTS_DIR)/CoreList.app/CoreList";
			};
			name = Debug;
		};
		EE5839D91AB9953A00516AC1 /* Release */ = {
			isa = XCBuildConfiguration;
			buildSettings = {
				BUNDLE_LOADER = "$(TEST_HOST)";
				FRAMEWORK_SEARCH_PATHS = (
					"$(SDKROOT)/Developer/Library/Frameworks",
					"$(inherited)",
				);
				INFOPLIST_FILE = CoreListTests/Info.plist;
				LD_RUNPATH_SEARCH_PATHS = "$(inherited) @executable_path/Frameworks @loader_path/Frameworks";
				PRODUCT_NAME = "$(TARGET_NAME)";
				TEST_HOST = "$(BUILT_PRODUCTS_DIR)/CoreList.app/CoreList";
			};
			name = Release;
		};
/* End XCBuildConfiguration section */

/* Begin XCConfigurationList section */
		EE5839AC1AB9953A00516AC1 /* Build configuration list for PBXProject "CoreList" */ = {
			isa = XCConfigurationList;
			buildConfigurations = (
				EE5839D21AB9953A00516AC1 /* Debug */,
				EE5839D31AB9953A00516AC1 /* Release */,
			);
			defaultConfigurationIsVisible = 0;
			defaultConfigurationName = Release;
		};
		EE5839D41AB9953A00516AC1 /* Build configuration list for PBXNativeTarget "CoreList" */ = {
			isa = XCConfigurationList;
			buildConfigurations = (
				EE5839D51AB9953A00516AC1 /* Debug */,
				EE5839D61AB9953A00516AC1 /* Release */,
			);
			defaultConfigurationIsVisible = 0;
			defaultConfigurationName = Release;
		};
		EE5839D71AB9953A00516AC1 /* Build configuration list for PBXNativeTarget "CoreListTests" */ = {
			isa = XCConfigurationList;
			buildConfigurations = (
				EE5839D81AB9953A00516AC1 /* Debug */,
				EE5839D91AB9953A00516AC1 /* Release */,
			);
			defaultConfigurationIsVisible = 0;
			defaultConfigurationName = Release;
		};
/* End XCConfigurationList section */
	};
	rootObject = EE5839A91AB9953A00516AC1 /* Project object */;
}
